// !$*UTF8*$!
{
	archiveVersion = 1;
	classes = {
	};
	objectVersion = 52;
	objects = {

/* Begin PBXBuildFile section */
		AF0BB12623DEF4C800EF07A9 /* AppDelegate.swift in Sources */ = {isa = PBXBuildFile; fileRef = AF0BB12523DEF4C800EF07A9 /* AppDelegate.swift */; };
		AF0BB12823DEF4C800EF07A9 /* SceneDelegate.swift in Sources */ = {isa = PBXBuildFile; fileRef = AF0BB12723DEF4C800EF07A9 /* SceneDelegate.swift */; };
		AF0BB12F23DEF4CC00EF07A9 /* Assets.xcassets in Resources */ = {isa = PBXBuildFile; fileRef = AF0BB12E23DEF4CC00EF07A9 /* Assets.xcassets */; };
		AF0BB13223DEF4CC00EF07A9 /* LaunchScreen.storyboard in Resources */ = {isa = PBXBuildFile; fileRef = AF0BB13023DEF4CC00EF07A9 /* LaunchScreen.storyboard */; };
		AF641B8223E993F500397DE0 /* ShopItemTableViewCell.swift in Sources */ = {isa = PBXBuildFile; fileRef = AF641B7E23E993F500397DE0 /* ShopItemTableViewCell.swift */; };
		AF641B8323E993F500397DE0 /* ResultsViewController.swift in Sources */ = {isa = PBXBuildFile; fileRef = AF641B7F23E993F500397DE0 /* ResultsViewController.swift */; };
		AF641B8423E993F500397DE0 /* ShopItem.swift in Sources */ = {isa = PBXBuildFile; fileRef = AF641B8023E993F500397DE0 /* ShopItem.swift */; };
		AF641B8523E993F500397DE0 /* SearchViewController.swift in Sources */ = {isa = PBXBuildFile; fileRef = AF641B8123E993F500397DE0 /* SearchViewController.swift */; };
		AF852DF1248FA55D00ACB917 /* InstantSearch in Frameworks */ = {isa = PBXBuildFile; productRef = AF852DF0248FA55D00ACB917 /* InstantSearch */; };
		AF8DF14D248FA14F00A1A750 /* SDWebImage in Frameworks */ = {isa = PBXBuildFile; productRef = AF8DF14C248FA14F00A1A750 /* SDWebImage */; };
/* End PBXBuildFile section */

/* Begin PBXFileReference section */
		AF0BB12223DEF4C800EF07A9 /* QuerySuggestions.app */ = {isa = PBXFileReference; explicitFileType = wrapper.application; includeInIndex = 0; path = QuerySuggestions.app; sourceTree = BUILT_PRODUCTS_DIR; };
		AF0BB12523DEF4C800EF07A9 /* AppDelegate.swift */ = {isa = PBXFileReference; lastKnownFileType = sourcecode.swift; path = AppDelegate.swift; sourceTree = "<group>"; };
		AF0BB12723DEF4C800EF07A9 /* SceneDelegate.swift */ = {isa = PBXFileReference; lastKnownFileType = sourcecode.swift; path = SceneDelegate.swift; sourceTree = "<group>"; };
		AF0BB12E23DEF4CC00EF07A9 /* Assets.xcassets */ = {isa = PBXFileReference; lastKnownFileType = folder.assetcatalog; path = Assets.xcassets; sourceTree = "<group>"; };
		AF0BB13123DEF4CC00EF07A9 /* Base */ = {isa = PBXFileReference; lastKnownFileType = file.storyboard; name = Base; path = Base.lproj/LaunchScreen.storyboard; sourceTree = "<group>"; };
		AF0BB13323DEF4CC00EF07A9 /* Info.plist */ = {isa = PBXFileReference; lastKnownFileType = text.plist.xml; path = Info.plist; sourceTree = "<group>"; };
		AF641B7E23E993F500397DE0 /* ShopItemTableViewCell.swift */ = {isa = PBXFileReference; fileEncoding = 4; lastKnownFileType = sourcecode.swift; name = ShopItemTableViewCell.swift; path = Sources/QuerySuggestions/ShopItemTableViewCell.swift; sourceTree = "<group>"; };
		AF641B7F23E993F500397DE0 /* ResultsViewController.swift */ = {isa = PBXFileReference; fileEncoding = 4; lastKnownFileType = sourcecode.swift; name = ResultsViewController.swift; path = Sources/QuerySuggestions/ResultsViewController.swift; sourceTree = "<group>"; };
		AF641B8023E993F500397DE0 /* ShopItem.swift */ = {isa = PBXFileReference; fileEncoding = 4; lastKnownFileType = sourcecode.swift; name = ShopItem.swift; path = Sources/QuerySuggestions/ShopItem.swift; sourceTree = "<group>"; };
		AF641B8123E993F500397DE0 /* SearchViewController.swift */ = {isa = PBXFileReference; fileEncoding = 4; lastKnownFileType = sourcecode.swift; name = SearchViewController.swift; path = Sources/QuerySuggestions/SearchViewController.swift; sourceTree = "<group>"; };
/* End PBXFileReference section */

/* Begin PBXFrameworksBuildPhase section */
		AF0BB11F23DEF4C800EF07A9 /* Frameworks */ = {
			isa = PBXFrameworksBuildPhase;
			buildActionMask = 2147483647;
			files = (
				AF852DF1248FA55D00ACB917 /* InstantSearch in Frameworks */,
				AF8DF14D248FA14F00A1A750 /* SDWebImage in Frameworks */,
			);
			runOnlyForDeploymentPostprocessing = 0;
		};
/* End PBXFrameworksBuildPhase section */

/* Begin PBXGroup section */
		AF0BB11923DEF4C800EF07A9 = {
			isa = PBXGroup;
			children = (
				AF0BB12423DEF4C800EF07A9 /* QuerySuggestions */,
				AF0BB12323DEF4C800EF07A9 /* Products */,
			);
			sourceTree = "<group>";
		};
		AF0BB12323DEF4C800EF07A9 /* Products */ = {
			isa = PBXGroup;
			children = (
				AF0BB12223DEF4C800EF07A9 /* QuerySuggestions.app */,
			);
			name = Products;
			sourceTree = "<group>";
		};
		AF0BB12423DEF4C800EF07A9 /* QuerySuggestions */ = {
			isa = PBXGroup;
			children = (
				AF0BB12523DEF4C800EF07A9 /* AppDelegate.swift */,
				AF0BB12723DEF4C800EF07A9 /* SceneDelegate.swift */,
				AF641B7F23E993F500397DE0 /* ResultsViewController.swift */,
				AF641B8123E993F500397DE0 /* SearchViewController.swift */,
				AF641B8023E993F500397DE0 /* ShopItem.swift */,
				AF641B7E23E993F500397DE0 /* ShopItemTableViewCell.swift */,
				AF0BB12E23DEF4CC00EF07A9 /* Assets.xcassets */,
				AF0BB13023DEF4CC00EF07A9 /* LaunchScreen.storyboard */,
				AF0BB13323DEF4CC00EF07A9 /* Info.plist */,
			);
			path = QuerySuggestions;
			sourceTree = "<group>";
		};
/* End PBXGroup section */

/* Begin PBXNativeTarget section */
		AF0BB12123DEF4C800EF07A9 /* QuerySuggestions */ = {
			isa = PBXNativeTarget;
			buildConfigurationList = AF0BB13623DEF4CC00EF07A9 /* Build configuration list for PBXNativeTarget "QuerySuggestions" */;
			buildPhases = (
				AF0BB11E23DEF4C800EF07A9 /* Sources */,
				AF0BB11F23DEF4C800EF07A9 /* Frameworks */,
				AF0BB12023DEF4C800EF07A9 /* Resources */,
			);
			buildRules = (
			);
			dependencies = (
			);
			name = QuerySuggestions;
			packageProductDependencies = (
				AF8DF14C248FA14F00A1A750 /* SDWebImage */,
				AF852DF0248FA55D00ACB917 /* InstantSearch */,
			);
			productName = SearchSuggestions;
			productReference = AF0BB12223DEF4C800EF07A9 /* QuerySuggestions.app */;
			productType = "com.apple.product-type.application";
		};
/* End PBXNativeTarget section */

/* Begin PBXProject section */
		AF0BB11A23DEF4C800EF07A9 /* Project object */ = {
			isa = PBXProject;
			attributes = {
				LastSwiftUpdateCheck = 1130;
				LastUpgradeCheck = 1130;
				ORGANIZATIONNAME = Algolia;
				TargetAttributes = {
					AF0BB12123DEF4C800EF07A9 = {
						CreatedOnToolsVersion = 11.3.1;
					};
				};
			};
			buildConfigurationList = AF0BB11D23DEF4C800EF07A9 /* Build configuration list for PBXProject "QuerySuggestions" */;
			compatibilityVersion = "Xcode 9.3";
			developmentRegion = en;
			hasScannedForEncodings = 0;
			knownRegions = (
				en,
				Base,
			);
			mainGroup = AF0BB11923DEF4C800EF07A9;
			packageReferences = (
				AF8DF14B248FA14F00A1A750 /* XCRemoteSwiftPackageReference "SDWebImage" */,
				AF852DEF248FA55D00ACB917 /* XCRemoteSwiftPackageReference "instantsearch-ios" */,
			);
			productRefGroup = AF0BB12323DEF4C800EF07A9 /* Products */;
			projectDirPath = "";
			projectRoot = "";
			targets = (
				AF0BB12123DEF4C800EF07A9 /* QuerySuggestions */,
			);
		};
/* End PBXProject section */

/* Begin PBXResourcesBuildPhase section */
		AF0BB12023DEF4C800EF07A9 /* Resources */ = {
			isa = PBXResourcesBuildPhase;
			buildActionMask = 2147483647;
			files = (
				AF0BB13223DEF4CC00EF07A9 /* LaunchScreen.storyboard in Resources */,
				AF0BB12F23DEF4CC00EF07A9 /* Assets.xcassets in Resources */,
			);
			runOnlyForDeploymentPostprocessing = 0;
		};
/* End PBXResourcesBuildPhase section */

/* Begin PBXSourcesBuildPhase section */
		AF0BB11E23DEF4C800EF07A9 /* Sources */ = {
			isa = PBXSourcesBuildPhase;
			buildActionMask = 2147483647;
			files = (
				AF641B8523E993F500397DE0 /* SearchViewController.swift in Sources */,
				AF0BB12623DEF4C800EF07A9 /* AppDelegate.swift in Sources */,
				AF641B8223E993F500397DE0 /* ShopItemTableViewCell.swift in Sources */,
				AF641B8423E993F500397DE0 /* ShopItem.swift in Sources */,
				AF0BB12823DEF4C800EF07A9 /* SceneDelegate.swift in Sources */,
				AF641B8323E993F500397DE0 /* ResultsViewController.swift in Sources */,
			);
			runOnlyForDeploymentPostprocessing = 0;
		};
/* End PBXSourcesBuildPhase section */

/* Begin PBXVariantGroup section */
		AF0BB13023DEF4CC00EF07A9 /* LaunchScreen.storyboard */ = {
			isa = PBXVariantGroup;
			children = (
				AF0BB13123DEF4CC00EF07A9 /* Base */,
			);
			name = LaunchScreen.storyboard;
			sourceTree = "<group>";
		};
/* End PBXVariantGroup section */

/* Begin XCBuildConfiguration section */
		AF0BB13423DEF4CC00EF07A9 /* Debug */ = {
			isa = XCBuildConfiguration;
			buildSettings = {
				ALWAYS_SEARCH_USER_PATHS = NO;
				CLANG_ANALYZER_NONNULL = YES;
				CLANG_ANALYZER_NUMBER_OBJECT_CONVERSION = YES_AGGRESSIVE;
				CLANG_CXX_LANGUAGE_STANDARD = "gnu++14";
				CLANG_CXX_LIBRARY = "libc++";
				CLANG_ENABLE_MODULES = YES;
				CLANG_ENABLE_OBJC_ARC = YES;
				CLANG_ENABLE_OBJC_WEAK = YES;
				CLANG_WARN_BLOCK_CAPTURE_AUTORELEASING = YES;
				CLANG_WARN_BOOL_CONVERSION = YES;
				CLANG_WARN_COMMA = YES;
				CLANG_WARN_CONSTANT_CONVERSION = YES;
				CLANG_WARN_DEPRECATED_OBJC_IMPLEMENTATIONS = YES;
				CLANG_WARN_DIRECT_OBJC_ISA_USAGE = YES_ERROR;
				CLANG_WARN_DOCUMENTATION_COMMENTS = YES;
				CLANG_WARN_EMPTY_BODY = YES;
				CLANG_WARN_ENUM_CONVERSION = YES;
				CLANG_WARN_INFINITE_RECURSION = YES;
				CLANG_WARN_INT_CONVERSION = YES;
				CLANG_WARN_NON_LITERAL_NULL_CONVERSION = YES;
				CLANG_WARN_OBJC_IMPLICIT_RETAIN_SELF = YES;
				CLANG_WARN_OBJC_LITERAL_CONVERSION = YES;
				CLANG_WARN_OBJC_ROOT_CLASS = YES_ERROR;
				CLANG_WARN_RANGE_LOOP_ANALYSIS = YES;
				CLANG_WARN_STRICT_PROTOTYPES = YES;
				CLANG_WARN_SUSPICIOUS_MOVE = YES;
				CLANG_WARN_UNGUARDED_AVAILABILITY = YES_AGGRESSIVE;
				CLANG_WARN_UNREACHABLE_CODE = YES;
				CLANG_WARN__DUPLICATE_METHOD_MATCH = YES;
				COPY_PHASE_STRIP = NO;
				DEBUG_INFORMATION_FORMAT = dwarf;
				ENABLE_STRICT_OBJC_MSGSEND = YES;
				ENABLE_TESTABILITY = YES;
				GCC_C_LANGUAGE_STANDARD = gnu11;
				GCC_DYNAMIC_NO_PIC = NO;
				GCC_NO_COMMON_BLOCKS = YES;
				GCC_OPTIMIZATION_LEVEL = 0;
				GCC_PREPROCESSOR_DEFINITIONS = (
					"DEBUG=1",
					"$(inherited)",
				);
				GCC_WARN_64_TO_32_BIT_CONVERSION = YES;
				GCC_WARN_ABOUT_RETURN_TYPE = YES_ERROR;
				GCC_WARN_UNDECLARED_SELECTOR = YES;
				GCC_WARN_UNINITIALIZED_AUTOS = YES_AGGRESSIVE;
				GCC_WARN_UNUSED_FUNCTION = YES;
				GCC_WARN_UNUSED_VARIABLE = YES;
				IPHONEOS_DEPLOYMENT_TARGET = 13.2;
				MTL_ENABLE_DEBUG_INFO = INCLUDE_SOURCE;
				MTL_FAST_MATH = YES;
				ONLY_ACTIVE_ARCH = YES;
				SDKROOT = iphoneos;
				SWIFT_ACTIVE_COMPILATION_CONDITIONS = DEBUG;
				SWIFT_OPTIMIZATION_LEVEL = "-Onone";
			};
			name = Debug;
		};
		AF0BB13523DEF4CC00EF07A9 /* Release */ = {
			isa = XCBuildConfiguration;
			buildSettings = {
				ALWAYS_SEARCH_USER_PATHS = NO;
				CLANG_ANALYZER_NONNULL = YES;
				CLANG_ANALYZER_NUMBER_OBJECT_CONVERSION = YES_AGGRESSIVE;
				CLANG_CXX_LANGUAGE_STANDARD = "gnu++14";
				CLANG_CXX_LIBRARY = "libc++";
				CLANG_ENABLE_MODULES = YES;
				CLANG_ENABLE_OBJC_ARC = YES;
				CLANG_ENABLE_OBJC_WEAK = YES;
				CLANG_WARN_BLOCK_CAPTURE_AUTORELEASING = YES;
				CLANG_WARN_BOOL_CONVERSION = YES;
				CLANG_WARN_COMMA = YES;
				CLANG_WARN_CONSTANT_CONVERSION = YES;
				CLANG_WARN_DEPRECATED_OBJC_IMPLEMENTATIONS = YES;
				CLANG_WARN_DIRECT_OBJC_ISA_USAGE = YES_ERROR;
				CLANG_WARN_DOCUMENTATION_COMMENTS = YES;
				CLANG_WARN_EMPTY_BODY = YES;
				CLANG_WARN_ENUM_CONVERSION = YES;
				CLANG_WARN_INFINITE_RECURSION = YES;
				CLANG_WARN_INT_CONVERSION = YES;
				CLANG_WARN_NON_LITERAL_NULL_CONVERSION = YES;
				CLANG_WARN_OBJC_IMPLICIT_RETAIN_SELF = YES;
				CLANG_WARN_OBJC_LITERAL_CONVERSION = YES;
				CLANG_WARN_OBJC_ROOT_CLASS = YES_ERROR;
				CLANG_WARN_RANGE_LOOP_ANALYSIS = YES;
				CLANG_WARN_STRICT_PROTOTYPES = YES;
				CLANG_WARN_SUSPICIOUS_MOVE = YES;
				CLANG_WARN_UNGUARDED_AVAILABILITY = YES_AGGRESSIVE;
				CLANG_WARN_UNREACHABLE_CODE = YES;
				CLANG_WARN__DUPLICATE_METHOD_MATCH = YES;
				COPY_PHASE_STRIP = NO;
				DEBUG_INFORMATION_FORMAT = "dwarf-with-dsym";
				ENABLE_NS_ASSERTIONS = NO;
				ENABLE_STRICT_OBJC_MSGSEND = YES;
				GCC_C_LANGUAGE_STANDARD = gnu11;
				GCC_NO_COMMON_BLOCKS = YES;
				GCC_WARN_64_TO_32_BIT_CONVERSION = YES;
				GCC_WARN_ABOUT_RETURN_TYPE = YES_ERROR;
				GCC_WARN_UNDECLARED_SELECTOR = YES;
				GCC_WARN_UNINITIALIZED_AUTOS = YES_AGGRESSIVE;
				GCC_WARN_UNUSED_FUNCTION = YES;
				GCC_WARN_UNUSED_VARIABLE = YES;
				IPHONEOS_DEPLOYMENT_TARGET = 13.2;
				MTL_ENABLE_DEBUG_INFO = NO;
				MTL_FAST_MATH = YES;
				SDKROOT = iphoneos;
				SWIFT_COMPILATION_MODE = wholemodule;
				SWIFT_OPTIMIZATION_LEVEL = "-O";
				VALIDATE_PRODUCT = YES;
			};
			name = Release;
		};
		AF0BB13723DEF4CC00EF07A9 /* Debug */ = {
			isa = XCBuildConfiguration;
			buildSettings = {
				ASSETCATALOG_COMPILER_APPICON_NAME = AppIcon;
				CODE_SIGN_STYLE = Automatic;
				DEVELOPMENT_TEAM = 5RDFJYUV23;
				INFOPLIST_FILE = QuerySuggestions/Info.plist;
				LD_RUNPATH_SEARCH_PATHS = (
					"$(inherited)",
					"@executable_path/Frameworks",
				);
				PRODUCT_BUNDLE_IDENTIFIER = com.algolia.demo.QuerySuggestions;
				PRODUCT_NAME = "$(TARGET_NAME)";
				SWIFT_VERSION = 5.0;
				TARGETED_DEVICE_FAMILY = "1,2";
			};
			name = Debug;
		};
		AF0BB13823DEF4CC00EF07A9 /* Release */ = {
			isa = XCBuildConfiguration;
			buildSettings = {
				ASSETCATALOG_COMPILER_APPICON_NAME = AppIcon;
				CODE_SIGN_STYLE = Automatic;
				DEVELOPMENT_TEAM = 5RDFJYUV23;
				INFOPLIST_FILE = QuerySuggestions/Info.plist;
				LD_RUNPATH_SEARCH_PATHS = (
					"$(inherited)",
					"@executable_path/Frameworks",
				);
				PRODUCT_BUNDLE_IDENTIFIER = com.algolia.demo.QuerySuggestions;
				PRODUCT_NAME = "$(TARGET_NAME)";
				SWIFT_VERSION = 5.0;
				TARGETED_DEVICE_FAMILY = "1,2";
			};
			name = Release;
		};
/* End XCBuildConfiguration section */

/* Begin XCConfigurationList section */
		AF0BB11D23DEF4C800EF07A9 /* Build configuration list for PBXProject "QuerySuggestions" */ = {
			isa = XCConfigurationList;
			buildConfigurations = (
				AF0BB13423DEF4CC00EF07A9 /* Debug */,
				AF0BB13523DEF4CC00EF07A9 /* Release */,
			);
			defaultConfigurationIsVisible = 0;
			defaultConfigurationName = Release;
		};
		AF0BB13623DEF4CC00EF07A9 /* Build configuration list for PBXNativeTarget "QuerySuggestions" */ = {
			isa = XCConfigurationList;
			buildConfigurations = (
				AF0BB13723DEF4CC00EF07A9 /* Debug */,
				AF0BB13823DEF4CC00EF07A9 /* Release */,
			);
			defaultConfigurationIsVisible = 0;
			defaultConfigurationName = Release;
		};
/* End XCConfigurationList section */

/* Begin XCRemoteSwiftPackageReference section */
		AF852DEF248FA55D00ACB917 /* XCRemoteSwiftPackageReference "instantsearch-ios" */ = {
			isa = XCRemoteSwiftPackageReference;
			repositoryURL = "https://github.com/algolia/instantsearch-ios";
			requirement = {
				branch = "client-v2-integration";
				kind = branch;
			};
		};
		AF8DF14B248FA14F00A1A750 /* XCRemoteSwiftPackageReference "SDWebImage" */ = {
			isa = XCRemoteSwiftPackageReference;
			repositoryURL = "https://github.com/SDWebImage/SDWebImage";
			requirement = {
				kind = upToNextMajorVersion;
				minimumVersion = 5.8.0;
			};
		};
/* End XCRemoteSwiftPackageReference section */

/* Begin XCSwiftPackageProductDependency section */
		AF852DF0248FA55D00ACB917 /* InstantSearch */ = {
			isa = XCSwiftPackageProductDependency;
			package = AF852DEF248FA55D00ACB917 /* XCRemoteSwiftPackageReference "instantsearch-ios" */;
			productName = InstantSearch;
		};
		AF8DF14C248FA14F00A1A750 /* SDWebImage */ = {
			isa = XCSwiftPackageProductDependency;
			package = AF8DF14B248FA14F00A1A750 /* XCRemoteSwiftPackageReference "SDWebImage" */;
			productName = SDWebImage;
		};
/* End XCSwiftPackageProductDependency section */
	};
	rootObject = AF0BB11A23DEF4C800EF07A9 /* Project object */;
}
