{
  "object": {
    "pins": [
      {
        "package": "AlgoliaSearchClient",
        "repositoryURL": "https://github.com/algolia/algoliasearch-client-swift",
        "state": {
          "branch": null,
          "revision": "ae100dae329a5e3245b74b98d5ef99d42dfccf6b",
          "version": "8.10.0"
        }
      },
      {
        "package": "InstantSearch",
        "repositoryURL": "https://github.com/algolia/instantsearch-ios",
        "state": {
          "branch": null,
          "revision": "b9dafc91a5f7cd1d9eb8c9eace6150ab401612d6",
          "version": "7.11.1"
        }
      },
      {
        "package": "SDWebImage",
        "repositoryURL": "https://github.com/SDWebImage/SDWebImage",
        "state": {
          "branch": null,
          "revision": "88b3ba211c0d604e60eab204c1baf8229c513399",
          "version": "5.9.4"
        }
      },
      {
        "package": "swift-log",
        "repositoryURL": "https://github.com/apple/swift-log.git",
        "state": {
          "branch": null,
          "revision": "5d66f7ba25daf4f94100e7022febf3c75e37a6c7",
          "version": "1.4.2"
        }
      },
      {
        "package": "InstantSearchVoiceOverlay",
        "repositoryURL": "https://github.com/algolia/voice-overlay-ios",
        "state": {
          "branch": null,
          "revision": "55a1047be9e0d9e4d4295ef127cc31b3ef7b8b54",
          "version": "1.2.0"
        }
      }
    ]
  },
  "version": 1
}
