{
  "object": {
    "pins": [
      {
        "package": "AlgoliaSearchClient",
        "repositoryURL": "https://github.com/algolia/algoliasearch-client-swift",
        "state": {
          "branch": null,
          "revision": "9bf1ebc83c35664752cad6de1b612e10891411be",
          "version": "8.8.1"
        }
      },
      {
        "package": "InstantSearch",
        "repositoryURL": "https://github.com/algolia/instantsearch-ios",
        "state": {
          "branch": null,
          "revision": "3d92d9436d6874807d9f203c6e47c3aace8b9b1e",
          "version": "7.9.1"
        }
      },
      {
        "package": "SDWebImage",
        "repositoryURL": "https://github.com/SDWebImage/SDWebImage",
        "state": {
          "branch": null,
          "revision": "88b3ba211c0d604e60eab204c1baf8229c513399",
          "version": "5.9.4"
        }
      },
      {
        "package": "swift-log",
        "repositoryURL": "https://github.com/apple/swift-log.git",
        "state": {
          "branch": null,
          "revision": "5d66f7ba25daf4f94100e7022febf3c75e37a6c7",
          "version": "1.4.2"
        }
      },
      {
        "package": "InstantSearchVoiceOverlay",
        "repositoryURL": "https://github.com/algolia/voice-overlay-ios",
        "state": {
          "branch": null,
          "revision": "55a1047be9e0d9e4d4295ef127cc31b3ef7b8b54",
          "version": "1.2.0"
        }
      }
    ]
  },
  "version": 1
}
