{
  "object": {
    "pins": [
      {
        "package": "AlgoliaSearchClientSwift",
        "repositoryURL": "https://github.com/algolia/algoliasearch-client-swift",
        "state": {
          "branch": null,
          "revision": "96b87ca5b12ce863a0e2a5b45d27a17cef0cea2a",
          "version": "8.0.0-beta.6"
        }
      },
      {
        "package": "InstantSearchCore",
        "repositoryURL": "https://github.com/algolia/instantsearch-core-swift",
        "state": {
          "branch": null,
          "revision": "2713b0778ca2b866349f7a8a692df7b41b2941f5",
          "version": "7.0.0-beta.1"
        }
      },
      {
        "package": "InstantSearch",
        "repositoryURL": "https://github.com/algolia/instantsearch-ios",
        "state": {
          "branch": "client-v2-integration",
          "revision": "c2c9baaac4fc78b1efb35fd0929b99d14846a9ed",
          "version": null
        }
      },
      {
        "package": "InstantSearchInsights",
        "repositoryURL": "https://github.com/algolia/instantsearch-ios-insights",
        "state": {
          "branch": null,
          "revision": "1d2f3462b36980c86fdf86529520fc655293b6e4",
          "version": "2.3.2"
        }
      },
      {
        "package": "SDWebImage",
        "repositoryURL": "https://github.com/SDWebImage/SDWebImage",
        "state": {
          "branch": null,
          "revision": "5818cf70fde7e9e07e24196d0d54350bc8526f26",
          "version": "5.8.0"
        }
      },
      {
        "package": "swift-log",
        "repositoryURL": "https://github.com/apple/swift-log.git",
        "state": {
          "branch": null,
          "revision": "74d7b91ceebc85daf387ebb206003f78813f71aa",
          "version": "1.2.0"
        }
      }
    ]
  },
  "version": 1
}
