PODS:
  - AFNetworking (3.1.0):
    - AFNetworking/NSURLSession (= 3.1.0)
    - AFNetworking/Reachability (= 3.1.0)
    - AFNetworking/Security (= 3.1.0)
    - AFNetworking/Serialization (= 3.1.0)
    - AFNetworking/UIKit (= 3.1.0)
  - AFNetworking/NSURLSession (3.1.0):
    - AFNetworking/Reachability
    - AFNetworking/Security
    - AFNetworking/Serialization
  - AFNetworking/Reachability (3.1.0)
  - AFNetworking/Security (3.1.0)
  - AFNetworking/Serialization (3.1.0)
  - AFNetworking/UIKit (3.1.0):
    - AFNetworking/NSURLSession
  - AlgoliaSearch-Client-Swift (4.8.1)
  - Eureka (2.0.1)
  - InstantSearch-Core-Swift (2.0.0-beta1):
    - AlgoliaSearch-Client-Swift (~> 4.0)
  - InstantSearch-Swift (1.0.0-beta3):
    - InstantSearch-Swift/InstantSearch-Swift (= 1.0.0-beta3)
  - InstantSearch-Swift/InstantSearch-Swift (1.0.0-beta3):
    - InstantSearch-Core-Swift (~> 2.0.0-beta1)
  - Nimble (7.0.1)
  - Quick (1.1.0)

DEPENDENCIES:
  - AFNetworking (~> 3.0)
  - Eureka (~> 2.0.0-beta.1)
  - InstantSearch-Swift (~> 1.0.0-beta3)
  - Nimble
  - Quick

SPEC CHECKSUMS:
  AFNetworking: 5e0e199f73d8626b11e79750991f5d173d1f8b67
  AlgoliaSearch-Client-Swift: 5bdfbc8727f203773245e2410edd7a9c8e831637
  Eureka: ae837bb1dfae0c07bc1bda7aeef87876eeb537c2
  InstantSearch-Core-Swift: 39baf4378e48028ce3f7137cfc3067ad80e7b732
  InstantSearch-Swift: e7d9d88cf140affd5686fd7d757c9a52995d6ca8
  Nimble: 657d000e11df8aebe27cdaf9d244de7f30ed87f7
  Quick: dafc587e21eed9f4cab3249b9f9015b0b7a7f71d

PODFILE CHECKSUM: 57cc4882a795ac23c93e3bd90bd5bb36d59e4f22

COCOAPODS: 1.2.0
