// !$*UTF8*$!
{
	archiveVersion = 1;
	classes = {
	};
	objectVersion = 48;
	objects = {

/* Begin PBXBuildFile section */
		1D8145131F87B9CE00ED100F /* mock.json in Resources */ = {isa = PBXBuildFile; fileRef = 1D8145121F87B9CE00ED100F /* mock.json */; };
		1D8145151F87BC5E00ED100F /* mock-light.json in Resources */ = {isa = PBXBuildFile; fileRef = 1D8145141F87BC5E00ED100F /* mock-light.json */; };
		1DCF1F3C1F87858500F8155D /* AppDelegate.swift in Sources */ = {isa = PBXBuildFile; fileRef = 1DCF1F3B1F87858500F8155D /* AppDelegate.swift */; };
		1DCF1F3E1F87858500F8155D /* ViewController.swift in Sources */ = {isa = PBXBuildFile; fileRef = 1DCF1F3D1F87858500F8155D /* ViewController.swift */; };
		1DCF1F431F87858500F8155D /* Assets.xcassets in Resources */ = {isa = PBXBuildFile; fileRef = 1DCF1F421F87858500F8155D /* Assets.xcassets */; };
		1DCF1F461F87858500F8155D /* LaunchScreen.storyboard in Resources */ = {isa = PBXBuildFile; fileRef = 1DCF1F441F87858500F8155D /* LaunchScreen.storyboard */; };
		1DCF1F4E1F878BD500F8155D /* CustomSearchable.swift in Sources */ = {isa = PBXBuildFile; fileRef = 1DCF1F4D1F878BD500F8155D /* CustomSearchable.swift */; };
		91A599BFAA8A83CA116BDE30 /* Pods_IS_CustomSource.framework in Frameworks */ = {isa = PBXBuildFile; fileRef = 444CED014D4EA150BF99CCB8 /* Pods_IS_CustomSource.framework */; };
		E2E2FCF420529A7E0073B0B5 /* mock-custom.json in Resources */ = {isa = PBXBuildFile; fileRef = E2E2FCF320529A7E0073B0B5 /* mock-custom.json */; };
/* End PBXBuildFile section */

/* Begin PBXFileReference section */
		1D8145121F87B9CE00ED100F /* mock.json */ = {isa = PBXFileReference; lastKnownFileType = text.json; path = mock.json; sourceTree = "<group>"; };
		1D8145141F87BC5E00ED100F /* mock-light.json */ = {isa = PBXFileReference; lastKnownFileType = text.json; path = "mock-light.json"; sourceTree = "<group>"; };
		1DCF1F381F87858500F8155D /* IS-CustomSource.app */ = {isa = PBXFileReference; explicitFileType = wrapper.application; includeInIndex = 0; path = "IS-CustomSource.app"; sourceTree = BUILT_PRODUCTS_DIR; };
		1DCF1F3B1F87858500F8155D /* AppDelegate.swift */ = {isa = PBXFileReference; lastKnownFileType = sourcecode.swift; path = AppDelegate.swift; sourceTree = "<group>"; };
		1DCF1F3D1F87858500F8155D /* ViewController.swift */ = {isa = PBXFileReference; lastKnownFileType = sourcecode.swift; path = ViewController.swift; sourceTree = "<group>"; };
		1DCF1F421F87858500F8155D /* Assets.xcassets */ = {isa = PBXFileReference; lastKnownFileType = folder.assetcatalog; path = Assets.xcassets; sourceTree = "<group>"; };
		1DCF1F451F87858500F8155D /* Base */ = {isa = PBXFileReference; lastKnownFileType = file.storyboard; name = Base; path = Base.lproj/LaunchScreen.storyboard; sourceTree = "<group>"; };
		1DCF1F471F87858500F8155D /* Info.plist */ = {isa = PBXFileReference; lastKnownFileType = text.plist.xml; path = Info.plist; sourceTree = "<group>"; };
		1DCF1F4D1F878BD500F8155D /* CustomSearchable.swift */ = {isa = PBXFileReference; lastKnownFileType = sourcecode.swift; path = CustomSearchable.swift; sourceTree = "<group>"; };
		444CED014D4EA150BF99CCB8 /* Pods_IS_CustomSource.framework */ = {isa = PBXFileReference; explicitFileType = wrapper.framework; includeInIndex = 0; path = Pods_IS_CustomSource.framework; sourceTree = BUILT_PRODUCTS_DIR; };
		A693FF2ED0701A77DF1CD23B /* Pods-IS-CustomSource.release.xcconfig */ = {isa = PBXFileReference; includeInIndex = 1; lastKnownFileType = text.xcconfig; name = "Pods-IS-CustomSource.release.xcconfig"; path = "Pods/Target Support Files/Pods-IS-CustomSource/Pods-IS-CustomSource.release.xcconfig"; sourceTree = "<group>"; };
		E2E2FCF320529A7E0073B0B5 /* mock-custom.json */ = {isa = PBXFileReference; lastKnownFileType = text.json; path = "mock-custom.json"; sourceTree = "<group>"; };
		FCED998CB93BDA062451B756 /* Pods-IS-CustomSource.debug.xcconfig */ = {isa = PBXFileReference; includeInIndex = 1; lastKnownFileType = text.xcconfig; name = "Pods-IS-CustomSource.debug.xcconfig"; path = "Pods/Target Support Files/Pods-IS-CustomSource/Pods-IS-CustomSource.debug.xcconfig"; sourceTree = "<group>"; };
/* End PBXFileReference section */

/* Begin PBXFrameworksBuildPhase section */
		1DCF1F351F87858500F8155D /* Frameworks */ = {
			isa = PBXFrameworksBuildPhase;
			buildActionMask = 2147483647;
			files = (
				91A599BFAA8A83CA116BDE30 /* Pods_IS_CustomSource.framework in Frameworks */,
			);
			runOnlyForDeploymentPostprocessing = 0;
		};
/* End PBXFrameworksBuildPhase section */

/* Begin PBXGroup section */
		1DCF1F2F1F87858500F8155D = {
			isa = PBXGroup;
			children = (
				1DCF1F3A1F87858500F8155D /* IS-CustomSource */,
				1DCF1F391F87858500F8155D /* Products */,
				6A5961594283401CE40D056E /* Pods */,
				4AC9DA71010F007F7B088B65 /* Frameworks */,
			);
			sourceTree = "<group>";
		};
		1DCF1F391F87858500F8155D /* Products */ = {
			isa = PBXGroup;
			children = (
				1DCF1F381F87858500F8155D /* IS-CustomSource.app */,
			);
			name = Products;
			sourceTree = "<group>";
		};
		1DCF1F3A1F87858500F8155D /* IS-CustomSource */ = {
			isa = PBXGroup;
			children = (
				1DCF1F3B1F87858500F8155D /* AppDelegate.swift */,
				1DCF1F3D1F87858500F8155D /* ViewController.swift */,
				1DCF1F421F87858500F8155D /* Assets.xcassets */,
				1DCF1F441F87858500F8155D /* LaunchScreen.storyboard */,
				1DCF1F471F87858500F8155D /* Info.plist */,
				1DCF1F4D1F878BD500F8155D /* CustomSearchable.swift */,
				1D8145121F87B9CE00ED100F /* mock.json */,
				1D8145141F87BC5E00ED100F /* mock-light.json */,
				E2E2FCF320529A7E0073B0B5 /* mock-custom.json */,
			);
			path = "IS-CustomSource";
			sourceTree = "<group>";
		};
		4AC9DA71010F007F7B088B65 /* Frameworks */ = {
			isa = PBXGroup;
			children = (
				444CED014D4EA150BF99CCB8 /* Pods_IS_CustomSource.framework */,
			);
			name = Frameworks;
			sourceTree = "<group>";
		};
		6A5961594283401CE40D056E /* Pods */ = {
			isa = PBXGroup;
			children = (
				FCED998CB93BDA062451B756 /* Pods-IS-CustomSource.debug.xcconfig */,
				A693FF2ED0701A77DF1CD23B /* Pods-IS-CustomSource.release.xcconfig */,
			);
			name = Pods;
			sourceTree = "<group>";
		};
/* End PBXGroup section */

/* Begin PBXNativeTarget section */
		1DCF1F371F87858500F8155D /* IS-CustomSource */ = {
			isa = PBXNativeTarget;
			buildConfigurationList = 1DCF1F4A1F87858500F8155D /* Build configuration list for PBXNativeTarget "IS-CustomSource" */;
			buildPhases = (
				7382EFF2923EBB6B5CE0C2E7 /* [CP] Check Pods Manifest.lock */,
				1DCF1F341F87858500F8155D /* Sources */,
				1DCF1F351F87858500F8155D /* Frameworks */,
				1DCF1F361F87858500F8155D /* Resources */,
				3450447051443D43106F4464 /* [CP] Embed Pods Frameworks */,
				9A66BDF8B29D0B806D141564 /* [CP] Copy Pods Resources */,
			);
			buildRules = (
			);
			dependencies = (
			);
			name = "IS-CustomSource";
			productName = "IS-CustomSource";
			productReference = 1DCF1F381F87858500F8155D /* IS-CustomSource.app */;
			productType = "com.apple.product-type.application";
		};
/* End PBXNativeTarget section */

/* Begin PBXProject section */
		1DCF1F301F87858500F8155D /* Project object */ = {
			isa = PBXProject;
			attributes = {
				LastSwiftUpdateCheck = 0900;
				LastUpgradeCheck = 0900;
				ORGANIZATIONNAME = "Robert Mogos";
				TargetAttributes = {
					1DCF1F371F87858500F8155D = {
						CreatedOnToolsVersion = 9.0;
						ProvisioningStyle = Automatic;
					};
				};
			};
			buildConfigurationList = 1DCF1F331F87858500F8155D /* Build configuration list for PBXProject "IS-CustomSource" */;
			compatibilityVersion = "Xcode 8.0";
			developmentRegion = en;
			hasScannedForEncodings = 0;
			knownRegions = (
				en,
				Base,
			);
			mainGroup = 1DCF1F2F1F87858500F8155D;
			productRefGroup = 1DCF1F391F87858500F8155D /* Products */;
			projectDirPath = "";
			projectRoot = "";
			targets = (
				1DCF1F371F87858500F8155D /* IS-CustomSource */,
			);
		};
/* End PBXProject section */

/* Begin PBXResourcesBuildPhase section */
		1DCF1F361F87858500F8155D /* Resources */ = {
			isa = PBXResourcesBuildPhase;
			buildActionMask = 2147483647;
			files = (
				1DCF1F461F87858500F8155D /* LaunchScreen.storyboard in Resources */,
				1DCF1F431F87858500F8155D /* Assets.xcassets in Resources */,
				E2E2FCF420529A7E0073B0B5 /* mock-custom.json in Resources */,
				1D8145151F87BC5E00ED100F /* mock-light.json in Resources */,
				1D8145131F87B9CE00ED100F /* mock.json in Resources */,
			);
			runOnlyForDeploymentPostprocessing = 0;
		};
/* End PBXResourcesBuildPhase section */

/* Begin PBXShellScriptBuildPhase section */
		3450447051443D43106F4464 /* [CP] Embed Pods Frameworks */ = {
			isa = PBXShellScriptBuildPhase;
			buildActionMask = 2147483647;
			files = (
			);
			inputPaths = (
				"${SRCROOT}/Pods/Target Support Files/Pods-IS-CustomSource/Pods-IS-CustomSource-frameworks.sh",
				"${BUILT_PRODUCTS_DIR}/AFNetworking/AFNetworking.framework",
				"${BUILT_PRODUCTS_DIR}/AlgoliaSearch-Client-Swift/AlgoliaSearch.framework",
				"${BUILT_PRODUCTS_DIR}/InstantSearch-Core-Swift/InstantSearchCore.framework",
				"${BUILT_PRODUCTS_DIR}/InstantSearch-iOS/InstantSearch.framework",
				"${BUILT_PRODUCTS_DIR}/Nuke/Nuke.framework",
			);
			name = "[CP] Embed Pods Frameworks";
			outputPaths = (
				"${TARGET_BUILD_DIR}/${FRAMEWORKS_FOLDER_PATH}/AFNetworking.framework",
				"${TARGET_BUILD_DIR}/${FRAMEWORKS_FOLDER_PATH}/AlgoliaSearch.framework",
				"${TARGET_BUILD_DIR}/${FRAMEWORKS_FOLDER_PATH}/InstantSearchCore.framework",
				"${TARGET_BUILD_DIR}/${FRAMEWORKS_FOLDER_PATH}/InstantSearch.framework",
				"${TARGET_BUILD_DIR}/${FRAMEWORKS_FOLDER_PATH}/Nuke.framework",
			);
			runOnlyForDeploymentPostprocessing = 0;
			shellPath = /bin/sh;
			shellScript = "\"${SRCROOT}/Pods/Target Support Files/Pods-IS-CustomSource/Pods-IS-CustomSource-frameworks.sh\"\n";
			showEnvVarsInLog = 0;
		};
		7382EFF2923EBB6B5CE0C2E7 /* [CP] Check Pods Manifest.lock */ = {
			isa = PBXShellScriptBuildPhase;
			buildActionMask = 2147483647;
			files = (
			);
			inputPaths = (
				"${PODS_PODFILE_DIR_PATH}/Podfile.lock",
				"${PODS_ROOT}/Manifest.lock",
			);
			name = "[CP] Check Pods Manifest.lock";
			outputPaths = (
				"$(DERIVED_FILE_DIR)/Pods-IS-CustomSource-checkManifestLockResult.txt",
			);
			runOnlyForDeploymentPostprocessing = 0;
			shellPath = /bin/sh;
			shellScript = "diff \"${PODS_PODFILE_DIR_PATH}/Podfile.lock\" \"${PODS_ROOT}/Manifest.lock\" > /dev/null\nif [ $? != 0 ] ; then\n    # print error to STDERR\n    echo \"error: The sandbox is not in sync with the Podfile.lock. Run 'pod install' or update your CocoaPods installation.\" >&2\n    exit 1\nfi\n# This output is used by Xcode 'outputs' to avoid re-running this script phase.\necho \"SUCCESS\" > \"${SCRIPT_OUTPUT_FILE_0}\"\n";
			showEnvVarsInLog = 0;
		};
		9A66BDF8B29D0B806D141564 /* [CP] Copy Pods Resources */ = {
			isa = PBXShellScriptBuildPhase;
			buildActionMask = 2147483647;
			files = (
			);
			inputPaths = (
			);
			name = "[CP] Copy Pods Resources";
			outputPaths = (
			);
			runOnlyForDeploymentPostprocessing = 0;
			shellPath = /bin/sh;
			shellScript = "\"${SRCROOT}/Pods/Target Support Files/Pods-IS-CustomSource/Pods-IS-CustomSource-resources.sh\"\n";
			showEnvVarsInLog = 0;
		};
/* End PBXShellScriptBuildPhase section */

/* Begin PBXSourcesBuildPhase section */
		1DCF1F341F87858500F8155D /* Sources */ = {
			isa = PBXSourcesBuildPhase;
			buildActionMask = 2147483647;
			files = (
				1DCF1F4E1F878BD500F8155D /* CustomSearchable.swift in Sources */,
				1DCF1F3E1F87858500F8155D /* ViewController.swift in Sources */,
				1DCF1F3C1F87858500F8155D /* AppDelegate.swift in Sources */,
			);
			runOnlyForDeploymentPostprocessing = 0;
		};
/* End PBXSourcesBuildPhase section */

/* Begin PBXVariantGroup section */
		1DCF1F441F87858500F8155D /* LaunchScreen.storyboard */ = {
			isa = PBXVariantGroup;
			children = (
				1DCF1F451F87858500F8155D /* Base */,
			);
			name = LaunchScreen.storyboard;
			sourceTree = "<group>";
		};
/* End PBXVariantGroup section */

/* Begin XCBuildConfiguration section */
		1DCF1F481F87858500F8155D /* Debug */ = {
			isa = XCBuildConfiguration;
			buildSettings = {
				ALWAYS_SEARCH_USER_PATHS = NO;
				CLANG_ANALYZER_NONNULL = YES;
				CLANG_ANALYZER_NUMBER_OBJECT_CONVERSION = YES_AGGRESSIVE;
				CLANG_CXX_LANGUAGE_STANDARD = "gnu++14";
				CLANG_CXX_LIBRARY = "libc++";
				CLANG_ENABLE_MODULES = YES;
				CLANG_ENABLE_OBJC_ARC = YES;
				CLANG_WARN_BLOCK_CAPTURE_AUTORELEASING = YES;
				CLANG_WARN_BOOL_CONVERSION = YES;
				CLANG_WARN_COMMA = YES;
				CLANG_WARN_CONSTANT_CONVERSION = YES;
				CLANG_WARN_DIRECT_OBJC_ISA_USAGE = YES_ERROR;
				CLANG_WARN_DOCUMENTATION_COMMENTS = YES;
				CLANG_WARN_EMPTY_BODY = YES;
				CLANG_WARN_ENUM_CONVERSION = YES;
				CLANG_WARN_INFINITE_RECURSION = YES;
				CLANG_WARN_INT_CONVERSION = YES;
				CLANG_WARN_NON_LITERAL_NULL_CONVERSION = YES;
				CLANG_WARN_OBJC_LITERAL_CONVERSION = YES;
				CLANG_WARN_OBJC_ROOT_CLASS = YES_ERROR;
				CLANG_WARN_RANGE_LOOP_ANALYSIS = YES;
				CLANG_WARN_STRICT_PROTOTYPES = YES;
				CLANG_WARN_SUSPICIOUS_MOVE = YES;
				CLANG_WARN_UNGUARDED_AVAILABILITY = YES_AGGRESSIVE;
				CLANG_WARN_UNREACHABLE_CODE = YES;
				CLANG_WARN__DUPLICATE_METHOD_MATCH = YES;
				CODE_SIGN_IDENTITY = "iPhone Developer";
				COPY_PHASE_STRIP = NO;
				DEBUG_INFORMATION_FORMAT = dwarf;
				ENABLE_STRICT_OBJC_MSGSEND = YES;
				ENABLE_TESTABILITY = YES;
				GCC_C_LANGUAGE_STANDARD = gnu11;
				GCC_DYNAMIC_NO_PIC = NO;
				GCC_NO_COMMON_BLOCKS = YES;
				GCC_OPTIMIZATION_LEVEL = 0;
				GCC_PREPROCESSOR_DEFINITIONS = (
					"DEBUG=1",
					"$(inherited)",
				);
				GCC_WARN_64_TO_32_BIT_CONVERSION = YES;
				GCC_WARN_ABOUT_RETURN_TYPE = YES_ERROR;
				GCC_WARN_UNDECLARED_SELECTOR = YES;
				GCC_WARN_UNINITIALIZED_AUTOS = YES_AGGRESSIVE;
				GCC_WARN_UNUSED_FUNCTION = YES;
				GCC_WARN_UNUSED_VARIABLE = YES;
				IPHONEOS_DEPLOYMENT_TARGET = 11.0;
				MTL_ENABLE_DEBUG_INFO = YES;
				ONLY_ACTIVE_ARCH = YES;
				SDKROOT = iphoneos;
				SWIFT_ACTIVE_COMPILATION_CONDITIONS = DEBUG;
				SWIFT_OPTIMIZATION_LEVEL = "-Onone";
			};
			name = Debug;
		};
		1DCF1F491F87858500F8155D /* Release */ = {
			isa = XCBuildConfiguration;
			buildSettings = {
				ALWAYS_SEARCH_USER_PATHS = NO;
				CLANG_ANALYZER_NONNULL = YES;
				CLANG_ANALYZER_NUMBER_OBJECT_CONVERSION = YES_AGGRESSIVE;
				CLANG_CXX_LANGUAGE_STANDARD = "gnu++14";
				CLANG_CXX_LIBRARY = "libc++";
				CLANG_ENABLE_MODULES = YES;
				CLANG_ENABLE_OBJC_ARC = YES;
				CLANG_WARN_BLOCK_CAPTURE_AUTORELEASING = YES;
				CLANG_WARN_BOOL_CONVERSION = YES;
				CLANG_WARN_COMMA = YES;
				CLANG_WARN_CONSTANT_CONVERSION = YES;
				CLANG_WARN_DIRECT_OBJC_ISA_USAGE = YES_ERROR;
				CLANG_WARN_DOCUMENTATION_COMMENTS = YES;
				CLANG_WARN_EMPTY_BODY = YES;
				CLANG_WARN_ENUM_CONVERSION = YES;
				CLANG_WARN_INFINITE_RECURSION = YES;
				CLANG_WARN_INT_CONVERSION = YES;
				CLANG_WARN_NON_LITERAL_NULL_CONVERSION = YES;
				CLANG_WARN_OBJC_LITERAL_CONVERSION = YES;
				CLANG_WARN_OBJC_ROOT_CLASS = YES_ERROR;
				CLANG_WARN_RANGE_LOOP_ANALYSIS = YES;
				CLANG_WARN_STRICT_PROTOTYPES = YES;
				CLANG_WARN_SUSPICIOUS_MOVE = YES;
				CLANG_WARN_UNGUARDED_AVAILABILITY = YES_AGGRESSIVE;
				CLANG_WARN_UNREACHABLE_CODE = YES;
				CLANG_WARN__DUPLICATE_METHOD_MATCH = YES;
				CODE_SIGN_IDENTITY = "iPhone Developer";
				COPY_PHASE_STRIP = NO;
				DEBUG_INFORMATION_FORMAT = "dwarf-with-dsym";
				ENABLE_NS_ASSERTIONS = NO;
				ENABLE_STRICT_OBJC_MSGSEND = YES;
				GCC_C_LANGUAGE_STANDARD = gnu11;
				GCC_NO_COMMON_BLOCKS = YES;
				GCC_WARN_64_TO_32_BIT_CONVERSION = YES;
				GCC_WARN_ABOUT_RETURN_TYPE = YES_ERROR;
				GCC_WARN_UNDECLARED_SELECTOR = YES;
				GCC_WARN_UNINITIALIZED_AUTOS = YES_AGGRESSIVE;
				GCC_WARN_UNUSED_FUNCTION = YES;
				GCC_WARN_UNUSED_VARIABLE = YES;
				IPHONEOS_DEPLOYMENT_TARGET = 11.0;
				MTL_ENABLE_DEBUG_INFO = NO;
				SDKROOT = iphoneos;
				SWIFT_OPTIMIZATION_LEVEL = "-Owholemodule";
				VALIDATE_PRODUCT = YES;
			};
			name = Release;
		};
		1DCF1F4B1F87858500F8155D /* Debug */ = {
			isa = XCBuildConfiguration;
			baseConfigurationReference = FCED998CB93BDA062451B756 /* Pods-IS-CustomSource.debug.xcconfig */;
			buildSettings = {
				ASSETCATALOG_COMPILER_APPICON_NAME = AppIcon;
				CODE_SIGN_STYLE = Automatic;
				DEVELOPMENT_TEAM = 2CNP84DWNA;
				INFOPLIST_FILE = "IS-CustomSource/Info.plist";
				LD_RUNPATH_SEARCH_PATHS = "$(inherited) @executable_path/Frameworks";
				PRODUCT_BUNDLE_IDENTIFIER = "com.algolia.algbnb.IS-CustomSource";
				PRODUCT_NAME = "$(TARGET_NAME)";
				SWIFT_VERSION = 4.0;
				TARGETED_DEVICE_FAMILY = "1,2";
			};
			name = Debug;
		};
		1DCF1F4C1F87858500F8155D /* Release */ = {
			isa = XCBuildConfiguration;
			baseConfigurationReference = A693FF2ED0701A77DF1CD23B /* Pods-IS-CustomSource.release.xcconfig */;
			buildSettings = {
				ASSETCATALOG_COMPILER_APPICON_NAME = AppIcon;
				CODE_SIGN_STYLE = Automatic;
				DEVELOPMENT_TEAM = 2CNP84DWNA;
				INFOPLIST_FILE = "IS-CustomSource/Info.plist";
				LD_RUNPATH_SEARCH_PATHS = "$(inherited) @executable_path/Frameworks";
				PRODUCT_BUNDLE_IDENTIFIER = "com.algolia.algbnb.IS-CustomSource";
				PRODUCT_NAME = "$(TARGET_NAME)";
				SWIFT_VERSION = 4.0;
				TARGETED_DEVICE_FAMILY = "1,2";
			};
			name = Release;
		};
/* End XCBuildConfiguration section */

/* Begin XCConfigurationList section */
		1DCF1F331F87858500F8155D /* Build configuration list for PBXProject "IS-CustomSource" */ = {
			isa = XCConfigurationList;
			buildConfigurations = (
				1DCF1F481F87858500F8155D /* Debug */,
				1DCF1F491F87858500F8155D /* Release */,
			);
			defaultConfigurationIsVisible = 0;
			defaultConfigurationName = Release;
		};
		1DCF1F4A1F87858500F8155D /* Build configuration list for PBXNativeTarget "IS-CustomSource" */ = {
			isa = XCConfigurationList;
			buildConfigurations = (
				1DCF1F4B1F87858500F8155D /* Debug */,
				1DCF1F4C1F87858500F8155D /* Release */,
			);
			defaultConfigurationIsVisible = 0;
			defaultConfigurationName = Release;
		};
/* End XCConfigurationList section */
	};
	rootObject = 1DCF1F301F87858500F8155D /* Project object */;
}
