PODS:
  - AlgoliaSearch-Client-Swift (4.8.1)
  - InstantSearch-Core-Swift (1.0.1):
    - AlgoliaSearch-Client-Swift (~> 4.0)

DEPENDENCIES:
  - InstantSearch-Core-Swift (~> 1.0)

SPEC CHECKSUMS:
  AlgoliaSearch-Client-Swift: 5bdfbc8727f203773245e2410edd7a9c8e831637
  InstantSearch-Core-Swift: 0cc37cfd832ab67c47907eafc2f9b2a96451ef70

PODFILE CHECKSUM: 76a38cfdc87d359653dd884947d7382308b7a664

COCOAPODS: 1.2.1
