// !$*UTF8*$!
{
	archiveVersion = 1;
	classes = {
	};
	objectVersion = 46;
	objects = {

/* Begin PBXBuildFile section */
		0DC104E2942189E6DAE10C64 /* Pods_BasicDemo.framework in Frameworks */ = {isa = PBXBuildFile; fileRef = 43E8E303CF0843C432BE5707 /* Pods_BasicDemo.framework */; };
		E2674B281E82795800F3316E /* AppDelegate.swift in Sources */ = {isa = PBXBuildFile; fileRef = E2674B271E82795800F3316E /* AppDelegate.swift */; };
		E2674B2A1E82795800F3316E /* ViewController.swift in Sources */ = {isa = PBXBuildFile; fileRef = E2674B291E82795800F3316E /* ViewController.swift */; };
		E2674B2D1E82795800F3316E /* Main.storyboard in Resources */ = {isa = PBXBuildFile; fileRef = E2674B2B1E82795800F3316E /* Main.storyboard */; };
		E2674B2F1E82795800F3316E /* Assets.xcassets in Resources */ = {isa = PBXBuildFile; fileRef = E2674B2E1E82795800F3316E /* Assets.xcassets */; };
		E2674B321E82795800F3316E /* LaunchScreen.storyboard in Resources */ = {isa = PBXBuildFile; fileRef = E2674B301E82795800F3316E /* LaunchScreen.storyboard */; };
		E2674B571E82933200F3316E /* AlgoliaSearchManager.swift in Sources */ = {isa = PBXBuildFile; fileRef = E2674B561E82933200F3316E /* AlgoliaSearchManager.swift */; };
		E2674B631E82DA4100F3316E /* RefinementListWidget.swift in Sources */ = {isa = PBXBuildFile; fileRef = E2674B581E82DA4100F3316E /* RefinementListWidget.swift */; };
		E2674B641E82DA4100F3316E /* HitsTableWidget.swift in Sources */ = {isa = PBXBuildFile; fileRef = E2674B591E82DA4100F3316E /* HitsTableWidget.swift */; };
		E2674B651E82DA4100F3316E /* SliderWidget.swift in Sources */ = {isa = PBXBuildFile; fileRef = E2674B5A1E82DA4100F3316E /* SliderWidget.swift */; };
		E2674B661E82DA4100F3316E /* SearchBarWidget.swift in Sources */ = {isa = PBXBuildFile; fileRef = E2674B5B1E82DA4100F3316E /* SearchBarWidget.swift */; };
		E2674B671E82DA4100F3316E /* StatsWidget.swift in Sources */ = {isa = PBXBuildFile; fileRef = E2674B5C1E82DA4100F3316E /* StatsWidget.swift */; };
		E2674B681E82DA4100F3316E /* InstantSearchPresenter.swift in Sources */ = {isa = PBXBuildFile; fileRef = E2674B5D1E82DA4100F3316E /* InstantSearchPresenter.swift */; };
		E2674B691E82DA4100F3316E /* InstantSearchMultiplePresenter.swift in Sources */ = {isa = PBXBuildFile; fileRef = E2674B5E1E82DA4100F3316E /* InstantSearchMultiplePresenter.swift */; };
		E2674B6A1E82DA4100F3316E /* ClearAllWidget.swift in Sources */ = {isa = PBXBuildFile; fileRef = E2674B5F1E82DA4100F3316E /* ClearAllWidget.swift */; };
		E2674B6B1E82DA4100F3316E /* ActivityIndicatorView.swift in Sources */ = {isa = PBXBuildFile; fileRef = E2674B601E82DA4100F3316E /* ActivityIndicatorView.swift */; };
		E2674B6C1E82DA4100F3316E /* RefinementControlWidget.swift in Sources */ = {isa = PBXBuildFile; fileRef = E2674B611E82DA4100F3316E /* RefinementControlWidget.swift */; };
		E2674B6D1E82DA4100F3316E /* AlgoliaWidget.swift in Sources */ = {isa = PBXBuildFile; fileRef = E2674B621E82DA4100F3316E /* AlgoliaWidget.swift */; };
		E2674B6F1E83CCA600F3316E /* FacetController.swift in Sources */ = {isa = PBXBuildFile; fileRef = E2674B6E1E83CCA600F3316E /* FacetController.swift */; };
		E2674B711E83D35500F3316E /* Helpers.swift in Sources */ = {isa = PBXBuildFile; fileRef = E2674B701E83D35500F3316E /* Helpers.swift */; };
/* End PBXBuildFile section */

/* Begin PBXFileReference section */
		43E8E303CF0843C432BE5707 /* Pods_BasicDemo.framework */ = {isa = PBXFileReference; explicitFileType = wrapper.framework; includeInIndex = 0; path = Pods_BasicDemo.framework; sourceTree = BUILT_PRODUCTS_DIR; };
		55E9A2B40BBEAAB2C27857FA /* Pods-BasicDemo.release.xcconfig */ = {isa = PBXFileReference; includeInIndex = 1; lastKnownFileType = text.xcconfig; name = "Pods-BasicDemo.release.xcconfig"; path = "Pods/Target Support Files/Pods-BasicDemo/Pods-BasicDemo.release.xcconfig"; sourceTree = "<group>"; };
		C3889008835489B12331DF58 /* Pods-BasicDemo.debug.xcconfig */ = {isa = PBXFileReference; includeInIndex = 1; lastKnownFileType = text.xcconfig; name = "Pods-BasicDemo.debug.xcconfig"; path = "Pods/Target Support Files/Pods-BasicDemo/Pods-BasicDemo.debug.xcconfig"; sourceTree = "<group>"; };
		E2674B241E82795800F3316E /* BasicDemo.app */ = {isa = PBXFileReference; explicitFileType = wrapper.application; includeInIndex = 0; path = BasicDemo.app; sourceTree = BUILT_PRODUCTS_DIR; };
		E2674B271E82795800F3316E /* AppDelegate.swift */ = {isa = PBXFileReference; lastKnownFileType = sourcecode.swift; path = AppDelegate.swift; sourceTree = "<group>"; };
		E2674B291E82795800F3316E /* ViewController.swift */ = {isa = PBXFileReference; lastKnownFileType = sourcecode.swift; path = ViewController.swift; sourceTree = "<group>"; };
		E2674B2C1E82795800F3316E /* Base */ = {isa = PBXFileReference; lastKnownFileType = file.storyboard; name = Base; path = Base.lproj/Main.storyboard; sourceTree = "<group>"; };
		E2674B2E1E82795800F3316E /* Assets.xcassets */ = {isa = PBXFileReference; lastKnownFileType = folder.assetcatalog; path = Assets.xcassets; sourceTree = "<group>"; };
		E2674B311E82795800F3316E /* Base */ = {isa = PBXFileReference; lastKnownFileType = file.storyboard; name = Base; path = Base.lproj/LaunchScreen.storyboard; sourceTree = "<group>"; };
		E2674B331E82795800F3316E /* Info.plist */ = {isa = PBXFileReference; lastKnownFileType = text.plist.xml; path = Info.plist; sourceTree = "<group>"; };
		E2674B561E82933200F3316E /* AlgoliaSearchManager.swift */ = {isa = PBXFileReference; fileEncoding = 4; lastKnownFileType = sourcecode.swift; path = AlgoliaSearchManager.swift; sourceTree = "<group>"; };
		E2674B581E82DA4100F3316E /* RefinementListWidget.swift */ = {isa = PBXFileReference; fileEncoding = 4; lastKnownFileType = sourcecode.swift; path = RefinementListWidget.swift; sourceTree = "<group>"; };
		E2674B591E82DA4100F3316E /* HitsTableWidget.swift */ = {isa = PBXFileReference; fileEncoding = 4; lastKnownFileType = sourcecode.swift; path = HitsTableWidget.swift; sourceTree = "<group>"; };
		E2674B5A1E82DA4100F3316E /* SliderWidget.swift */ = {isa = PBXFileReference; fileEncoding = 4; lastKnownFileType = sourcecode.swift; path = SliderWidget.swift; sourceTree = "<group>"; };
		E2674B5B1E82DA4100F3316E /* SearchBarWidget.swift */ = {isa = PBXFileReference; fileEncoding = 4; lastKnownFileType = sourcecode.swift; path = SearchBarWidget.swift; sourceTree = "<group>"; };
		E2674B5C1E82DA4100F3316E /* StatsWidget.swift */ = {isa = PBXFileReference; fileEncoding = 4; lastKnownFileType = sourcecode.swift; path = StatsWidget.swift; sourceTree = "<group>"; };
		E2674B5D1E82DA4100F3316E /* InstantSearchPresenter.swift */ = {isa = PBXFileReference; fileEncoding = 4; lastKnownFileType = sourcecode.swift; path = InstantSearchPresenter.swift; sourceTree = "<group>"; };
		E2674B5E1E82DA4100F3316E /* InstantSearchMultiplePresenter.swift */ = {isa = PBXFileReference; fileEncoding = 4; lastKnownFileType = sourcecode.swift; path = InstantSearchMultiplePresenter.swift; sourceTree = "<group>"; };
		E2674B5F1E82DA4100F3316E /* ClearAllWidget.swift */ = {isa = PBXFileReference; fileEncoding = 4; lastKnownFileType = sourcecode.swift; path = ClearAllWidget.swift; sourceTree = "<group>"; };
		E2674B601E82DA4100F3316E /* ActivityIndicatorView.swift */ = {isa = PBXFileReference; fileEncoding = 4; lastKnownFileType = sourcecode.swift; path = ActivityIndicatorView.swift; sourceTree = "<group>"; };
		E2674B611E82DA4100F3316E /* RefinementControlWidget.swift */ = {isa = PBXFileReference; fileEncoding = 4; lastKnownFileType = sourcecode.swift; path = RefinementControlWidget.swift; sourceTree = "<group>"; };
		E2674B621E82DA4100F3316E /* AlgoliaWidget.swift */ = {isa = PBXFileReference; fileEncoding = 4; lastKnownFileType = sourcecode.swift; path = AlgoliaWidget.swift; sourceTree = "<group>"; };
		E2674B6E1E83CCA600F3316E /* FacetController.swift */ = {isa = PBXFileReference; fileEncoding = 4; lastKnownFileType = sourcecode.swift; path = FacetController.swift; sourceTree = "<group>"; };
		E2674B701E83D35500F3316E /* Helpers.swift */ = {isa = PBXFileReference; fileEncoding = 4; lastKnownFileType = sourcecode.swift; path = Helpers.swift; sourceTree = "<group>"; };
/* End PBXFileReference section */

/* Begin PBXFrameworksBuildPhase section */
		E2674B211E82795800F3316E /* Frameworks */ = {
			isa = PBXFrameworksBuildPhase;
			buildActionMask = 2147483647;
			files = (
				0DC104E2942189E6DAE10C64 /* Pods_BasicDemo.framework in Frameworks */,
			);
			runOnlyForDeploymentPostprocessing = 0;
		};
/* End PBXFrameworksBuildPhase section */

/* Begin PBXGroup section */
		89E940D8E3B8B44DDA6BCE80 /* Pods */ = {
			isa = PBXGroup;
			children = (
				C3889008835489B12331DF58 /* Pods-BasicDemo.debug.xcconfig */,
				55E9A2B40BBEAAB2C27857FA /* Pods-BasicDemo.release.xcconfig */,
			);
			name = Pods;
			sourceTree = "<group>";
		};
		E2674B1B1E82795800F3316E = {
			isa = PBXGroup;
			children = (
				E2674B261E82795800F3316E /* BasicDemo */,
				E2674B251E82795800F3316E /* Products */,
				89E940D8E3B8B44DDA6BCE80 /* Pods */,
				FB3C10D98502754C1FF64239 /* Frameworks */,
			);
			sourceTree = "<group>";
		};
		E2674B251E82795800F3316E /* Products */ = {
			isa = PBXGroup;
			children = (
				E2674B241E82795800F3316E /* BasicDemo.app */,
			);
			name = Products;
			sourceTree = "<group>";
		};
		E2674B261E82795800F3316E /* BasicDemo */ = {
			isa = PBXGroup;
			children = (
				E2674B551E82902400F3316E /* InstantSearch Lib */,
				E2674B291E82795800F3316E /* ViewController.swift */,
				E2674B6E1E83CCA600F3316E /* FacetController.swift */,
				E2674B561E82933200F3316E /* AlgoliaSearchManager.swift */,
				E2674B2B1E82795800F3316E /* Main.storyboard */,
				E2674B721E83D60700F3316E /* Others */,
			);
			path = BasicDemo;
			sourceTree = "<group>";
		};
		E2674B551E82902400F3316E /* InstantSearch Lib */ = {
			isa = PBXGroup;
			children = (
				E2674B701E83D35500F3316E /* Helpers.swift */,
				E2674B581E82DA4100F3316E /* RefinementListWidget.swift */,
				E2674B591E82DA4100F3316E /* HitsTableWidget.swift */,
				E2674B5A1E82DA4100F3316E /* SliderWidget.swift */,
				E2674B5B1E82DA4100F3316E /* SearchBarWidget.swift */,
				E2674B5C1E82DA4100F3316E /* StatsWidget.swift */,
				E2674B5D1E82DA4100F3316E /* InstantSearchPresenter.swift */,
				E2674B5E1E82DA4100F3316E /* InstantSearchMultiplePresenter.swift */,
				E2674B5F1E82DA4100F3316E /* ClearAllWidget.swift */,
				E2674B601E82DA4100F3316E /* ActivityIndicatorView.swift */,
				E2674B611E82DA4100F3316E /* RefinementControlWidget.swift */,
				E2674B621E82DA4100F3316E /* AlgoliaWidget.swift */,
			);
			name = "InstantSearch Lib";
			sourceTree = "<group>";
		};
		E2674B721E83D60700F3316E /* Others */ = {
			isa = PBXGroup;
			children = (
				E2674B271E82795800F3316E /* AppDelegate.swift */,
				E2674B2E1E82795800F3316E /* Assets.xcassets */,
				E2674B301E82795800F3316E /* LaunchScreen.storyboard */,
				E2674B331E82795800F3316E /* Info.plist */,
			);
			name = Others;
			sourceTree = "<group>";
		};
		FB3C10D98502754C1FF64239 /* Frameworks */ = {
			isa = PBXGroup;
			children = (
				43E8E303CF0843C432BE5707 /* Pods_BasicDemo.framework */,
			);
			name = Frameworks;
			sourceTree = "<group>";
		};
/* End PBXGroup section */

/* Begin PBXNativeTarget section */
		E2674B231E82795800F3316E /* BasicDemo */ = {
			isa = PBXNativeTarget;
			buildConfigurationList = E2674B361E82795800F3316E /* Build configuration list for PBXNativeTarget "BasicDemo" */;
			buildPhases = (
				2F54F8B98177FC072E8AC935 /* [CP] Check Pods Manifest.lock */,
				E2674B201E82795800F3316E /* Sources */,
				E2674B211E82795800F3316E /* Frameworks */,
				E2674B221E82795800F3316E /* Resources */,
				0D35441131FC272479AEF122 /* [CP] Embed Pods Frameworks */,
				5851A69AE4B184481392673D /* [CP] Copy Pods Resources */,
			);
			buildRules = (
			);
			dependencies = (
			);
			name = BasicDemo;
			productName = BasicDemo;
			productReference = E2674B241E82795800F3316E /* BasicDemo.app */;
			productType = "com.apple.product-type.application";
		};
/* End PBXNativeTarget section */

/* Begin PBXProject section */
		E2674B1C1E82795800F3316E /* Project object */ = {
			isa = PBXProject;
			attributes = {
				LastSwiftUpdateCheck = 0820;
				LastUpgradeCheck = 0820;
				ORGANIZATIONNAME = "Guy Daher";
				TargetAttributes = {
					E2674B231E82795800F3316E = {
						CreatedOnToolsVersion = 8.2.1;
						DevelopmentTeam = K3DV6EU9CV;
						ProvisioningStyle = Automatic;
					};
				};
			};
			buildConfigurationList = E2674B1F1E82795800F3316E /* Build configuration list for PBXProject "BasicDemo" */;
			compatibilityVersion = "Xcode 3.2";
			developmentRegion = English;
			hasScannedForEncodings = 0;
			knownRegions = (
				en,
				Base,
			);
			mainGroup = E2674B1B1E82795800F3316E;
			productRefGroup = E2674B251E82795800F3316E /* Products */;
			projectDirPath = "";
			projectRoot = "";
			targets = (
				E2674B231E82795800F3316E /* BasicDemo */,
			);
		};
/* End PBXProject section */

/* Begin PBXResourcesBuildPhase section */
		E2674B221E82795800F3316E /* Resources */ = {
			isa = PBXResourcesBuildPhase;
			buildActionMask = 2147483647;
			files = (
				E2674B321E82795800F3316E /* LaunchScreen.storyboard in Resources */,
				E2674B2F1E82795800F3316E /* Assets.xcassets in Resources */,
				E2674B2D1E82795800F3316E /* Main.storyboard in Resources */,
			);
			runOnlyForDeploymentPostprocessing = 0;
		};
/* End PBXResourcesBuildPhase section */

/* Begin PBXShellScriptBuildPhase section */
		0D35441131FC272479AEF122 /* [CP] Embed Pods Frameworks */ = {
			isa = PBXShellScriptBuildPhase;
			buildActionMask = 2147483647;
			files = (
			);
			inputPaths = (
			);
			name = "[CP] Embed Pods Frameworks";
			outputPaths = (
			);
			runOnlyForDeploymentPostprocessing = 0;
			shellPath = /bin/sh;
			shellScript = "\"${SRCROOT}/Pods/Target Support Files/Pods-BasicDemo/Pods-BasicDemo-frameworks.sh\"\n";
			showEnvVarsInLog = 0;
		};
		2F54F8B98177FC072E8AC935 /* [CP] Check Pods Manifest.lock */ = {
			isa = PBXShellScriptBuildPhase;
			buildActionMask = 2147483647;
			files = (
			);
			inputPaths = (
			);
			name = "[CP] Check Pods Manifest.lock";
			outputPaths = (
			);
			runOnlyForDeploymentPostprocessing = 0;
			shellPath = /bin/sh;
			shellScript = "diff \"${PODS_ROOT}/../Podfile.lock\" \"${PODS_ROOT}/Manifest.lock\" > /dev/null\nif [ $? != 0 ] ; then\n    # print error to STDERR\n    echo \"error: The sandbox is not in sync with the Podfile.lock. Run 'pod install' or update your CocoaPods installation.\" >&2\n    exit 1\nfi\n";
			showEnvVarsInLog = 0;
		};
		5851A69AE4B184481392673D /* [CP] Copy Pods Resources */ = {
			isa = PBXShellScriptBuildPhase;
			buildActionMask = 2147483647;
			files = (
			);
			inputPaths = (
			);
			name = "[CP] Copy Pods Resources";
			outputPaths = (
			);
			runOnlyForDeploymentPostprocessing = 0;
			shellPath = /bin/sh;
			shellScript = "\"${SRCROOT}/Pods/Target Support Files/Pods-BasicDemo/Pods-BasicDemo-resources.sh\"\n";
			showEnvVarsInLog = 0;
		};
/* End PBXShellScriptBuildPhase section */

/* Begin PBXSourcesBuildPhase section */
		E2674B201E82795800F3316E /* Sources */ = {
			isa = PBXSourcesBuildPhase;
			buildActionMask = 2147483647;
			files = (
				E2674B6A1E82DA4100F3316E /* ClearAllWidget.swift in Sources */,
				E2674B6F1E83CCA600F3316E /* FacetController.swift in Sources */,
				E2674B2A1E82795800F3316E /* ViewController.swift in Sources */,
				E2674B661E82DA4100F3316E /* SearchBarWidget.swift in Sources */,
				E2674B6D1E82DA4100F3316E /* AlgoliaWidget.swift in Sources */,
				E2674B6B1E82DA4100F3316E /* ActivityIndicatorView.swift in Sources */,
				E2674B681E82DA4100F3316E /* InstantSearchPresenter.swift in Sources */,
				E2674B6C1E82DA4100F3316E /* RefinementControlWidget.swift in Sources */,
				E2674B281E82795800F3316E /* AppDelegate.swift in Sources */,
				E2674B691E82DA4100F3316E /* InstantSearchMultiplePresenter.swift in Sources */,
				E2674B631E82DA4100F3316E /* RefinementListWidget.swift in Sources */,
				E2674B711E83D35500F3316E /* Helpers.swift in Sources */,
				E2674B571E82933200F3316E /* AlgoliaSearchManager.swift in Sources */,
				E2674B651E82DA4100F3316E /* SliderWidget.swift in Sources */,
				E2674B641E82DA4100F3316E /* HitsTableWidget.swift in Sources */,
				E2674B671E82DA4100F3316E /* StatsWidget.swift in Sources */,
			);
			runOnlyForDeploymentPostprocessing = 0;
		};
/* End PBXSourcesBuildPhase section */

/* Begin PBXVariantGroup section */
		E2674B2B1E82795800F3316E /* Main.storyboard */ = {
			isa = PBXVariantGroup;
			children = (
				E2674B2C1E82795800F3316E /* Base */,
			);
			name = Main.storyboard;
			sourceTree = "<group>";
		};
		E2674B301E82795800F3316E /* LaunchScreen.storyboard */ = {
			isa = PBXVariantGroup;
			children = (
				E2674B311E82795800F3316E /* Base */,
			);
			name = LaunchScreen.storyboard;
			sourceTree = "<group>";
		};
/* End PBXVariantGroup section */

/* Begin XCBuildConfiguration section */
		E2674B341E82795800F3316E /* Debug */ = {
			isa = XCBuildConfiguration;
			buildSettings = {
				ALWAYS_SEARCH_USER_PATHS = NO;
				CLANG_ANALYZER_NONNULL = YES;
				CLANG_CXX_LANGUAGE_STANDARD = "gnu++0x";
				CLANG_CXX_LIBRARY = "libc++";
				CLANG_ENABLE_MODULES = YES;
				CLANG_ENABLE_OBJC_ARC = YES;
				CLANG_WARN_BOOL_CONVERSION = YES;
				CLANG_WARN_CONSTANT_CONVERSION = YES;
				CLANG_WARN_DIRECT_OBJC_ISA_USAGE = YES_ERROR;
				CLANG_WARN_DOCUMENTATION_COMMENTS = YES;
				CLANG_WARN_EMPTY_BODY = YES;
				CLANG_WARN_ENUM_CONVERSION = YES;
				CLANG_WARN_INFINITE_RECURSION = YES;
				CLANG_WARN_INT_CONVERSION = YES;
				CLANG_WARN_OBJC_ROOT_CLASS = YES_ERROR;
				CLANG_WARN_SUSPICIOUS_MOVE = YES;
				CLANG_WARN_UNREACHABLE_CODE = YES;
				CLANG_WARN__DUPLICATE_METHOD_MATCH = YES;
				"CODE_SIGN_IDENTITY[sdk=iphoneos*]" = "iPhone Developer";
				COPY_PHASE_STRIP = NO;
				DEBUG_INFORMATION_FORMAT = dwarf;
				ENABLE_STRICT_OBJC_MSGSEND = YES;
				ENABLE_TESTABILITY = YES;
				GCC_C_LANGUAGE_STANDARD = gnu99;
				GCC_DYNAMIC_NO_PIC = NO;
				GCC_NO_COMMON_BLOCKS = YES;
				GCC_OPTIMIZATION_LEVEL = 0;
				GCC_PREPROCESSOR_DEFINITIONS = (
					"DEBUG=1",
					"$(inherited)",
				);
				GCC_WARN_64_TO_32_BIT_CONVERSION = YES;
				GCC_WARN_ABOUT_RETURN_TYPE = YES_ERROR;
				GCC_WARN_UNDECLARED_SELECTOR = YES;
				GCC_WARN_UNINITIALIZED_AUTOS = YES_AGGRESSIVE;
				GCC_WARN_UNUSED_FUNCTION = YES;
				GCC_WARN_UNUSED_VARIABLE = YES;
				IPHONEOS_DEPLOYMENT_TARGET = 10.2;
				MTL_ENABLE_DEBUG_INFO = YES;
				ONLY_ACTIVE_ARCH = YES;
				SDKROOT = iphoneos;
				SWIFT_ACTIVE_COMPILATION_CONDITIONS = DEBUG;
				SWIFT_OPTIMIZATION_LEVEL = "-Onone";
				TARGETED_DEVICE_FAMILY = "1,2";
			};
			name = Debug;
		};
		E2674B351E82795800F3316E /* Release */ = {
			isa = XCBuildConfiguration;
			buildSettings = {
				ALWAYS_SEARCH_USER_PATHS = NO;
				CLANG_ANALYZER_NONNULL = YES;
				CLANG_CXX_LANGUAGE_STANDARD = "gnu++0x";
				CLANG_CXX_LIBRARY = "libc++";
				CLANG_ENABLE_MODULES = YES;
				CLANG_ENABLE_OBJC_ARC = YES;
				CLANG_WARN_BOOL_CONVERSION = YES;
				CLANG_WARN_CONSTANT_CONVERSION = YES;
				CLANG_WARN_DIRECT_OBJC_ISA_USAGE = YES_ERROR;
				CLANG_WARN_DOCUMENTATION_COMMENTS = YES;
				CLANG_WARN_EMPTY_BODY = YES;
				CLANG_WARN_ENUM_CONVERSION = YES;
				CLANG_WARN_INFINITE_RECURSION = YES;
				CLANG_WARN_INT_CONVERSION = YES;
				CLANG_WARN_OBJC_ROOT_CLASS = YES_ERROR;
				CLANG_WARN_SUSPICIOUS_MOVE = YES;
				CLANG_WARN_UNREACHABLE_CODE = YES;
				CLANG_WARN__DUPLICATE_METHOD_MATCH = YES;
				"CODE_SIGN_IDENTITY[sdk=iphoneos*]" = "iPhone Developer";
				COPY_PHASE_STRIP = NO;
				DEBUG_INFORMATION_FORMAT = "dwarf-with-dsym";
				ENABLE_NS_ASSERTIONS = NO;
				ENABLE_STRICT_OBJC_MSGSEND = YES;
				GCC_C_LANGUAGE_STANDARD = gnu99;
				GCC_NO_COMMON_BLOCKS = YES;
				GCC_WARN_64_TO_32_BIT_CONVERSION = YES;
				GCC_WARN_ABOUT_RETURN_TYPE = YES_ERROR;
				GCC_WARN_UNDECLARED_SELECTOR = YES;
				GCC_WARN_UNINITIALIZED_AUTOS = YES_AGGRESSIVE;
				GCC_WARN_UNUSED_FUNCTION = YES;
				GCC_WARN_UNUSED_VARIABLE = YES;
				IPHONEOS_DEPLOYMENT_TARGET = 10.2;
				MTL_ENABLE_DEBUG_INFO = NO;
				SDKROOT = iphoneos;
				SWIFT_OPTIMIZATION_LEVEL = "-Owholemodule";
				TARGETED_DEVICE_FAMILY = "1,2";
				VALIDATE_PRODUCT = YES;
			};
			name = Release;
		};
		E2674B371E82795800F3316E /* Debug */ = {
			isa = XCBuildConfiguration;
			baseConfigurationReference = C3889008835489B12331DF58 /* Pods-BasicDemo.debug.xcconfig */;
			buildSettings = {
				ASSETCATALOG_COMPILER_APPICON_NAME = AppIcon;
				DEVELOPMENT_TEAM = K3DV6EU9CV;
				INFOPLIST_FILE = BasicDemo/Info.plist;
				LD_RUNPATH_SEARCH_PATHS = "$(inherited) @executable_path/Frameworks";
				PRODUCT_BUNDLE_IDENTIFIER = io.daher.BasicDemo;
				PRODUCT_NAME = "$(TARGET_NAME)";
				SWIFT_VERSION = 3.0;
			};
			name = Debug;
		};
		E2674B381E82795800F3316E /* Release */ = {
			isa = XCBuildConfiguration;
			baseConfigurationReference = 55E9A2B40BBEAAB2C27857FA /* Pods-BasicDemo.release.xcconfig */;
			buildSettings = {
				ASSETCATALOG_COMPILER_APPICON_NAME = AppIcon;
				DEVELOPMENT_TEAM = K3DV6EU9CV;
				INFOPLIST_FILE = BasicDemo/Info.plist;
				LD_RUNPATH_SEARCH_PATHS = "$(inherited) @executable_path/Frameworks";
				PRODUCT_BUNDLE_IDENTIFIER = io.daher.BasicDemo;
				PRODUCT_NAME = "$(TARGET_NAME)";
				SWIFT_VERSION = 3.0;
			};
			name = Release;
		};
/* End XCBuildConfiguration section */

/* Begin XCConfigurationList section */
		E2674B1F1E82795800F3316E /* Build configuration list for PBXProject "BasicDemo" */ = {
			isa = XCConfigurationList;
			buildConfigurations = (
				E2674B341E82795800F3316E /* Debug */,
				E2674B351E82795800F3316E /* Release */,
			);
			defaultConfigurationIsVisible = 0;
			defaultConfigurationName = Release;
		};
		E2674B361E82795800F3316E /* Build configuration list for PBXNativeTarget "BasicDemo" */ = {
			isa = XCConfigurationList;
			buildConfigurations = (
				E2674B371E82795800F3316E /* Debug */,
				E2674B381E82795800F3316E /* Release */,
			);
			defaultConfigurationIsVisible = 0;
			defaultConfigurationName = Release;
		};
/* End XCConfigurationList section */
	};
	rootObject = E2674B1C1E82795800F3316E /* Project object */;
}
