// !$*UTF8*$!
{
	archiveVersion = 1;
	classes = {
	};
	objectVersion = 48;
	objects = {

/* Begin PBXBuildFile section */
		4497C06FA39F08EBF42E3647 /* Pods_Movies.framework in Frameworks */ = {isa = PBXBuildFile; fileRef = 6F34609C782320108D88C105 /* Pods_Movies.framework */; };
		E291ADED1FD5AAA200E63894 /* AppDelegate.swift in Sources */ = {isa = PBXBuildFile; fileRef = E291ADEC1FD5AAA200E63894 /* AppDelegate.swift */; };
		E291ADEF1FD5AAA200E63894 /* ViewController.swift in Sources */ = {isa = PBXBuildFile; fileRef = E291ADEE1FD5AAA200E63894 /* ViewController.swift */; };
		E291ADF21FD5AAA200E63894 /* Main.storyboard in Resources */ = {isa = PBXBuildFile; fileRef = E291ADF01FD5AAA200E63894 /* Main.storyboard */; };
		E291ADF41FD5AAA200E63894 /* Assets.xcassets in Resources */ = {isa = PBXBuildFile; fileRef = E291ADF31FD5AAA200E63894 /* Assets.xcassets */; };
		E291ADF71FD5AAA200E63894 /* LaunchScreen.storyboard in Resources */ = {isa = PBXBuildFile; fileRef = E291ADF51FD5AAA200E63894 /* LaunchScreen.storyboard */; };
		E291ADFF1FD5B51700E63894 /* Cell.swift in Sources */ = {isa = PBXBuildFile; fileRef = E291ADFE1FD5B51700E63894 /* Cell.swift */; };
		E291AE061FD5B91400E63894 /* DetailViewController.swift in Sources */ = {isa = PBXBuildFile; fileRef = E291AE041FD5B91400E63894 /* DetailViewController.swift */; };
		E291AE071FD5B91400E63894 /* DetailViewController.xib in Resources */ = {isa = PBXBuildFile; fileRef = E291AE051FD5B91400E63894 /* DetailViewController.xib */; };
/* End PBXBuildFile section */

/* Begin PBXFileReference section */
		6F34609C782320108D88C105 /* Pods_Movies.framework */ = {isa = PBXFileReference; explicitFileType = wrapper.framework; includeInIndex = 0; path = Pods_Movies.framework; sourceTree = BUILT_PRODUCTS_DIR; };
		B0878E1E615A0A2C9227C323 /* Pods-Movies.release.xcconfig */ = {isa = PBXFileReference; includeInIndex = 1; lastKnownFileType = text.xcconfig; name = "Pods-Movies.release.xcconfig"; path = "Pods/Target Support Files/Pods-Movies/Pods-Movies.release.xcconfig"; sourceTree = "<group>"; };
		E291ADE91FD5AAA200E63894 /* Movies.app */ = {isa = PBXFileReference; explicitFileType = wrapper.application; includeInIndex = 0; path = Movies.app; sourceTree = BUILT_PRODUCTS_DIR; };
		E291ADEC1FD5AAA200E63894 /* AppDelegate.swift */ = {isa = PBXFileReference; lastKnownFileType = sourcecode.swift; path = AppDelegate.swift; sourceTree = "<group>"; };
		E291ADEE1FD5AAA200E63894 /* ViewController.swift */ = {isa = PBXFileReference; lastKnownFileType = sourcecode.swift; path = ViewController.swift; sourceTree = "<group>"; };
		E291ADF11FD5AAA200E63894 /* Base */ = {isa = PBXFileReference; lastKnownFileType = file.storyboard; name = Base; path = Base.lproj/Main.storyboard; sourceTree = "<group>"; };
		E291ADF31FD5AAA200E63894 /* Assets.xcassets */ = {isa = PBXFileReference; lastKnownFileType = folder.assetcatalog; path = Assets.xcassets; sourceTree = "<group>"; };
		E291ADF61FD5AAA200E63894 /* Base */ = {isa = PBXFileReference; lastKnownFileType = file.storyboard; name = Base; path = Base.lproj/LaunchScreen.storyboard; sourceTree = "<group>"; };
		E291ADF81FD5AAA200E63894 /* Info.plist */ = {isa = PBXFileReference; lastKnownFileType = text.plist.xml; path = Info.plist; sourceTree = "<group>"; };
		E291ADFE1FD5B51700E63894 /* Cell.swift */ = {isa = PBXFileReference; lastKnownFileType = sourcecode.swift; path = Cell.swift; sourceTree = "<group>"; };
		E291AE041FD5B91400E63894 /* DetailViewController.swift */ = {isa = PBXFileReference; lastKnownFileType = sourcecode.swift; path = DetailViewController.swift; sourceTree = "<group>"; };
		E291AE051FD5B91400E63894 /* DetailViewController.xib */ = {isa = PBXFileReference; lastKnownFileType = file.xib; path = DetailViewController.xib; sourceTree = "<group>"; };
		FEC9994490CC8479B02F2664 /* Pods-Movies.debug.xcconfig */ = {isa = PBXFileReference; includeInIndex = 1; lastKnownFileType = text.xcconfig; name = "Pods-Movies.debug.xcconfig"; path = "Pods/Target Support Files/Pods-Movies/Pods-Movies.debug.xcconfig"; sourceTree = "<group>"; };
/* End PBXFileReference section */

/* Begin PBXFrameworksBuildPhase section */
		E291ADE61FD5AAA200E63894 /* Frameworks */ = {
			isa = PBXFrameworksBuildPhase;
			buildActionMask = 2147483647;
			files = (
				4497C06FA39F08EBF42E3647 /* Pods_Movies.framework in Frameworks */,
			);
			runOnlyForDeploymentPostprocessing = 0;
		};
/* End PBXFrameworksBuildPhase section */

/* Begin PBXGroup section */
		34FD34A53174E706B9E5D43C /* Frameworks */ = {
			isa = PBXGroup;
			children = (
				6F34609C782320108D88C105 /* Pods_Movies.framework */,
			);
			name = Frameworks;
			sourceTree = "<group>";
		};
		6C09381FA91B18D11DD1D85B /* Pods */ = {
			isa = PBXGroup;
			children = (
				FEC9994490CC8479B02F2664 /* Pods-Movies.debug.xcconfig */,
				B0878E1E615A0A2C9227C323 /* Pods-Movies.release.xcconfig */,
			);
			name = Pods;
			sourceTree = "<group>";
		};
		E291ADE01FD5AAA100E63894 = {
			isa = PBXGroup;
			children = (
				E291ADEB1FD5AAA200E63894 /* Movies */,
				E291ADEA1FD5AAA200E63894 /* Products */,
				6C09381FA91B18D11DD1D85B /* Pods */,
				34FD34A53174E706B9E5D43C /* Frameworks */,
			);
			sourceTree = "<group>";
		};
		E291ADEA1FD5AAA200E63894 /* Products */ = {
			isa = PBXGroup;
			children = (
				E291ADE91FD5AAA200E63894 /* Movies.app */,
			);
			name = Products;
			sourceTree = "<group>";
		};
		E291ADEB1FD5AAA200E63894 /* Movies */ = {
			isa = PBXGroup;
			children = (
				E291ADEC1FD5AAA200E63894 /* AppDelegate.swift */,
				E291ADEE1FD5AAA200E63894 /* ViewController.swift */,
				E291AE041FD5B91400E63894 /* DetailViewController.swift */,
				E291AE051FD5B91400E63894 /* DetailViewController.xib */,
				E291ADFE1FD5B51700E63894 /* Cell.swift */,
				E291ADF01FD5AAA200E63894 /* Main.storyboard */,
				E291ADF31FD5AAA200E63894 /* Assets.xcassets */,
				E291ADF51FD5AAA200E63894 /* LaunchScreen.storyboard */,
				E291ADF81FD5AAA200E63894 /* Info.plist */,
			);
			path = Movies;
			sourceTree = "<group>";
		};
/* End PBXGroup section */

/* Begin PBXNativeTarget section */
		E291ADE81FD5AAA200E63894 /* Movies */ = {
			isa = PBXNativeTarget;
			buildConfigurationList = E291ADFB1FD5AAA200E63894 /* Build configuration list for PBXNativeTarget "Movies" */;
			buildPhases = (
				D257B63DF055E0586250C404 /* [CP] Check Pods Manifest.lock */,
				E291ADE51FD5AAA200E63894 /* Sources */,
				E291ADE61FD5AAA200E63894 /* Frameworks */,
				E291ADE71FD5AAA200E63894 /* Resources */,
				1351FE4E1174A592F00BF924 /* [CP] Embed Pods Frameworks */,
				AC696A8BED4B50B85252B594 /* [CP] Copy Pods Resources */,
			);
			buildRules = (
			);
			dependencies = (
			);
			name = Movies;
			productName = Movies;
			productReference = E291ADE91FD5AAA200E63894 /* Movies.app */;
			productType = "com.apple.product-type.application";
		};
/* End PBXNativeTarget section */

/* Begin PBXProject section */
		E291ADE11FD5AAA100E63894 /* Project object */ = {
			isa = PBXProject;
			attributes = {
				LastSwiftUpdateCheck = 0910;
				LastUpgradeCheck = 0910;
				ORGANIZATIONNAME = Algolia;
				TargetAttributes = {
					E291ADE81FD5AAA200E63894 = {
						CreatedOnToolsVersion = 9.1;
						ProvisioningStyle = Automatic;
					};
				};
			};
			buildConfigurationList = E291ADE41FD5AAA100E63894 /* Build configuration list for PBXProject "Movies" */;
			compatibilityVersion = "Xcode 8.0";
			developmentRegion = en;
			hasScannedForEncodings = 0;
			knownRegions = (
				en,
				Base,
			);
			mainGroup = E291ADE01FD5AAA100E63894;
			productRefGroup = E291ADEA1FD5AAA200E63894 /* Products */;
			projectDirPath = "";
			projectRoot = "";
			targets = (
				E291ADE81FD5AAA200E63894 /* Movies */,
			);
		};
/* End PBXProject section */

/* Begin PBXResourcesBuildPhase section */
		E291ADE71FD5AAA200E63894 /* Resources */ = {
			isa = PBXResourcesBuildPhase;
			buildActionMask = 2147483647;
			files = (
				E291ADF71FD5AAA200E63894 /* LaunchScreen.storyboard in Resources */,
				E291ADF41FD5AAA200E63894 /* Assets.xcassets in Resources */,
				E291ADF21FD5AAA200E63894 /* Main.storyboard in Resources */,
				E291AE071FD5B91400E63894 /* DetailViewController.xib in Resources */,
			);
			runOnlyForDeploymentPostprocessing = 0;
		};
/* End PBXResourcesBuildPhase section */

/* Begin PBXShellScriptBuildPhase section */
		1351FE4E1174A592F00BF924 /* [CP] Embed Pods Frameworks */ = {
			isa = PBXShellScriptBuildPhase;
			buildActionMask = 2147483647;
			files = (
			);
			inputPaths = (
				"${SRCROOT}/Pods/Target Support Files/Pods-Movies/Pods-Movies-frameworks.sh",
				"${BUILT_PRODUCTS_DIR}/AFNetworking/AFNetworking.framework",
				"${BUILT_PRODUCTS_DIR}/AlgoliaSearch-Client-Swift/AlgoliaSearch.framework",
				"${BUILT_PRODUCTS_DIR}/InstantSearch-Core-Swift/InstantSearchCore.framework",
				"${BUILT_PRODUCTS_DIR}/InstantSearch-iOS/InstantSearch.framework",
			);
			name = "[CP] Embed Pods Frameworks";
			outputPaths = (
				"${TARGET_BUILD_DIR}/${FRAMEWORKS_FOLDER_PATH}/AFNetworking.framework",
				"${TARGET_BUILD_DIR}/${FRAMEWORKS_FOLDER_PATH}/AlgoliaSearch.framework",
				"${TARGET_BUILD_DIR}/${FRAMEWORKS_FOLDER_PATH}/InstantSearchCore.framework",
				"${TARGET_BUILD_DIR}/${FRAMEWORKS_FOLDER_PATH}/InstantSearch.framework",
			);
			runOnlyForDeploymentPostprocessing = 0;
			shellPath = /bin/sh;
			shellScript = "\"${SRCROOT}/Pods/Target Support Files/Pods-Movies/Pods-Movies-frameworks.sh\"\n";
			showEnvVarsInLog = 0;
		};
		AC696A8BED4B50B85252B594 /* [CP] Copy Pods Resources */ = {
			isa = PBXShellScriptBuildPhase;
			buildActionMask = 2147483647;
			files = (
			);
			inputPaths = (
			);
			name = "[CP] Copy Pods Resources";
			outputPaths = (
			);
			runOnlyForDeploymentPostprocessing = 0;
			shellPath = /bin/sh;
			shellScript = "\"${SRCROOT}/Pods/Target Support Files/Pods-Movies/Pods-Movies-resources.sh\"\n";
			showEnvVarsInLog = 0;
		};
		D257B63DF055E0586250C404 /* [CP] Check Pods Manifest.lock */ = {
			isa = PBXShellScriptBuildPhase;
			buildActionMask = 2147483647;
			files = (
			);
			inputPaths = (
				"${PODS_PODFILE_DIR_PATH}/Podfile.lock",
				"${PODS_ROOT}/Manifest.lock",
			);
			name = "[CP] Check Pods Manifest.lock";
			outputPaths = (
				"$(DERIVED_FILE_DIR)/Pods-Movies-checkManifestLockResult.txt",
			);
			runOnlyForDeploymentPostprocessing = 0;
			shellPath = /bin/sh;
			shellScript = "diff \"${PODS_PODFILE_DIR_PATH}/Podfile.lock\" \"${PODS_ROOT}/Manifest.lock\" > /dev/null\nif [ $? != 0 ] ; then\n    # print error to STDERR\n    echo \"error: The sandbox is not in sync with the Podfile.lock. Run 'pod install' or update your CocoaPods installation.\" >&2\n    exit 1\nfi\n# This output is used by Xcode 'outputs' to avoid re-running this script phase.\necho \"SUCCESS\" > \"${SCRIPT_OUTPUT_FILE_0}\"\n";
			showEnvVarsInLog = 0;
		};
/* End PBXShellScriptBuildPhase section */

/* Begin PBXSourcesBuildPhase section */
		E291ADE51FD5AAA200E63894 /* Sources */ = {
			isa = PBXSourcesBuildPhase;
			buildActionMask = 2147483647;
			files = (
				E291ADEF1FD5AAA200E63894 /* ViewController.swift in Sources */,
				E291ADED1FD5AAA200E63894 /* AppDelegate.swift in Sources */,
				E291ADFF1FD5B51700E63894 /* Cell.swift in Sources */,
				E291AE061FD5B91400E63894 /* DetailViewController.swift in Sources */,
			);
			runOnlyForDeploymentPostprocessing = 0;
		};
/* End PBXSourcesBuildPhase section */

/* Begin PBXVariantGroup section */
		E291ADF01FD5AAA200E63894 /* Main.storyboard */ = {
			isa = PBXVariantGroup;
			children = (
				E291ADF11FD5AAA200E63894 /* Base */,
			);
			name = Main.storyboard;
			sourceTree = "<group>";
		};
		E291ADF51FD5AAA200E63894 /* LaunchScreen.storyboard */ = {
			isa = PBXVariantGroup;
			children = (
				E291ADF61FD5AAA200E63894 /* Base */,
			);
			name = LaunchScreen.storyboard;
			sourceTree = "<group>";
		};
/* End PBXVariantGroup section */

/* Begin XCBuildConfiguration section */
		E291ADF91FD5AAA200E63894 /* Debug */ = {
			isa = XCBuildConfiguration;
			buildSettings = {
				ALWAYS_SEARCH_USER_PATHS = NO;
				CLANG_ANALYZER_NONNULL = YES;
				CLANG_ANALYZER_NUMBER_OBJECT_CONVERSION = YES_AGGRESSIVE;
				CLANG_CXX_LANGUAGE_STANDARD = "gnu++14";
				CLANG_CXX_LIBRARY = "libc++";
				CLANG_ENABLE_MODULES = YES;
				CLANG_ENABLE_OBJC_ARC = YES;
				CLANG_WARN_BLOCK_CAPTURE_AUTORELEASING = YES;
				CLANG_WARN_BOOL_CONVERSION = YES;
				CLANG_WARN_COMMA = YES;
				CLANG_WARN_CONSTANT_CONVERSION = YES;
				CLANG_WARN_DIRECT_OBJC_ISA_USAGE = YES_ERROR;
				CLANG_WARN_DOCUMENTATION_COMMENTS = YES;
				CLANG_WARN_EMPTY_BODY = YES;
				CLANG_WARN_ENUM_CONVERSION = YES;
				CLANG_WARN_INFINITE_RECURSION = YES;
				CLANG_WARN_INT_CONVERSION = YES;
				CLANG_WARN_NON_LITERAL_NULL_CONVERSION = YES;
				CLANG_WARN_OBJC_LITERAL_CONVERSION = YES;
				CLANG_WARN_OBJC_ROOT_CLASS = YES_ERROR;
				CLANG_WARN_RANGE_LOOP_ANALYSIS = YES;
				CLANG_WARN_STRICT_PROTOTYPES = YES;
				CLANG_WARN_SUSPICIOUS_MOVE = YES;
				CLANG_WARN_UNGUARDED_AVAILABILITY = YES_AGGRESSIVE;
				CLANG_WARN_UNREACHABLE_CODE = YES;
				CLANG_WARN__DUPLICATE_METHOD_MATCH = YES;
				CODE_SIGN_IDENTITY = "iPhone Developer";
				COPY_PHASE_STRIP = NO;
				DEBUG_INFORMATION_FORMAT = dwarf;
				ENABLE_STRICT_OBJC_MSGSEND = YES;
				ENABLE_TESTABILITY = YES;
				GCC_C_LANGUAGE_STANDARD = gnu11;
				GCC_DYNAMIC_NO_PIC = NO;
				GCC_NO_COMMON_BLOCKS = YES;
				GCC_OPTIMIZATION_LEVEL = 0;
				GCC_PREPROCESSOR_DEFINITIONS = (
					"DEBUG=1",
					"$(inherited)",
				);
				GCC_WARN_64_TO_32_BIT_CONVERSION = YES;
				GCC_WARN_ABOUT_RETURN_TYPE = YES_ERROR;
				GCC_WARN_UNDECLARED_SELECTOR = YES;
				GCC_WARN_UNINITIALIZED_AUTOS = YES_AGGRESSIVE;
				GCC_WARN_UNUSED_FUNCTION = YES;
				GCC_WARN_UNUSED_VARIABLE = YES;
				IPHONEOS_DEPLOYMENT_TARGET = 11.1;
				MTL_ENABLE_DEBUG_INFO = YES;
				ONLY_ACTIVE_ARCH = YES;
				SDKROOT = iphoneos;
				SWIFT_ACTIVE_COMPILATION_CONDITIONS = DEBUG;
				SWIFT_OPTIMIZATION_LEVEL = "-Onone";
			};
			name = Debug;
		};
		E291ADFA1FD5AAA200E63894 /* Release */ = {
			isa = XCBuildConfiguration;
			buildSettings = {
				ALWAYS_SEARCH_USER_PATHS = NO;
				CLANG_ANALYZER_NONNULL = YES;
				CLANG_ANALYZER_NUMBER_OBJECT_CONVERSION = YES_AGGRESSIVE;
				CLANG_CXX_LANGUAGE_STANDARD = "gnu++14";
				CLANG_CXX_LIBRARY = "libc++";
				CLANG_ENABLE_MODULES = YES;
				CLANG_ENABLE_OBJC_ARC = YES;
				CLANG_WARN_BLOCK_CAPTURE_AUTORELEASING = YES;
				CLANG_WARN_BOOL_CONVERSION = YES;
				CLANG_WARN_COMMA = YES;
				CLANG_WARN_CONSTANT_CONVERSION = YES;
				CLANG_WARN_DIRECT_OBJC_ISA_USAGE = YES_ERROR;
				CLANG_WARN_DOCUMENTATION_COMMENTS = YES;
				CLANG_WARN_EMPTY_BODY = YES;
				CLANG_WARN_ENUM_CONVERSION = YES;
				CLANG_WARN_INFINITE_RECURSION = YES;
				CLANG_WARN_INT_CONVERSION = YES;
				CLANG_WARN_NON_LITERAL_NULL_CONVERSION = YES;
				CLANG_WARN_OBJC_LITERAL_CONVERSION = YES;
				CLANG_WARN_OBJC_ROOT_CLASS = YES_ERROR;
				CLANG_WARN_RANGE_LOOP_ANALYSIS = YES;
				CLANG_WARN_STRICT_PROTOTYPES = YES;
				CLANG_WARN_SUSPICIOUS_MOVE = YES;
				CLANG_WARN_UNGUARDED_AVAILABILITY = YES_AGGRESSIVE;
				CLANG_WARN_UNREACHABLE_CODE = YES;
				CLANG_WARN__DUPLICATE_METHOD_MATCH = YES;
				CODE_SIGN_IDENTITY = "iPhone Developer";
				COPY_PHASE_STRIP = NO;
				DEBUG_INFORMATION_FORMAT = "dwarf-with-dsym";
				ENABLE_NS_ASSERTIONS = NO;
				ENABLE_STRICT_OBJC_MSGSEND = YES;
				GCC_C_LANGUAGE_STANDARD = gnu11;
				GCC_NO_COMMON_BLOCKS = YES;
				GCC_WARN_64_TO_32_BIT_CONVERSION = YES;
				GCC_WARN_ABOUT_RETURN_TYPE = YES_ERROR;
				GCC_WARN_UNDECLARED_SELECTOR = YES;
				GCC_WARN_UNINITIALIZED_AUTOS = YES_AGGRESSIVE;
				GCC_WARN_UNUSED_FUNCTION = YES;
				GCC_WARN_UNUSED_VARIABLE = YES;
				IPHONEOS_DEPLOYMENT_TARGET = 11.1;
				MTL_ENABLE_DEBUG_INFO = NO;
				SDKROOT = iphoneos;
				SWIFT_OPTIMIZATION_LEVEL = "-Owholemodule";
				VALIDATE_PRODUCT = YES;
			};
			name = Release;
		};
		E291ADFC1FD5AAA200E63894 /* Debug */ = {
			isa = XCBuildConfiguration;
			baseConfigurationReference = FEC9994490CC8479B02F2664 /* Pods-Movies.debug.xcconfig */;
			buildSettings = {
				ASSETCATALOG_COMPILER_APPICON_NAME = AppIcon;
				CODE_SIGN_STYLE = Automatic;
				DEVELOPMENT_TEAM = 5RDFJYUV23;
				INFOPLIST_FILE = Movies/Info.plist;
				LD_RUNPATH_SEARCH_PATHS = "$(inherited) @executable_path/Frameworks";
				PRODUCT_BUNDLE_IDENTIFIER = com.algolia.Movies;
				PRODUCT_NAME = "$(TARGET_NAME)";
				SWIFT_VERSION = 4.0;
				TARGETED_DEVICE_FAMILY = "1,2";
			};
			name = Debug;
		};
		E291ADFD1FD5AAA200E63894 /* Release */ = {
			isa = XCBuildConfiguration;
			baseConfigurationReference = B0878E1E615A0A2C9227C323 /* Pods-Movies.release.xcconfig */;
			buildSettings = {
				ASSETCATALOG_COMPILER_APPICON_NAME = AppIcon;
				CODE_SIGN_STYLE = Automatic;
				DEVELOPMENT_TEAM = 5RDFJYUV23;
				INFOPLIST_FILE = Movies/Info.plist;
				LD_RUNPATH_SEARCH_PATHS = "$(inherited) @executable_path/Frameworks";
				PRODUCT_BUNDLE_IDENTIFIER = com.algolia.Movies;
				PRODUCT_NAME = "$(TARGET_NAME)";
				SWIFT_VERSION = 4.0;
				TARGETED_DEVICE_FAMILY = "1,2";
			};
			name = Release;
		};
/* End XCBuildConfiguration section */

/* Begin XCConfigurationList section */
		E291ADE41FD5AAA100E63894 /* Build configuration list for PBXProject "Movies" */ = {
			isa = XCConfigurationList;
			buildConfigurations = (
				E291ADF91FD5AAA200E63894 /* Debug */,
				E291ADFA1FD5AAA200E63894 /* Release */,
			);
			defaultConfigurationIsVisible = 0;
			defaultConfigurationName = Release;
		};
		E291ADFB1FD5AAA200E63894 /* Build configuration list for PBXNativeTarget "Movies" */ = {
			isa = XCConfigurationList;
			buildConfigurations = (
				E291ADFC1FD5AAA200E63894 /* Debug */,
				E291ADFD1FD5AAA200E63894 /* Release */,
			);
			defaultConfigurationIsVisible = 0;
			defaultConfigurationName = Release;
		};
/* End XCConfigurationList section */
	};
	rootObject = E291ADE11FD5AAA100E63894 /* Project object */;
}
