// !$*UTF8*$!
{
	archiveVersion = 1;
	classes = {
	};
	objectVersion = 46;
	objects = {

/* Begin PBXBuildFile section */
		D9DBEA013DD71F8AF32A9E1D /* Pods_Getting_Started_Storyboard_Objc.framework in Frameworks */ = {isa = PBXBuildFile; fileRef = EA5E5E26997B817773829506 /* Pods_Getting_Started_Storyboard_Objc.framework */; };
		E2C86C851EFD610100E30C4D /* main.m in Sources */ = {isa = PBXBuildFile; fileRef = E2C86C841EFD610100E30C4D /* main.m */; };
		E2C86C881EFD610100E30C4D /* AppDelegate.m in Sources */ = {isa = PBXBuildFile; fileRef = E2C86C871EFD610100E30C4D /* AppDelegate.m */; };
		E2C86C8B1EFD610100E30C4D /* ViewController.m in Sources */ = {isa = PBXBuildFile; fileRef = E2C86C8A1EFD610100E30C4D /* ViewController.m */; };
		E2C86C8E1EFD610100E30C4D /* Main.storyboard in Resources */ = {isa = PBXBuildFile; fileRef = E2C86C8C1EFD610100E30C4D /* Main.storyboard */; };
		E2C86C901EFD610100E30C4D /* Assets.xcassets in Resources */ = {isa = PBXBuildFile; fileRef = E2C86C8F1EFD610100E30C4D /* Assets.xcassets */; };
		E2C86C931EFD610100E30C4D /* LaunchScreen.storyboard in Resources */ = {isa = PBXBuildFile; fileRef = E2C86C911EFD610100E30C4D /* LaunchScreen.storyboard */; };
/* End PBXBuildFile section */

/* Begin PBXFileReference section */
		42F3BF53509BAF2D2AFC9811 /* Pods-Getting Started Storyboard Objc.release.xcconfig */ = {isa = PBXFileReference; includeInIndex = 1; lastKnownFileType = text.xcconfig; name = "Pods-Getting Started Storyboard Objc.release.xcconfig"; path = "Pods/Target Support Files/Pods-Getting Started Storyboard Objc/Pods-Getting Started Storyboard Objc.release.xcconfig"; sourceTree = "<group>"; };
		615AB69E34452D109885302F /* Pods-Getting Started Storyboard Objc.debug.xcconfig */ = {isa = PBXFileReference; includeInIndex = 1; lastKnownFileType = text.xcconfig; name = "Pods-Getting Started Storyboard Objc.debug.xcconfig"; path = "Pods/Target Support Files/Pods-Getting Started Storyboard Objc/Pods-Getting Started Storyboard Objc.debug.xcconfig"; sourceTree = "<group>"; };
		E2C86C801EFD610100E30C4D /* Getting Started Storyboard Objc.app */ = {isa = PBXFileReference; explicitFileType = wrapper.application; includeInIndex = 0; path = "Getting Started Storyboard Objc.app"; sourceTree = BUILT_PRODUCTS_DIR; };
		E2C86C841EFD610100E30C4D /* main.m */ = {isa = PBXFileReference; lastKnownFileType = sourcecode.c.objc; path = main.m; sourceTree = "<group>"; };
		E2C86C861EFD610100E30C4D /* AppDelegate.h */ = {isa = PBXFileReference; lastKnownFileType = sourcecode.c.h; path = AppDelegate.h; sourceTree = "<group>"; };
		E2C86C871EFD610100E30C4D /* AppDelegate.m */ = {isa = PBXFileReference; lastKnownFileType = sourcecode.c.objc; path = AppDelegate.m; sourceTree = "<group>"; };
		E2C86C891EFD610100E30C4D /* ViewController.h */ = {isa = PBXFileReference; lastKnownFileType = sourcecode.c.h; path = ViewController.h; sourceTree = "<group>"; };
		E2C86C8A1EFD610100E30C4D /* ViewController.m */ = {isa = PBXFileReference; lastKnownFileType = sourcecode.c.objc; path = ViewController.m; sourceTree = "<group>"; };
		E2C86C8D1EFD610100E30C4D /* Base */ = {isa = PBXFileReference; lastKnownFileType = file.storyboard; name = Base; path = Base.lproj/Main.storyboard; sourceTree = "<group>"; };
		E2C86C8F1EFD610100E30C4D /* Assets.xcassets */ = {isa = PBXFileReference; lastKnownFileType = folder.assetcatalog; path = Assets.xcassets; sourceTree = "<group>"; };
		E2C86C921EFD610100E30C4D /* Base */ = {isa = PBXFileReference; lastKnownFileType = file.storyboard; name = Base; path = Base.lproj/LaunchScreen.storyboard; sourceTree = "<group>"; };
		E2C86C941EFD610100E30C4D /* Info.plist */ = {isa = PBXFileReference; lastKnownFileType = text.plist.xml; path = Info.plist; sourceTree = "<group>"; };
		EA5E5E26997B817773829506 /* Pods_Getting_Started_Storyboard_Objc.framework */ = {isa = PBXFileReference; explicitFileType = wrapper.framework; includeInIndex = 0; path = Pods_Getting_Started_Storyboard_Objc.framework; sourceTree = BUILT_PRODUCTS_DIR; };
/* End PBXFileReference section */

/* Begin PBXFrameworksBuildPhase section */
		E2C86C7D1EFD610100E30C4D /* Frameworks */ = {
			isa = PBXFrameworksBuildPhase;
			buildActionMask = 2147483647;
			files = (
				D9DBEA013DD71F8AF32A9E1D /* Pods_Getting_Started_Storyboard_Objc.framework in Frameworks */,
			);
			runOnlyForDeploymentPostprocessing = 0;
		};
/* End PBXFrameworksBuildPhase section */

/* Begin PBXGroup section */
		9CFC57031806DAD272E2B19E /* Pods */ = {
			isa = PBXGroup;
			children = (
				615AB69E34452D109885302F /* Pods-Getting Started Storyboard Objc.debug.xcconfig */,
				42F3BF53509BAF2D2AFC9811 /* Pods-Getting Started Storyboard Objc.release.xcconfig */,
			);
			name = Pods;
			sourceTree = "<group>";
		};
		E2C86C771EFD610100E30C4D = {
			isa = PBXGroup;
			children = (
				E2C86C821EFD610100E30C4D /* Getting Started Storyboard Objc */,
				E2C86C811EFD610100E30C4D /* Products */,
				9CFC57031806DAD272E2B19E /* Pods */,
				E4D98488601CA210B6A4BB26 /* Frameworks */,
			);
			sourceTree = "<group>";
		};
		E2C86C811EFD610100E30C4D /* Products */ = {
			isa = PBXGroup;
			children = (
				E2C86C801EFD610100E30C4D /* Getting Started Storyboard Objc.app */,
			);
			name = Products;
			sourceTree = "<group>";
		};
		E2C86C821EFD610100E30C4D /* Getting Started Storyboard Objc */ = {
			isa = PBXGroup;
			children = (
				E2C86C861EFD610100E30C4D /* AppDelegate.h */,
				E2C86C871EFD610100E30C4D /* AppDelegate.m */,
				E2C86C891EFD610100E30C4D /* ViewController.h */,
				E2C86C8A1EFD610100E30C4D /* ViewController.m */,
				E2C86C8C1EFD610100E30C4D /* Main.storyboard */,
				E2C86C8F1EFD610100E30C4D /* Assets.xcassets */,
				E2C86C911EFD610100E30C4D /* LaunchScreen.storyboard */,
				E2C86C941EFD610100E30C4D /* Info.plist */,
				E2C86C831EFD610100E30C4D /* Supporting Files */,
			);
			path = "Getting Started Storyboard Objc";
			sourceTree = "<group>";
		};
		E2C86C831EFD610100E30C4D /* Supporting Files */ = {
			isa = PBXGroup;
			children = (
				E2C86C841EFD610100E30C4D /* main.m */,
			);
			name = "Supporting Files";
			sourceTree = "<group>";
		};
		E4D98488601CA210B6A4BB26 /* Frameworks */ = {
			isa = PBXGroup;
			children = (
				EA5E5E26997B817773829506 /* Pods_Getting_Started_Storyboard_Objc.framework */,
			);
			name = Frameworks;
			sourceTree = "<group>";
		};
/* End PBXGroup section */

/* Begin PBXNativeTarget section */
		E2C86C7F1EFD610100E30C4D /* Getting Started Storyboard Objc */ = {
			isa = PBXNativeTarget;
			buildConfigurationList = E2C86C971EFD610100E30C4D /* Build configuration list for PBXNativeTarget "Getting Started Storyboard Objc" */;
			buildPhases = (
				D4665AC79A74F86F1878DEB5 /* [CP] Check Pods Manifest.lock */,
				E2C86C7C1EFD610100E30C4D /* Sources */,
				E2C86C7D1EFD610100E30C4D /* Frameworks */,
				E2C86C7E1EFD610100E30C4D /* Resources */,
				3B4CC6B9571685BD8F10D52A /* [CP] Embed Pods Frameworks */,
				EC404732B631436D3270F258 /* [CP] Copy Pods Resources */,
			);
			buildRules = (
			);
			dependencies = (
			);
			name = "Getting Started Storyboard Objc";
			productName = "Getting Started Storyboard Objc";
			productReference = E2C86C801EFD610100E30C4D /* Getting Started Storyboard Objc.app */;
			productType = "com.apple.product-type.application";
		};
/* End PBXNativeTarget section */

/* Begin PBXProject section */
		E2C86C781EFD610100E30C4D /* Project object */ = {
			isa = PBXProject;
			attributes = {
				LastUpgradeCheck = 0830;
				ORGANIZATIONNAME = "Guy Daher";
				TargetAttributes = {
					E2C86C7F1EFD610100E30C4D = {
						CreatedOnToolsVersion = 8.3.3;
						DevelopmentTeam = K3DV6EU9CV;
						ProvisioningStyle = Automatic;
					};
				};
			};
			buildConfigurationList = E2C86C7B1EFD610100E30C4D /* Build configuration list for PBXProject "Getting Started Storyboard Objc" */;
			compatibilityVersion = "Xcode 3.2";
			developmentRegion = English;
			hasScannedForEncodings = 0;
			knownRegions = (
				en,
				Base,
			);
			mainGroup = E2C86C771EFD610100E30C4D;
			productRefGroup = E2C86C811EFD610100E30C4D /* Products */;
			projectDirPath = "";
			projectRoot = "";
			targets = (
				E2C86C7F1EFD610100E30C4D /* Getting Started Storyboard Objc */,
			);
		};
/* End PBXProject section */

/* Begin PBXResourcesBuildPhase section */
		E2C86C7E1EFD610100E30C4D /* Resources */ = {
			isa = PBXResourcesBuildPhase;
			buildActionMask = 2147483647;
			files = (
				E2C86C931EFD610100E30C4D /* LaunchScreen.storyboard in Resources */,
				E2C86C901EFD610100E30C4D /* Assets.xcassets in Resources */,
				E2C86C8E1EFD610100E30C4D /* Main.storyboard in Resources */,
			);
			runOnlyForDeploymentPostprocessing = 0;
		};
/* End PBXResourcesBuildPhase section */

/* Begin PBXShellScriptBuildPhase section */
		3B4CC6B9571685BD8F10D52A /* [CP] Embed Pods Frameworks */ = {
			isa = PBXShellScriptBuildPhase;
			buildActionMask = 2147483647;
			files = (
			);
			inputPaths = (
			);
			name = "[CP] Embed Pods Frameworks";
			outputPaths = (
			);
			runOnlyForDeploymentPostprocessing = 0;
			shellPath = /bin/sh;
			shellScript = "\"${SRCROOT}/Pods/Target Support Files/Pods-Getting Started Storyboard Objc/Pods-Getting Started Storyboard Objc-frameworks.sh\"\n";
			showEnvVarsInLog = 0;
		};
		D4665AC79A74F86F1878DEB5 /* [CP] Check Pods Manifest.lock */ = {
			isa = PBXShellScriptBuildPhase;
			buildActionMask = 2147483647;
			files = (
			);
			inputPaths = (
			);
			name = "[CP] Check Pods Manifest.lock";
			outputPaths = (
			);
			runOnlyForDeploymentPostprocessing = 0;
			shellPath = /bin/sh;
			shellScript = "diff \"${PODS_PODFILE_DIR_PATH}/Podfile.lock\" \"${PODS_ROOT}/Manifest.lock\" > /dev/null\nif [ $? != 0 ] ; then\n    # print error to STDERR\n    echo \"error: The sandbox is not in sync with the Podfile.lock. Run 'pod install' or update your CocoaPods installation.\" >&2\n    exit 1\nfi\n";
			showEnvVarsInLog = 0;
		};
		EC404732B631436D3270F258 /* [CP] Copy Pods Resources */ = {
			isa = PBXShellScriptBuildPhase;
			buildActionMask = 2147483647;
			files = (
			);
			inputPaths = (
			);
			name = "[CP] Copy Pods Resources";
			outputPaths = (
			);
			runOnlyForDeploymentPostprocessing = 0;
			shellPath = /bin/sh;
			shellScript = "\"${SRCROOT}/Pods/Target Support Files/Pods-Getting Started Storyboard Objc/Pods-Getting Started Storyboard Objc-resources.sh\"\n";
			showEnvVarsInLog = 0;
		};
/* End PBXShellScriptBuildPhase section */

/* Begin PBXSourcesBuildPhase section */
		E2C86C7C1EFD610100E30C4D /* Sources */ = {
			isa = PBXSourcesBuildPhase;
			buildActionMask = 2147483647;
			files = (
				E2C86C8B1EFD610100E30C4D /* ViewController.m in Sources */,
				E2C86C881EFD610100E30C4D /* AppDelegate.m in Sources */,
				E2C86C851EFD610100E30C4D /* main.m in Sources */,
			);
			runOnlyForDeploymentPostprocessing = 0;
		};
/* End PBXSourcesBuildPhase section */

/* Begin PBXVariantGroup section */
		E2C86C8C1EFD610100E30C4D /* Main.storyboard */ = {
			isa = PBXVariantGroup;
			children = (
				E2C86C8D1EFD610100E30C4D /* Base */,
			);
			name = Main.storyboard;
			sourceTree = "<group>";
		};
		E2C86C911EFD610100E30C4D /* LaunchScreen.storyboard */ = {
			isa = PBXVariantGroup;
			children = (
				E2C86C921EFD610100E30C4D /* Base */,
			);
			name = LaunchScreen.storyboard;
			sourceTree = "<group>";
		};
/* End PBXVariantGroup section */

/* Begin XCBuildConfiguration section */
		E2C86C951EFD610100E30C4D /* Debug */ = {
			isa = XCBuildConfiguration;
			buildSettings = {
				ALWAYS_SEARCH_USER_PATHS = NO;
				CLANG_ANALYZER_NONNULL = YES;
				CLANG_ANALYZER_NUMBER_OBJECT_CONVERSION = YES_AGGRESSIVE;
				CLANG_CXX_LANGUAGE_STANDARD = "gnu++0x";
				CLANG_CXX_LIBRARY = "libc++";
				CLANG_ENABLE_MODULES = YES;
				CLANG_ENABLE_OBJC_ARC = YES;
				CLANG_WARN_BOOL_CONVERSION = YES;
				CLANG_WARN_CONSTANT_CONVERSION = YES;
				CLANG_WARN_DIRECT_OBJC_ISA_USAGE = YES_ERROR;
				CLANG_WARN_DOCUMENTATION_COMMENTS = YES;
				CLANG_WARN_EMPTY_BODY = YES;
				CLANG_WARN_ENUM_CONVERSION = YES;
				CLANG_WARN_INFINITE_RECURSION = YES;
				CLANG_WARN_INT_CONVERSION = YES;
				CLANG_WARN_OBJC_ROOT_CLASS = YES_ERROR;
				CLANG_WARN_SUSPICIOUS_MOVE = YES;
				CLANG_WARN_UNREACHABLE_CODE = YES;
				CLANG_WARN__DUPLICATE_METHOD_MATCH = YES;
				"CODE_SIGN_IDENTITY[sdk=iphoneos*]" = "iPhone Developer";
				COPY_PHASE_STRIP = NO;
				DEBUG_INFORMATION_FORMAT = dwarf;
				ENABLE_STRICT_OBJC_MSGSEND = YES;
				ENABLE_TESTABILITY = YES;
				GCC_C_LANGUAGE_STANDARD = gnu99;
				GCC_DYNAMIC_NO_PIC = NO;
				GCC_NO_COMMON_BLOCKS = YES;
				GCC_OPTIMIZATION_LEVEL = 0;
				GCC_PREPROCESSOR_DEFINITIONS = (
					"DEBUG=1",
					"$(inherited)",
				);
				GCC_WARN_64_TO_32_BIT_CONVERSION = YES;
				GCC_WARN_ABOUT_RETURN_TYPE = YES_ERROR;
				GCC_WARN_UNDECLARED_SELECTOR = YES;
				GCC_WARN_UNINITIALIZED_AUTOS = YES_AGGRESSIVE;
				GCC_WARN_UNUSED_FUNCTION = YES;
				GCC_WARN_UNUSED_VARIABLE = YES;
				IPHONEOS_DEPLOYMENT_TARGET = 10.3;
				MTL_ENABLE_DEBUG_INFO = YES;
				ONLY_ACTIVE_ARCH = YES;
				SDKROOT = iphoneos;
			};
			name = Debug;
		};
		E2C86C961EFD610100E30C4D /* Release */ = {
			isa = XCBuildConfiguration;
			buildSettings = {
				ALWAYS_SEARCH_USER_PATHS = NO;
				CLANG_ANALYZER_NONNULL = YES;
				CLANG_ANALYZER_NUMBER_OBJECT_CONVERSION = YES_AGGRESSIVE;
				CLANG_CXX_LANGUAGE_STANDARD = "gnu++0x";
				CLANG_CXX_LIBRARY = "libc++";
				CLANG_ENABLE_MODULES = YES;
				CLANG_ENABLE_OBJC_ARC = YES;
				CLANG_WARN_BOOL_CONVERSION = YES;
				CLANG_WARN_CONSTANT_CONVERSION = YES;
				CLANG_WARN_DIRECT_OBJC_ISA_USAGE = YES_ERROR;
				CLANG_WARN_DOCUMENTATION_COMMENTS = YES;
				CLANG_WARN_EMPTY_BODY = YES;
				CLANG_WARN_ENUM_CONVERSION = YES;
				CLANG_WARN_INFINITE_RECURSION = YES;
				CLANG_WARN_INT_CONVERSION = YES;
				CLANG_WARN_OBJC_ROOT_CLASS = YES_ERROR;
				CLANG_WARN_SUSPICIOUS_MOVE = YES;
				CLANG_WARN_UNREACHABLE_CODE = YES;
				CLANG_WARN__DUPLICATE_METHOD_MATCH = YES;
				"CODE_SIGN_IDENTITY[sdk=iphoneos*]" = "iPhone Developer";
				COPY_PHASE_STRIP = NO;
				DEBUG_INFORMATION_FORMAT = "dwarf-with-dsym";
				ENABLE_NS_ASSERTIONS = NO;
				ENABLE_STRICT_OBJC_MSGSEND = YES;
				GCC_C_LANGUAGE_STANDARD = gnu99;
				GCC_NO_COMMON_BLOCKS = YES;
				GCC_WARN_64_TO_32_BIT_CONVERSION = YES;
				GCC_WARN_ABOUT_RETURN_TYPE = YES_ERROR;
				GCC_WARN_UNDECLARED_SELECTOR = YES;
				GCC_WARN_UNINITIALIZED_AUTOS = YES_AGGRESSIVE;
				GCC_WARN_UNUSED_FUNCTION = YES;
				GCC_WARN_UNUSED_VARIABLE = YES;
				IPHONEOS_DEPLOYMENT_TARGET = 10.3;
				MTL_ENABLE_DEBUG_INFO = NO;
				SDKROOT = iphoneos;
				VALIDATE_PRODUCT = YES;
			};
			name = Release;
		};
		E2C86C981EFD610100E30C4D /* Debug */ = {
			isa = XCBuildConfiguration;
			baseConfigurationReference = 615AB69E34452D109885302F /* Pods-Getting Started Storyboard Objc.debug.xcconfig */;
			buildSettings = {
				ASSETCATALOG_COMPILER_APPICON_NAME = AppIcon;
				DEVELOPMENT_TEAM = K3DV6EU9CV;
				INFOPLIST_FILE = "Getting Started Storyboard Objc/Info.plist";
				LD_RUNPATH_SEARCH_PATHS = "$(inherited) @executable_path/Frameworks";
				PRODUCT_BUNDLE_IDENTIFIER = "io.daher.Getting-Started-Storyboard-Objc";
				PRODUCT_NAME = "$(TARGET_NAME)";
			};
			name = Debug;
		};
		E2C86C991EFD610100E30C4D /* Release */ = {
			isa = XCBuildConfiguration;
			baseConfigurationReference = 42F3BF53509BAF2D2AFC9811 /* Pods-Getting Started Storyboard Objc.release.xcconfig */;
			buildSettings = {
				ASSETCATALOG_COMPILER_APPICON_NAME = AppIcon;
				DEVELOPMENT_TEAM = K3DV6EU9CV;
				INFOPLIST_FILE = "Getting Started Storyboard Objc/Info.plist";
				LD_RUNPATH_SEARCH_PATHS = "$(inherited) @executable_path/Frameworks";
				PRODUCT_BUNDLE_IDENTIFIER = "io.daher.Getting-Started-Storyboard-Objc";
				PRODUCT_NAME = "$(TARGET_NAME)";
			};
			name = Release;
		};
/* End XCBuildConfiguration section */

/* Begin XCConfigurationList section */
		E2C86C7B1EFD610100E30C4D /* Build configuration list for PBXProject "Getting Started Storyboard Objc" */ = {
			isa = XCConfigurationList;
			buildConfigurations = (
				E2C86C951EFD610100E30C4D /* Debug */,
				E2C86C961EFD610100E30C4D /* Release */,
			);
			defaultConfigurationIsVisible = 0;
			defaultConfigurationName = Release;
		};
		E2C86C971EFD610100E30C4D /* Build configuration list for PBXNativeTarget "Getting Started Storyboard Objc" */ = {
			isa = XCConfigurationList;
			buildConfigurations = (
				E2C86C981EFD610100E30C4D /* Debug */,
				E2C86C991EFD610100E30C4D /* Release */,
			);
			defaultConfigurationIsVisible = 0;
		};
/* End XCConfigurationList section */
	};
	rootObject = E2C86C781EFD610100E30C4D /* Project object */;
}
