PODS:
  - AFNetworking (3.1.0):
    - AFNetworking/NSURLSession (= 3.1.0)
    - AFNetworking/Reachability (= 3.1.0)
    - AFNetworking/Security (= 3.1.0)
    - AFNetworking/Serialization (= 3.1.0)
    - AFNetworking/UIKit (= 3.1.0)
  - AFNetworking/NSURLSession (3.1.0):
    - AFNetworking/Reachability
    - AFNetworking/Security
    - AFNetworking/Serialization
  - AFNetworking/Reachability (3.1.0)
  - AFNetworking/Security (3.1.0)
  - AFNetworking/Serialization (3.1.0)
  - AFNetworking/UIKit (3.1.0):
    - AFNetworking/NSURLSession
  - AlgoliaSearch-Client-Swift (4.8.1)
  - Cosmos (10.0.0)
  - InstantSearch-Core-Swift (2.0.0):
    - AlgoliaSearch-Client-Swift (~> 4.0)
  - InstantSearch-iOS (1.0.0):
    - InstantSearch-iOS/InstantSearch-iOS (= 1.0.0)
  - InstantSearch-iOS/InstantSearch-iOS (1.0.0):
    - InstantSearch-Core-Swift (~> 2.0.0)
  - Nimble (7.0.1)
  - Quick (1.1.0)
  - WARangeSlider (1.1.1)

DEPENDENCIES:
  - AFNetworking (~> 3.0)
  - Cosmos (~> 10.0)
  - InstantSearch-iOS (~> 1.0.0)
  - Nimble
  - Quick
  - WARangeSlider

SPEC CHECKSUMS:
  AFNetworking: 5e0e199f73d8626b11e79750991f5d173d1f8b67
  AlgoliaSearch-Client-Swift: 5bdfbc8727f203773245e2410edd7a9c8e831637
  Cosmos: bb9310e73ad1ad472b183b848b959302c569cf09
  InstantSearch-Core-Swift: 456199cd7887c9d66d11668a12d899235a61b9d4
  InstantSearch-iOS: c9484cee0fb79ab80538562cd7c365264a3dcac6
  Nimble: 657d000e11df8aebe27cdaf9d244de7f30ed87f7
  Quick: dafc587e21eed9f4cab3249b9f9015b0b7a7f71d
  WARangeSlider: 54b3e0853b8d16c444fd539005901aecee86837d

PODFILE CHECKSUM: 5ed8b25b6430ddf779fc985111cc56591638ca64

COCOAPODS: 1.3.1
