// !$*UTF8*$!
{
	archiveVersion = 1;
	classes = {
	};
	objectVersion = 46;
	objects = {

/* Begin PBXBuildFile section */
		47BE6C0C67B9C51881F502E6 /* Pods_ecommerce.framework in Frameworks */ = {isa = PBXBuildFile; fileRef = AD4E63DA74F493C2E0ACD2B5 /* Pods_ecommerce.framework */; };
		E219FAA21E4382B2006D9CFC /* AppDelegate.swift in Sources */ = {isa = PBXBuildFile; fileRef = E219FAA11E4382B2006D9CFC /* AppDelegate.swift */; };
		E219FAA41E4382B2006D9CFC /* ItemTableViewController.swift in Sources */ = {isa = PBXBuildFile; fileRef = E219FAA31E4382B2006D9CFC /* ItemTableViewController.swift */; };
		E219FAA71E4382B2006D9CFC /* Main.storyboard in Resources */ = {isa = PBXBuildFile; fileRef = E219FAA51E4382B2006D9CFC /* Main.storyboard */; };
		E219FAA91E4382B2006D9CFC /* Assets.xcassets in Resources */ = {isa = PBXBuildFile; fileRef = E219FAA81E4382B2006D9CFC /* Assets.xcassets */; };
		E219FAAC1E4382B2006D9CFC /* LaunchScreen.storyboard in Resources */ = {isa = PBXBuildFile; fileRef = E219FAAA1E4382B2006D9CFC /* LaunchScreen.storyboard */; };
		E219FAB71E4382B2006D9CFC /* ecommerceTests.swift in Sources */ = {isa = PBXBuildFile; fileRef = E219FAB61E4382B2006D9CFC /* ecommerceTests.swift */; };
		E219FAC21E4382B2006D9CFC /* ecommerceUITests.swift in Sources */ = {isa = PBXBuildFile; fileRef = E219FAC11E4382B2006D9CFC /* ecommerceUITests.swift */; };
		E219FAD81E44C710006D9CFC /* ItemRecord.swift in Sources */ = {isa = PBXBuildFile; fileRef = E219FAD71E44C710006D9CFC /* ItemRecord.swift */; };
		E219FADA1E44DB20006D9CFC /* ItemCell.swift in Sources */ = {isa = PBXBuildFile; fileRef = E219FAD91E44DB20006D9CFC /* ItemCell.swift */; };
		E219FADC1E4880ED006D9CFC /* Helpers.swift in Sources */ = {isa = PBXBuildFile; fileRef = E219FADB1E4880ED006D9CFC /* Helpers.swift */; };
		E219FAE01E49F982006D9CFC /* TopBarView.swift in Sources */ = {isa = PBXBuildFile; fileRef = E219FADF1E49F982006D9CFC /* TopBarView.swift */; };
		E219FAE21E4A1E16006D9CFC /* FacetTableViewController.swift in Sources */ = {isa = PBXBuildFile; fileRef = E219FAE11E4A1E16006D9CFC /* FacetTableViewController.swift */; };
		E219FAE81E4B1864006D9CFC /* InstantSearch.swift in Sources */ = {isa = PBXBuildFile; fileRef = E219FAE71E4B1864006D9CFC /* InstantSearch.swift */; };
		E219FAF11E4CC026006D9CFC /* FacetRecord.swift in Sources */ = {isa = PBXBuildFile; fileRef = E219FAF01E4CC026006D9CFC /* FacetRecord.swift */; };
		E219FAF31E4DD1FB006D9CFC /* InstantSearchProtocol.swift in Sources */ = {isa = PBXBuildFile; fileRef = E219FAF21E4DD1FB006D9CFC /* InstantSearchProtocol.swift */; };
		E219FAF51E4DD29D006D9CFC /* AlgoliaSearchManager.swift in Sources */ = {isa = PBXBuildFile; fileRef = E219FAF41E4DD29D006D9CFC /* AlgoliaSearchManager.swift */; };
		E219FAF81E4DFA5A006D9CFC /* InstanSearchTableStorage.swift in Sources */ = {isa = PBXBuildFile; fileRef = E219FAF71E4DFA5A006D9CFC /* InstanSearchTableStorage.swift */; };
		E219FAFA1E4E02BD006D9CFC /* InstantSearchParameters.swift in Sources */ = {isa = PBXBuildFile; fileRef = E219FAF91E4E02BD006D9CFC /* InstantSearchParameters.swift */; };
		E219FB041E534AF8006D9CFC /* FacetCategoryCell.swift in Sources */ = {isa = PBXBuildFile; fileRef = E219FB031E534AF8006D9CFC /* FacetCategoryCell.swift */; };
		E219FB411E54B555006D9CFC /* FilterEurekaViewController.swift in Sources */ = {isa = PBXBuildFile; fileRef = E219FB401E54B555006D9CFC /* FilterEurekaViewController.swift */; };
		E219FB441E56F4C9006D9CFC /* Constants.swift in Sources */ = {isa = PBXBuildFile; fileRef = E219FB431E56F4C9006D9CFC /* Constants.swift */; };
		E219FB461E574443006D9CFC /* InstantSearchStats.swift in Sources */ = {isa = PBXBuildFile; fileRef = E219FB451E574443006D9CFC /* InstantSearchStats.swift */; };
		E219FB481E575255006D9CFC /* InstantSearchHits.swift in Sources */ = {isa = PBXBuildFile; fileRef = E219FB471E575255006D9CFC /* InstantSearchHits.swift */; };
		E219FB841E576B4A006D9CFC /* InstantSearchClearFilters.swift in Sources */ = {isa = PBXBuildFile; fileRef = E219FB831E576B4A006D9CFC /* InstantSearchClearFilters.swift */; };
		E22B90061E5AF99B00059F95 /* InstantSearchNumericFilters.swift in Sources */ = {isa = PBXBuildFile; fileRef = E22B90051E5AF99B00059F95 /* InstantSearchNumericFilters.swift */; };
		E22B900A1E5EF17B00059F95 /* FilterCell.swift in Sources */ = {isa = PBXBuildFile; fileRef = E22B90091E5EF17B00059F95 /* FilterCell.swift */; };
		F61B94FE5A83AAEF4FBD3C8E /* Pods_ecommerceTests.framework in Frameworks */ = {isa = PBXBuildFile; fileRef = 9EC5F93DE8716F3E9C97AADE /* Pods_ecommerceTests.framework */; };
		FD5D736B46847FDA1C00BCBE /* Pods_ecommerceUITests.framework in Frameworks */ = {isa = PBXBuildFile; fileRef = 9A716D6C39742184A7A37A33 /* Pods_ecommerceUITests.framework */; };
/* End PBXBuildFile section */

/* Begin PBXContainerItemProxy section */
		E219FAB31E4382B2006D9CFC /* PBXContainerItemProxy */ = {
			isa = PBXContainerItemProxy;
			containerPortal = E219FA961E4382B1006D9CFC /* Project object */;
			proxyType = 1;
			remoteGlobalIDString = E219FA9D1E4382B2006D9CFC;
			remoteInfo = ecommerce;
		};
		E219FABE1E4382B2006D9CFC /* PBXContainerItemProxy */ = {
			isa = PBXContainerItemProxy;
			containerPortal = E219FA961E4382B1006D9CFC /* Project object */;
			proxyType = 1;
			remoteGlobalIDString = E219FA9D1E4382B2006D9CFC;
			remoteInfo = ecommerce;
		};
/* End PBXContainerItemProxy section */

/* Begin PBXFileReference section */
		55BF22BD498A60F8914D1E74 /* Pods-ecommerceUITests.debug.xcconfig */ = {isa = PBXFileReference; includeInIndex = 1; lastKnownFileType = text.xcconfig; name = "Pods-ecommerceUITests.debug.xcconfig"; path = "Pods/Target Support Files/Pods-ecommerceUITests/Pods-ecommerceUITests.debug.xcconfig"; sourceTree = "<group>"; };
		9A716D6C39742184A7A37A33 /* Pods_ecommerceUITests.framework */ = {isa = PBXFileReference; explicitFileType = wrapper.framework; includeInIndex = 0; path = Pods_ecommerceUITests.framework; sourceTree = BUILT_PRODUCTS_DIR; };
		9EC5F93DE8716F3E9C97AADE /* Pods_ecommerceTests.framework */ = {isa = PBXFileReference; explicitFileType = wrapper.framework; includeInIndex = 0; path = Pods_ecommerceTests.framework; sourceTree = BUILT_PRODUCTS_DIR; };
		AD4E63DA74F493C2E0ACD2B5 /* Pods_ecommerce.framework */ = {isa = PBXFileReference; explicitFileType = wrapper.framework; includeInIndex = 0; path = Pods_ecommerce.framework; sourceTree = BUILT_PRODUCTS_DIR; };
		AECEF39ED2BC87132F8EC9C0 /* Pods-ecommerceTests.release.xcconfig */ = {isa = PBXFileReference; includeInIndex = 1; lastKnownFileType = text.xcconfig; name = "Pods-ecommerceTests.release.xcconfig"; path = "Pods/Target Support Files/Pods-ecommerceTests/Pods-ecommerceTests.release.xcconfig"; sourceTree = "<group>"; };
		B6F9CD475B8CE921E43FA69B /* Pods-ecommerceTests.debug.xcconfig */ = {isa = PBXFileReference; includeInIndex = 1; lastKnownFileType = text.xcconfig; name = "Pods-ecommerceTests.debug.xcconfig"; path = "Pods/Target Support Files/Pods-ecommerceTests/Pods-ecommerceTests.debug.xcconfig"; sourceTree = "<group>"; };
		BBE7CDF0FDF54F69B06F8961 /* Pods-ecommerce.debug.xcconfig */ = {isa = PBXFileReference; includeInIndex = 1; lastKnownFileType = text.xcconfig; name = "Pods-ecommerce.debug.xcconfig"; path = "Pods/Target Support Files/Pods-ecommerce/Pods-ecommerce.debug.xcconfig"; sourceTree = "<group>"; };
		E219FA9E1E4382B2006D9CFC /* ecommerce.app */ = {isa = PBXFileReference; explicitFileType = wrapper.application; includeInIndex = 0; path = ecommerce.app; sourceTree = BUILT_PRODUCTS_DIR; };
		E219FAA11E4382B2006D9CFC /* AppDelegate.swift */ = {isa = PBXFileReference; lastKnownFileType = sourcecode.swift; path = AppDelegate.swift; sourceTree = "<group>"; };
		E219FAA31E4382B2006D9CFC /* ItemTableViewController.swift */ = {isa = PBXFileReference; lastKnownFileType = sourcecode.swift; path = ItemTableViewController.swift; sourceTree = "<group>"; };
		E219FAA61E4382B2006D9CFC /* Base */ = {isa = PBXFileReference; lastKnownFileType = file.storyboard; name = Base; path = Base.lproj/Main.storyboard; sourceTree = "<group>"; };
		E219FAA81E4382B2006D9CFC /* Assets.xcassets */ = {isa = PBXFileReference; lastKnownFileType = folder.assetcatalog; path = Assets.xcassets; sourceTree = "<group>"; };
		E219FAAB1E4382B2006D9CFC /* Base */ = {isa = PBXFileReference; lastKnownFileType = file.storyboard; name = Base; path = Base.lproj/LaunchScreen.storyboard; sourceTree = "<group>"; };
		E219FAAD1E4382B2006D9CFC /* Info.plist */ = {isa = PBXFileReference; lastKnownFileType = text.plist.xml; path = Info.plist; sourceTree = "<group>"; };
		E219FAB21E4382B2006D9CFC /* ecommerceTests.xctest */ = {isa = PBXFileReference; explicitFileType = wrapper.cfbundle; includeInIndex = 0; path = ecommerceTests.xctest; sourceTree = BUILT_PRODUCTS_DIR; };
		E219FAB61E4382B2006D9CFC /* ecommerceTests.swift */ = {isa = PBXFileReference; lastKnownFileType = sourcecode.swift; path = ecommerceTests.swift; sourceTree = "<group>"; };
		E219FAB81E4382B2006D9CFC /* Info.plist */ = {isa = PBXFileReference; lastKnownFileType = text.plist.xml; path = Info.plist; sourceTree = "<group>"; };
		E219FABD1E4382B2006D9CFC /* ecommerceUITests.xctest */ = {isa = PBXFileReference; explicitFileType = wrapper.cfbundle; includeInIndex = 0; path = ecommerceUITests.xctest; sourceTree = BUILT_PRODUCTS_DIR; };
		E219FAC11E4382B2006D9CFC /* ecommerceUITests.swift */ = {isa = PBXFileReference; lastKnownFileType = sourcecode.swift; path = ecommerceUITests.swift; sourceTree = "<group>"; };
		E219FAC31E4382B2006D9CFC /* Info.plist */ = {isa = PBXFileReference; lastKnownFileType = text.plist.xml; path = Info.plist; sourceTree = "<group>"; };
		E219FAD71E44C710006D9CFC /* ItemRecord.swift */ = {isa = PBXFileReference; fileEncoding = 4; lastKnownFileType = sourcecode.swift; path = ItemRecord.swift; sourceTree = "<group>"; };
		E219FAD91E44DB20006D9CFC /* ItemCell.swift */ = {isa = PBXFileReference; fileEncoding = 4; lastKnownFileType = sourcecode.swift; path = ItemCell.swift; sourceTree = "<group>"; };
		E219FADB1E4880ED006D9CFC /* Helpers.swift */ = {isa = PBXFileReference; fileEncoding = 4; lastKnownFileType = sourcecode.swift; path = Helpers.swift; sourceTree = "<group>"; };
		E219FADF1E49F982006D9CFC /* TopBarView.swift */ = {isa = PBXFileReference; fileEncoding = 4; lastKnownFileType = sourcecode.swift; path = TopBarView.swift; sourceTree = "<group>"; };
		E219FAE11E4A1E16006D9CFC /* FacetTableViewController.swift */ = {isa = PBXFileReference; fileEncoding = 4; lastKnownFileType = sourcecode.swift; path = FacetTableViewController.swift; sourceTree = "<group>"; };
		E219FAE71E4B1864006D9CFC /* InstantSearch.swift */ = {isa = PBXFileReference; fileEncoding = 4; lastKnownFileType = sourcecode.swift; path = InstantSearch.swift; sourceTree = "<group>"; };
		E219FAF01E4CC026006D9CFC /* FacetRecord.swift */ = {isa = PBXFileReference; fileEncoding = 4; lastKnownFileType = sourcecode.swift; path = FacetRecord.swift; sourceTree = "<group>"; };
		E219FAF21E4DD1FB006D9CFC /* InstantSearchProtocol.swift */ = {isa = PBXFileReference; fileEncoding = 4; lastKnownFileType = sourcecode.swift; path = InstantSearchProtocol.swift; sourceTree = "<group>"; };
		E219FAF41E4DD29D006D9CFC /* AlgoliaSearchManager.swift */ = {isa = PBXFileReference; fileEncoding = 4; lastKnownFileType = sourcecode.swift; path = AlgoliaSearchManager.swift; sourceTree = "<group>"; };
		E219FAF71E4DFA5A006D9CFC /* InstanSearchTableStorage.swift */ = {isa = PBXFileReference; fileEncoding = 4; lastKnownFileType = sourcecode.swift; path = InstanSearchTableStorage.swift; sourceTree = "<group>"; };
		E219FAF91E4E02BD006D9CFC /* InstantSearchParameters.swift */ = {isa = PBXFileReference; fileEncoding = 4; lastKnownFileType = sourcecode.swift; path = InstantSearchParameters.swift; sourceTree = "<group>"; };
		E219FB031E534AF8006D9CFC /* FacetCategoryCell.swift */ = {isa = PBXFileReference; fileEncoding = 4; lastKnownFileType = sourcecode.swift; path = FacetCategoryCell.swift; sourceTree = "<group>"; };
		E219FB401E54B555006D9CFC /* FilterEurekaViewController.swift */ = {isa = PBXFileReference; fileEncoding = 4; lastKnownFileType = sourcecode.swift; path = FilterEurekaViewController.swift; sourceTree = "<group>"; };
		E219FB431E56F4C9006D9CFC /* Constants.swift */ = {isa = PBXFileReference; fileEncoding = 4; lastKnownFileType = sourcecode.swift; path = Constants.swift; sourceTree = "<group>"; };
		E219FB451E574443006D9CFC /* InstantSearchStats.swift */ = {isa = PBXFileReference; fileEncoding = 4; lastKnownFileType = sourcecode.swift; path = InstantSearchStats.swift; sourceTree = "<group>"; };
		E219FB471E575255006D9CFC /* InstantSearchHits.swift */ = {isa = PBXFileReference; fileEncoding = 4; lastKnownFileType = sourcecode.swift; path = InstantSearchHits.swift; sourceTree = "<group>"; };
		E219FB831E576B4A006D9CFC /* InstantSearchClearFilters.swift */ = {isa = PBXFileReference; fileEncoding = 4; lastKnownFileType = sourcecode.swift; path = InstantSearchClearFilters.swift; sourceTree = "<group>"; };
		E22B90051E5AF99B00059F95 /* InstantSearchNumericFilters.swift */ = {isa = PBXFileReference; fileEncoding = 4; lastKnownFileType = sourcecode.swift; path = InstantSearchNumericFilters.swift; sourceTree = "<group>"; };
		E22B90091E5EF17B00059F95 /* FilterCell.swift */ = {isa = PBXFileReference; fileEncoding = 4; lastKnownFileType = sourcecode.swift; path = FilterCell.swift; sourceTree = "<group>"; };
		E3C12E07E23E9A50BC9A32ED /* Pods-ecommerceUITests.release.xcconfig */ = {isa = PBXFileReference; includeInIndex = 1; lastKnownFileType = text.xcconfig; name = "Pods-ecommerceUITests.release.xcconfig"; path = "Pods/Target Support Files/Pods-ecommerceUITests/Pods-ecommerceUITests.release.xcconfig"; sourceTree = "<group>"; };
		EF8DE04E87BDFD0B3B86E68B /* Pods-ecommerce.release.xcconfig */ = {isa = PBXFileReference; includeInIndex = 1; lastKnownFileType = text.xcconfig; name = "Pods-ecommerce.release.xcconfig"; path = "Pods/Target Support Files/Pods-ecommerce/Pods-ecommerce.release.xcconfig"; sourceTree = "<group>"; };
/* End PBXFileReference section */

/* Begin PBXFrameworksBuildPhase section */
		E219FA9B1E4382B2006D9CFC /* Frameworks */ = {
			isa = PBXFrameworksBuildPhase;
			buildActionMask = 2147483647;
			files = (
				47BE6C0C67B9C51881F502E6 /* Pods_ecommerce.framework in Frameworks */,
			);
			runOnlyForDeploymentPostprocessing = 0;
		};
		E219FAAF1E4382B2006D9CFC /* Frameworks */ = {
			isa = PBXFrameworksBuildPhase;
			buildActionMask = 2147483647;
			files = (
				F61B94FE5A83AAEF4FBD3C8E /* Pods_ecommerceTests.framework in Frameworks */,
			);
			runOnlyForDeploymentPostprocessing = 0;
		};
		E219FABA1E4382B2006D9CFC /* Frameworks */ = {
			isa = PBXFrameworksBuildPhase;
			buildActionMask = 2147483647;
			files = (
				FD5D736B46847FDA1C00BCBE /* Pods_ecommerceUITests.framework in Frameworks */,
			);
			runOnlyForDeploymentPostprocessing = 0;
		};
/* End PBXFrameworksBuildPhase section */

/* Begin PBXGroup section */
		C44A45D6116017049610ECAE /* Frameworks */ = {
			isa = PBXGroup;
			children = (
				AD4E63DA74F493C2E0ACD2B5 /* Pods_ecommerce.framework */,
				9EC5F93DE8716F3E9C97AADE /* Pods_ecommerceTests.framework */,
				9A716D6C39742184A7A37A33 /* Pods_ecommerceUITests.framework */,
			);
			name = Frameworks;
			sourceTree = "<group>";
		};
		C7F35681F9872B4CEE46562B /* Pods */ = {
			isa = PBXGroup;
			children = (
				BBE7CDF0FDF54F69B06F8961 /* Pods-ecommerce.debug.xcconfig */,
				EF8DE04E87BDFD0B3B86E68B /* Pods-ecommerce.release.xcconfig */,
				B6F9CD475B8CE921E43FA69B /* Pods-ecommerceTests.debug.xcconfig */,
				AECEF39ED2BC87132F8EC9C0 /* Pods-ecommerceTests.release.xcconfig */,
				55BF22BD498A60F8914D1E74 /* Pods-ecommerceUITests.debug.xcconfig */,
				E3C12E07E23E9A50BC9A32ED /* Pods-ecommerceUITests.release.xcconfig */,
			);
			name = Pods;
			sourceTree = "<group>";
		};
		E219FA951E4382B1006D9CFC = {
			isa = PBXGroup;
			children = (
				E219FAA01E4382B2006D9CFC /* ecommerce */,
				E219FAB51E4382B2006D9CFC /* ecommerceTests */,
				E219FAC01E4382B2006D9CFC /* ecommerceUITests */,
				E219FA9F1E4382B2006D9CFC /* Products */,
				C7F35681F9872B4CEE46562B /* Pods */,
				C44A45D6116017049610ECAE /* Frameworks */,
			);
			sourceTree = "<group>";
		};
		E219FA9F1E4382B2006D9CFC /* Products */ = {
			isa = PBXGroup;
			children = (
				E219FA9E1E4382B2006D9CFC /* ecommerce.app */,
				E219FAB21E4382B2006D9CFC /* ecommerceTests.xctest */,
				E219FABD1E4382B2006D9CFC /* ecommerceUITests.xctest */,
			);
			name = Products;
			sourceTree = "<group>";
		};
		E219FAA01E4382B2006D9CFC /* ecommerce */ = {
			isa = PBXGroup;
			children = (
				E219FB021E534A94006D9CFC /* InstantSearch */,
				E219FAE31E4B0EAD006D9CFC /* Helpers */,
				E219FAE61E4B0F1E006D9CFC /* Model */,
				E219FAE51E4B0ED9006D9CFC /* Views */,
				E219FAE41E4B0EC1006D9CFC /* Controllers */,
				E219FAA81E4382B2006D9CFC /* Assets.xcassets */,
				E219FAA11E4382B2006D9CFC /* AppDelegate.swift */,
				E219FAAD1E4382B2006D9CFC /* Info.plist */,
			);
			path = ecommerce;
			sourceTree = "<group>";
		};
		E219FAB51E4382B2006D9CFC /* ecommerceTests */ = {
			isa = PBXGroup;
			children = (
				E219FAB61E4382B2006D9CFC /* ecommerceTests.swift */,
				E219FAB81E4382B2006D9CFC /* Info.plist */,
			);
			path = ecommerceTests;
			sourceTree = "<group>";
		};
		E219FAC01E4382B2006D9CFC /* ecommerceUITests */ = {
			isa = PBXGroup;
			children = (
				E219FAC11E4382B2006D9CFC /* ecommerceUITests.swift */,
				E219FAC31E4382B2006D9CFC /* Info.plist */,
			);
			path = ecommerceUITests;
			sourceTree = "<group>";
		};
		E219FAE31E4B0EAD006D9CFC /* Helpers */ = {
			isa = PBXGroup;
			children = (
				E219FADB1E4880ED006D9CFC /* Helpers.swift */,
			);
			name = Helpers;
			sourceTree = "<group>";
		};
		E219FAE41E4B0EC1006D9CFC /* Controllers */ = {
			isa = PBXGroup;
			children = (
				E219FAA31E4382B2006D9CFC /* ItemTableViewController.swift */,
				E219FAE11E4A1E16006D9CFC /* FacetTableViewController.swift */,
				E219FB401E54B555006D9CFC /* FilterEurekaViewController.swift */,
			);
			name = Controllers;
			sourceTree = "<group>";
		};
		E219FAE51E4B0ED9006D9CFC /* Views */ = {
			isa = PBXGroup;
			children = (
				E219FAAA1E4382B2006D9CFC /* LaunchScreen.storyboard */,
				E219FAA51E4382B2006D9CFC /* Main.storyboard */,
				E22B90091E5EF17B00059F95 /* FilterCell.swift */,
				E219FAD91E44DB20006D9CFC /* ItemCell.swift */,
				E219FB031E534AF8006D9CFC /* FacetCategoryCell.swift */,
				E219FADF1E49F982006D9CFC /* TopBarView.swift */,
				E219FB431E56F4C9006D9CFC /* Constants.swift */,
			);
			name = Views;
			sourceTree = "<group>";
		};
		E219FAE61E4B0F1E006D9CFC /* Model */ = {
			isa = PBXGroup;
			children = (
				E219FAF41E4DD29D006D9CFC /* AlgoliaSearchManager.swift */,
				E219FAD71E44C710006D9CFC /* ItemRecord.swift */,
				E219FAF01E4CC026006D9CFC /* FacetRecord.swift */,
			);
			name = Model;
			sourceTree = "<group>";
		};
		E219FB021E534A94006D9CFC /* InstantSearch */ = {
			isa = PBXGroup;
			children = (
				E219FAE71E4B1864006D9CFC /* InstantSearch.swift */,
				E219FB451E574443006D9CFC /* InstantSearchStats.swift */,
				E22B90051E5AF99B00059F95 /* InstantSearchNumericFilters.swift */,
				E219FB471E575255006D9CFC /* InstantSearchHits.swift */,
				E219FB831E576B4A006D9CFC /* InstantSearchClearFilters.swift */,
				E219FAF91E4E02BD006D9CFC /* InstantSearchParameters.swift */,
				E219FAF71E4DFA5A006D9CFC /* InstanSearchTableStorage.swift */,
				E219FAF21E4DD1FB006D9CFC /* InstantSearchProtocol.swift */,
			);
			name = InstantSearch;
			sourceTree = "<group>";
		};
/* End PBXGroup section */

/* Begin PBXNativeTarget section */
		E219FA9D1E4382B2006D9CFC /* ecommerce */ = {
			isa = PBXNativeTarget;
			buildConfigurationList = E219FAC61E4382B2006D9CFC /* Build configuration list for PBXNativeTarget "ecommerce" */;
			buildPhases = (
				BB4607FFCD5ADF8479CCC381 /* [CP] Check Pods Manifest.lock */,
				E219FA9A1E4382B2006D9CFC /* Sources */,
				E219FA9B1E4382B2006D9CFC /* Frameworks */,
				E219FA9C1E4382B2006D9CFC /* Resources */,
				B7F689A07DF499F45F71A6AC /* [CP] Embed Pods Frameworks */,
				6E58D9A958F7BCA550A2903E /* [CP] Copy Pods Resources */,
			);
			buildRules = (
			);
			dependencies = (
			);
			name = ecommerce;
			productName = ecommerce;
			productReference = E219FA9E1E4382B2006D9CFC /* ecommerce.app */;
			productType = "com.apple.product-type.application";
		};
		E219FAB11E4382B2006D9CFC /* ecommerceTests */ = {
			isa = PBXNativeTarget;
			buildConfigurationList = E219FAC91E4382B2006D9CFC /* Build configuration list for PBXNativeTarget "ecommerceTests" */;
			buildPhases = (
				37038D23A2DDFD4476E35EAF /* [CP] Check Pods Manifest.lock */,
				E219FAAE1E4382B2006D9CFC /* Sources */,
				E219FAAF1E4382B2006D9CFC /* Frameworks */,
				E219FAB01E4382B2006D9CFC /* Resources */,
				81C6E466CB368612001AE17F /* [CP] Embed Pods Frameworks */,
				7A3C4AD4AA40520C9CE225B0 /* [CP] Copy Pods Resources */,
			);
			buildRules = (
			);
			dependencies = (
				E219FAB41E4382B2006D9CFC /* PBXTargetDependency */,
			);
			name = ecommerceTests;
			productName = ecommerceTests;
			productReference = E219FAB21E4382B2006D9CFC /* ecommerceTests.xctest */;
			productType = "com.apple.product-type.bundle.unit-test";
		};
		E219FABC1E4382B2006D9CFC /* ecommerceUITests */ = {
			isa = PBXNativeTarget;
			buildConfigurationList = E219FACC1E4382B2006D9CFC /* Build configuration list for PBXNativeTarget "ecommerceUITests" */;
			buildPhases = (
				23B448D87B94181EE9AB2EEB /* [CP] Check Pods Manifest.lock */,
				E219FAB91E4382B2006D9CFC /* Sources */,
				E219FABA1E4382B2006D9CFC /* Frameworks */,
				E219FABB1E4382B2006D9CFC /* Resources */,
				BE1E5545E5C4806E02021592 /* [CP] Embed Pods Frameworks */,
				5E62A82942E192F145B2A921 /* [CP] Copy Pods Resources */,
			);
			buildRules = (
			);
			dependencies = (
				E219FABF1E4382B2006D9CFC /* PBXTargetDependency */,
			);
			name = ecommerceUITests;
			productName = ecommerceUITests;
			productReference = E219FABD1E4382B2006D9CFC /* ecommerceUITests.xctest */;
			productType = "com.apple.product-type.bundle.ui-testing";
		};
/* End PBXNativeTarget section */

/* Begin PBXProject section */
		E219FA961E4382B1006D9CFC /* Project object */ = {
			isa = PBXProject;
			attributes = {
				LastSwiftUpdateCheck = 0820;
				LastUpgradeCheck = 0820;
				ORGANIZATIONNAME = "Guy Daher";
				TargetAttributes = {
					E219FA9D1E4382B2006D9CFC = {
						CreatedOnToolsVersion = 8.2.1;
						DevelopmentTeam = 5RDFJYUV23;
						ProvisioningStyle = Automatic;
					};
					E219FAB11E4382B2006D9CFC = {
						CreatedOnToolsVersion = 8.2.1;
						DevelopmentTeam = 5RDFJYUV23;
						ProvisioningStyle = Automatic;
						TestTargetID = E219FA9D1E4382B2006D9CFC;
					};
					E219FABC1E4382B2006D9CFC = {
						CreatedOnToolsVersion = 8.2.1;
						DevelopmentTeam = 5RDFJYUV23;
						ProvisioningStyle = Automatic;
						TestTargetID = E219FA9D1E4382B2006D9CFC;
					};
				};
			};
			buildConfigurationList = E219FA991E4382B2006D9CFC /* Build configuration list for PBXProject "ecommerce" */;
			compatibilityVersion = "Xcode 3.2";
			developmentRegion = English;
			hasScannedForEncodings = 0;
			knownRegions = (
				en,
				Base,
			);
			mainGroup = E219FA951E4382B1006D9CFC;
			productRefGroup = E219FA9F1E4382B2006D9CFC /* Products */;
			projectDirPath = "";
			projectRoot = "";
			targets = (
				E219FA9D1E4382B2006D9CFC /* ecommerce */,
				E219FAB11E4382B2006D9CFC /* ecommerceTests */,
				E219FABC1E4382B2006D9CFC /* ecommerceUITests */,
			);
		};
/* End PBXProject section */

/* Begin PBXResourcesBuildPhase section */
		E219FA9C1E4382B2006D9CFC /* Resources */ = {
			isa = PBXResourcesBuildPhase;
			buildActionMask = 2147483647;
			files = (
				E219FAAC1E4382B2006D9CFC /* LaunchScreen.storyboard in Resources */,
				E219FAA91E4382B2006D9CFC /* Assets.xcassets in Resources */,
				E219FAA71E4382B2006D9CFC /* Main.storyboard in Resources */,
			);
			runOnlyForDeploymentPostprocessing = 0;
		};
		E219FAB01E4382B2006D9CFC /* Resources */ = {
			isa = PBXResourcesBuildPhase;
			buildActionMask = 2147483647;
			files = (
			);
			runOnlyForDeploymentPostprocessing = 0;
		};
		E219FABB1E4382B2006D9CFC /* Resources */ = {
			isa = PBXResourcesBuildPhase;
			buildActionMask = 2147483647;
			files = (
			);
			runOnlyForDeploymentPostprocessing = 0;
		};
/* End PBXResourcesBuildPhase section */

/* Begin PBXShellScriptBuildPhase section */
		23B448D87B94181EE9AB2EEB /* [CP] Check Pods Manifest.lock */ = {
			isa = PBXShellScriptBuildPhase;
			buildActionMask = 2147483647;
			files = (
			);
			inputPaths = (
			);
			name = "[CP] Check Pods Manifest.lock";
			outputPaths = (
			);
			runOnlyForDeploymentPostprocessing = 0;
			shellPath = /bin/sh;
			shellScript = "diff \"${PODS_ROOT}/../Podfile.lock\" \"${PODS_ROOT}/Manifest.lock\" > /dev/null\nif [ $? != 0 ] ; then\n    # print error to STDERR\n    echo \"error: The sandbox is not in sync with the Podfile.lock. Run 'pod install' or update your CocoaPods installation.\" >&2\n    exit 1\nfi\n";
			showEnvVarsInLog = 0;
		};
		37038D23A2DDFD4476E35EAF /* [CP] Check Pods Manifest.lock */ = {
			isa = PBXShellScriptBuildPhase;
			buildActionMask = 2147483647;
			files = (
			);
			inputPaths = (
			);
			name = "[CP] Check Pods Manifest.lock";
			outputPaths = (
			);
			runOnlyForDeploymentPostprocessing = 0;
			shellPath = /bin/sh;
			shellScript = "diff \"${PODS_ROOT}/../Podfile.lock\" \"${PODS_ROOT}/Manifest.lock\" > /dev/null\nif [ $? != 0 ] ; then\n    # print error to STDERR\n    echo \"error: The sandbox is not in sync with the Podfile.lock. Run 'pod install' or update your CocoaPods installation.\" >&2\n    exit 1\nfi\n";
			showEnvVarsInLog = 0;
		};
		5E62A82942E192F145B2A921 /* [CP] Copy Pods Resources */ = {
			isa = PBXShellScriptBuildPhase;
			buildActionMask = 2147483647;
			files = (
			);
			inputPaths = (
			);
			name = "[CP] Copy Pods Resources";
			outputPaths = (
			);
			runOnlyForDeploymentPostprocessing = 0;
			shellPath = /bin/sh;
			shellScript = "\"${SRCROOT}/Pods/Target Support Files/Pods-ecommerceUITests/Pods-ecommerceUITests-resources.sh\"\n";
			showEnvVarsInLog = 0;
		};
		6E58D9A958F7BCA550A2903E /* [CP] Copy Pods Resources */ = {
			isa = PBXShellScriptBuildPhase;
			buildActionMask = 2147483647;
			files = (
			);
			inputPaths = (
			);
			name = "[CP] Copy Pods Resources";
			outputPaths = (
			);
			runOnlyForDeploymentPostprocessing = 0;
			shellPath = /bin/sh;
			shellScript = "\"${SRCROOT}/Pods/Target Support Files/Pods-ecommerce/Pods-ecommerce-resources.sh\"\n";
			showEnvVarsInLog = 0;
		};
		7A3C4AD4AA40520C9CE225B0 /* [CP] Copy Pods Resources */ = {
			isa = PBXShellScriptBuildPhase;
			buildActionMask = 2147483647;
			files = (
			);
			inputPaths = (
			);
			name = "[CP] Copy Pods Resources";
			outputPaths = (
			);
			runOnlyForDeploymentPostprocessing = 0;
			shellPath = /bin/sh;
			shellScript = "\"${SRCROOT}/Pods/Target Support Files/Pods-ecommerceTests/Pods-ecommerceTests-resources.sh\"\n";
			showEnvVarsInLog = 0;
		};
		81C6E466CB368612001AE17F /* [CP] Embed Pods Frameworks */ = {
			isa = PBXShellScriptBuildPhase;
			buildActionMask = 2147483647;
			files = (
			);
			inputPaths = (
			);
			name = "[CP] Embed Pods Frameworks";
			outputPaths = (
			);
			runOnlyForDeploymentPostprocessing = 0;
			shellPath = /bin/sh;
			shellScript = "\"${SRCROOT}/Pods/Target Support Files/Pods-ecommerceTests/Pods-ecommerceTests-frameworks.sh\"\n";
			showEnvVarsInLog = 0;
		};
		B7F689A07DF499F45F71A6AC /* [CP] Embed Pods Frameworks */ = {
			isa = PBXShellScriptBuildPhase;
			buildActionMask = 2147483647;
			files = (
			);
			inputPaths = (
			);
			name = "[CP] Embed Pods Frameworks";
			outputPaths = (
			);
			runOnlyForDeploymentPostprocessing = 0;
			shellPath = /bin/sh;
			shellScript = "\"${SRCROOT}/Pods/Target Support Files/Pods-ecommerce/Pods-ecommerce-frameworks.sh\"\n";
			showEnvVarsInLog = 0;
		};
		BB4607FFCD5ADF8479CCC381 /* [CP] Check Pods Manifest.lock */ = {
			isa = PBXShellScriptBuildPhase;
			buildActionMask = 2147483647;
			files = (
			);
			inputPaths = (
			);
			name = "[CP] Check Pods Manifest.lock";
			outputPaths = (
			);
			runOnlyForDeploymentPostprocessing = 0;
			shellPath = /bin/sh;
			shellScript = "diff \"${PODS_ROOT}/../Podfile.lock\" \"${PODS_ROOT}/Manifest.lock\" > /dev/null\nif [ $? != 0 ] ; then\n    # print error to STDERR\n    echo \"error: The sandbox is not in sync with the Podfile.lock. Run 'pod install' or update your CocoaPods installation.\" >&2\n    exit 1\nfi\n";
			showEnvVarsInLog = 0;
		};
		BE1E5545E5C4806E02021592 /* [CP] Embed Pods Frameworks */ = {
			isa = PBXShellScriptBuildPhase;
			buildActionMask = 2147483647;
			files = (
			);
			inputPaths = (
			);
			name = "[CP] Embed Pods Frameworks";
			outputPaths = (
			);
			runOnlyForDeploymentPostprocessing = 0;
			shellPath = /bin/sh;
			shellScript = "\"${SRCROOT}/Pods/Target Support Files/Pods-ecommerceUITests/Pods-ecommerceUITests-frameworks.sh\"\n";
			showEnvVarsInLog = 0;
		};
/* End PBXShellScriptBuildPhase section */

/* Begin PBXSourcesBuildPhase section */
		E219FA9A1E4382B2006D9CFC /* Sources */ = {
			isa = PBXSourcesBuildPhase;
			buildActionMask = 2147483647;
			files = (
				E219FAFA1E4E02BD006D9CFC /* InstantSearchParameters.swift in Sources */,
				E219FAE21E4A1E16006D9CFC /* FacetTableViewController.swift in Sources */,
				E219FADA1E44DB20006D9CFC /* ItemCell.swift in Sources */,
				E219FAD81E44C710006D9CFC /* ItemRecord.swift in Sources */,
				E219FAF11E4CC026006D9CFC /* FacetRecord.swift in Sources */,
				E219FAE01E49F982006D9CFC /* TopBarView.swift in Sources */,
				E219FAE81E4B1864006D9CFC /* InstantSearch.swift in Sources */,
				E22B900A1E5EF17B00059F95 /* FilterCell.swift in Sources */,
				E219FAA41E4382B2006D9CFC /* ItemTableViewController.swift in Sources */,
				E219FADC1E4880ED006D9CFC /* Helpers.swift in Sources */,
				E22B90061E5AF99B00059F95 /* InstantSearchNumericFilters.swift in Sources */,
				E219FB411E54B555006D9CFC /* FilterEurekaViewController.swift in Sources */,
				E219FB041E534AF8006D9CFC /* FacetCategoryCell.swift in Sources */,
				E219FB441E56F4C9006D9CFC /* Constants.swift in Sources */,
				E219FAA21E4382B2006D9CFC /* AppDelegate.swift in Sources */,
				E219FAF81E4DFA5A006D9CFC /* InstanSearchTableStorage.swift in Sources */,
				E219FAF51E4DD29D006D9CFC /* AlgoliaSearchManager.swift in Sources */,
				E219FB481E575255006D9CFC /* InstantSearchHits.swift in Sources */,
				E219FB461E574443006D9CFC /* InstantSearchStats.swift in Sources */,
				E219FAF31E4DD1FB006D9CFC /* InstantSearchProtocol.swift in Sources */,
				E219FB841E576B4A006D9CFC /* InstantSearchClearFilters.swift in Sources */,
			);
			runOnlyForDeploymentPostprocessing = 0;
		};
		E219FAAE1E4382B2006D9CFC /* Sources */ = {
			isa = PBXSourcesBuildPhase;
			buildActionMask = 2147483647;
			files = (
				E219FAB71E4382B2006D9CFC /* ecommerceTests.swift in Sources */,
			);
			runOnlyForDeploymentPostprocessing = 0;
		};
		E219FAB91E4382B2006D9CFC /* Sources */ = {
			isa = PBXSourcesBuildPhase;
			buildActionMask = 2147483647;
			files = (
				E219FAC21E4382B2006D9CFC /* ecommerceUITests.swift in Sources */,
			);
			runOnlyForDeploymentPostprocessing = 0;
		};
/* End PBXSourcesBuildPhase section */

/* Begin PBXTargetDependency section */
		E219FAB41E4382B2006D9CFC /* PBXTargetDependency */ = {
			isa = PBXTargetDependency;
			target = E219FA9D1E4382B2006D9CFC /* ecommerce */;
			targetProxy = E219FAB31E4382B2006D9CFC /* PBXContainerItemProxy */;
		};
		E219FABF1E4382B2006D9CFC /* PBXTargetDependency */ = {
			isa = PBXTargetDependency;
			target = E219FA9D1E4382B2006D9CFC /* ecommerce */;
			targetProxy = E219FABE1E4382B2006D9CFC /* PBXContainerItemProxy */;
		};
/* End PBXTargetDependency section */

/* Begin PBXVariantGroup section */
		E219FAA51E4382B2006D9CFC /* Main.storyboard */ = {
			isa = PBXVariantGroup;
			children = (
				E219FAA61E4382B2006D9CFC /* Base */,
			);
			name = Main.storyboard;
			sourceTree = "<group>";
		};
		E219FAAA1E4382B2006D9CFC /* LaunchScreen.storyboard */ = {
			isa = PBXVariantGroup;
			children = (
				E219FAAB1E4382B2006D9CFC /* Base */,
			);
			name = LaunchScreen.storyboard;
			sourceTree = "<group>";
		};
/* End PBXVariantGroup section */

/* Begin XCBuildConfiguration section */
		E219FAC41E4382B2006D9CFC /* Debug */ = {
			isa = XCBuildConfiguration;
			buildSettings = {
				ALWAYS_SEARCH_USER_PATHS = NO;
				CLANG_ANALYZER_NONNULL = YES;
				CLANG_CXX_LANGUAGE_STANDARD = "gnu++0x";
				CLANG_CXX_LIBRARY = "libc++";
				CLANG_ENABLE_MODULES = YES;
				CLANG_ENABLE_OBJC_ARC = YES;
				CLANG_WARN_BOOL_CONVERSION = YES;
				CLANG_WARN_CONSTANT_CONVERSION = YES;
				CLANG_WARN_DIRECT_OBJC_ISA_USAGE = YES_ERROR;
				CLANG_WARN_DOCUMENTATION_COMMENTS = YES;
				CLANG_WARN_EMPTY_BODY = YES;
				CLANG_WARN_ENUM_CONVERSION = YES;
				CLANG_WARN_INFINITE_RECURSION = YES;
				CLANG_WARN_INT_CONVERSION = YES;
				CLANG_WARN_OBJC_ROOT_CLASS = YES_ERROR;
				CLANG_WARN_SUSPICIOUS_MOVE = YES;
				CLANG_WARN_UNREACHABLE_CODE = YES;
				CLANG_WARN__DUPLICATE_METHOD_MATCH = YES;
				"CODE_SIGN_IDENTITY[sdk=iphoneos*]" = "iPhone Developer";
				COPY_PHASE_STRIP = NO;
				DEBUG_INFORMATION_FORMAT = dwarf;
				ENABLE_STRICT_OBJC_MSGSEND = YES;
				ENABLE_TESTABILITY = YES;
				GCC_C_LANGUAGE_STANDARD = gnu99;
				GCC_DYNAMIC_NO_PIC = NO;
				GCC_NO_COMMON_BLOCKS = YES;
				GCC_OPTIMIZATION_LEVEL = 0;
				GCC_PREPROCESSOR_DEFINITIONS = (
					"DEBUG=1",
					"$(inherited)",
				);
				GCC_WARN_64_TO_32_BIT_CONVERSION = YES;
				GCC_WARN_ABOUT_RETURN_TYPE = YES_ERROR;
				GCC_WARN_UNDECLARED_SELECTOR = YES;
				GCC_WARN_UNINITIALIZED_AUTOS = YES_AGGRESSIVE;
				GCC_WARN_UNUSED_FUNCTION = YES;
				GCC_WARN_UNUSED_VARIABLE = YES;
				IPHONEOS_DEPLOYMENT_TARGET = 10.2;
				MTL_ENABLE_DEBUG_INFO = YES;
				ONLY_ACTIVE_ARCH = YES;
				SDKROOT = iphoneos;
				SWIFT_ACTIVE_COMPILATION_CONDITIONS = DEBUG;
				SWIFT_OPTIMIZATION_LEVEL = "-Onone";
				TARGETED_DEVICE_FAMILY = "1,2";
			};
			name = Debug;
		};
		E219FAC51E4382B2006D9CFC /* Release */ = {
			isa = XCBuildConfiguration;
			buildSettings = {
				ALWAYS_SEARCH_USER_PATHS = NO;
				CLANG_ANALYZER_NONNULL = YES;
				CLANG_CXX_LANGUAGE_STANDARD = "gnu++0x";
				CLANG_CXX_LIBRARY = "libc++";
				CLANG_ENABLE_MODULES = YES;
				CLANG_ENABLE_OBJC_ARC = YES;
				CLANG_WARN_BOOL_CONVERSION = YES;
				CLANG_WARN_CONSTANT_CONVERSION = YES;
				CLANG_WARN_DIRECT_OBJC_ISA_USAGE = YES_ERROR;
				CLANG_WARN_DOCUMENTATION_COMMENTS = YES;
				CLANG_WARN_EMPTY_BODY = YES;
				CLANG_WARN_ENUM_CONVERSION = YES;
				CLANG_WARN_INFINITE_RECURSION = YES;
				CLANG_WARN_INT_CONVERSION = YES;
				CLANG_WARN_OBJC_ROOT_CLASS = YES_ERROR;
				CLANG_WARN_SUSPICIOUS_MOVE = YES;
				CLANG_WARN_UNREACHABLE_CODE = YES;
				CLANG_WARN__DUPLICATE_METHOD_MATCH = YES;
				"CODE_SIGN_IDENTITY[sdk=iphoneos*]" = "iPhone Developer";
				COPY_PHASE_STRIP = NO;
				DEBUG_INFORMATION_FORMAT = "dwarf-with-dsym";
				ENABLE_NS_ASSERTIONS = NO;
				ENABLE_STRICT_OBJC_MSGSEND = YES;
				GCC_C_LANGUAGE_STANDARD = gnu99;
				GCC_NO_COMMON_BLOCKS = YES;
				GCC_WARN_64_TO_32_BIT_CONVERSION = YES;
				GCC_WARN_ABOUT_RETURN_TYPE = YES_ERROR;
				GCC_WARN_UNDECLARED_SELECTOR = YES;
				GCC_WARN_UNINITIALIZED_AUTOS = YES_AGGRESSIVE;
				GCC_WARN_UNUSED_FUNCTION = YES;
				GCC_WARN_UNUSED_VARIABLE = YES;
				IPHONEOS_DEPLOYMENT_TARGET = 10.2;
				MTL_ENABLE_DEBUG_INFO = NO;
				SDKROOT = iphoneos;
				SWIFT_OPTIMIZATION_LEVEL = "-Owholemodule";
				TARGETED_DEVICE_FAMILY = "1,2";
				VALIDATE_PRODUCT = YES;
			};
			name = Release;
		};
		E219FAC71E4382B2006D9CFC /* Debug */ = {
			isa = XCBuildConfiguration;
			baseConfigurationReference = BBE7CDF0FDF54F69B06F8961 /* Pods-ecommerce.debug.xcconfig */;
			buildSettings = {
				ALGOLIA_API_KEY = 1f6fd3a6fb973cb08419fe7d288fa4db;
				ASSETCATALOG_COMPILER_APPICON_NAME = AppIcon;
				DEVELOPMENT_TEAM = 5RDFJYUV23;
				INFOPLIST_FILE = ecommerce/Info.plist;
				LD_RUNPATH_SEARCH_PATHS = "$(inherited) @executable_path/Frameworks";
				PRODUCT_BUNDLE_IDENTIFIER = com.algolia.ecommerce;
				PRODUCT_NAME = "$(TARGET_NAME)";
				SWIFT_VERSION = 3.0;
			};
			name = Debug;
		};
		E219FAC81E4382B2006D9CFC /* Release */ = {
			isa = XCBuildConfiguration;
			baseConfigurationReference = EF8DE04E87BDFD0B3B86E68B /* Pods-ecommerce.release.xcconfig */;
			buildSettings = {
				ALGOLIA_API_KEY = 1f6fd3a6fb973cb08419fe7d288fa4db;
				ASSETCATALOG_COMPILER_APPICON_NAME = AppIcon;
				DEVELOPMENT_TEAM = 5RDFJYUV23;
				INFOPLIST_FILE = ecommerce/Info.plist;
				LD_RUNPATH_SEARCH_PATHS = "$(inherited) @executable_path/Frameworks";
				PRODUCT_BUNDLE_IDENTIFIER = com.algolia.ecommerce;
				PRODUCT_NAME = "$(TARGET_NAME)";
				SWIFT_VERSION = 3.0;
			};
			name = Release;
		};
		E219FACA1E4382B2006D9CFC /* Debug */ = {
			isa = XCBuildConfiguration;
			baseConfigurationReference = B6F9CD475B8CE921E43FA69B /* Pods-ecommerceTests.debug.xcconfig */;
			buildSettings = {
				ALWAYS_EMBED_SWIFT_STANDARD_LIBRARIES = YES;
				BUNDLE_LOADER = "$(TEST_HOST)";
				DEVELOPMENT_TEAM = 5RDFJYUV23;
				INFOPLIST_FILE = ecommerceTests/Info.plist;
				LD_RUNPATH_SEARCH_PATHS = "$(inherited) @executable_path/Frameworks @loader_path/Frameworks";
				PRODUCT_BUNDLE_IDENTIFIER = com.algolia.ecommerceTests;
				PRODUCT_NAME = "$(TARGET_NAME)";
				SWIFT_VERSION = 3.0;
				TEST_HOST = "$(BUILT_PRODUCTS_DIR)/ecommerce.app/ecommerce";
			};
			name = Debug;
		};
		E219FACB1E4382B2006D9CFC /* Release */ = {
			isa = XCBuildConfiguration;
			baseConfigurationReference = AECEF39ED2BC87132F8EC9C0 /* Pods-ecommerceTests.release.xcconfig */;
			buildSettings = {
				ALWAYS_EMBED_SWIFT_STANDARD_LIBRARIES = YES;
				BUNDLE_LOADER = "$(TEST_HOST)";
				DEVELOPMENT_TEAM = 5RDFJYUV23;
				INFOPLIST_FILE = ecommerceTests/Info.plist;
				LD_RUNPATH_SEARCH_PATHS = "$(inherited) @executable_path/Frameworks @loader_path/Frameworks";
				PRODUCT_BUNDLE_IDENTIFIER = com.algolia.ecommerceTests;
				PRODUCT_NAME = "$(TARGET_NAME)";
				SWIFT_VERSION = 3.0;
				TEST_HOST = "$(BUILT_PRODUCTS_DIR)/ecommerce.app/ecommerce";
			};
			name = Release;
		};
		E219FACD1E4382B2006D9CFC /* Debug */ = {
			isa = XCBuildConfiguration;
			baseConfigurationReference = 55BF22BD498A60F8914D1E74 /* Pods-ecommerceUITests.debug.xcconfig */;
			buildSettings = {
				ALWAYS_EMBED_SWIFT_STANDARD_LIBRARIES = YES;
				DEVELOPMENT_TEAM = 5RDFJYUV23;
				INFOPLIST_FILE = ecommerceUITests/Info.plist;
				LD_RUNPATH_SEARCH_PATHS = "$(inherited) @executable_path/Frameworks @loader_path/Frameworks";
				PRODUCT_BUNDLE_IDENTIFIER = com.algolia.ecommerceUITests;
				PRODUCT_NAME = "$(TARGET_NAME)";
				SWIFT_VERSION = 3.0;
				TEST_TARGET_NAME = ecommerce;
			};
			name = Debug;
		};
		E219FACE1E4382B2006D9CFC /* Release */ = {
			isa = XCBuildConfiguration;
			baseConfigurationReference = E3C12E07E23E9A50BC9A32ED /* Pods-ecommerceUITests.release.xcconfig */;
			buildSettings = {
				ALWAYS_EMBED_SWIFT_STANDARD_LIBRARIES = YES;
				DEVELOPMENT_TEAM = 5RDFJYUV23;
				INFOPLIST_FILE = ecommerceUITests/Info.plist;
				LD_RUNPATH_SEARCH_PATHS = "$(inherited) @executable_path/Frameworks @loader_path/Frameworks";
				PRODUCT_BUNDLE_IDENTIFIER = com.algolia.ecommerceUITests;
				PRODUCT_NAME = "$(TARGET_NAME)";
				SWIFT_VERSION = 3.0;
				TEST_TARGET_NAME = ecommerce;
			};
			name = Release;
		};
/* End XCBuildConfiguration section */

/* Begin XCConfigurationList section */
		E219FA991E4382B2006D9CFC /* Build configuration list for PBXProject "ecommerce" */ = {
			isa = XCConfigurationList;
			buildConfigurations = (
				E219FAC41E4382B2006D9CFC /* Debug */,
				E219FAC51E4382B2006D9CFC /* Release */,
			);
			defaultConfigurationIsVisible = 0;
			defaultConfigurationName = Release;
		};
		E219FAC61E4382B2006D9CFC /* Build configuration list for PBXNativeTarget "ecommerce" */ = {
			isa = XCConfigurationList;
			buildConfigurations = (
				E219FAC71E4382B2006D9CFC /* Debug */,
				E219FAC81E4382B2006D9CFC /* Release */,
			);
			defaultConfigurationIsVisible = 0;
			defaultConfigurationName = Release;
		};
		E219FAC91E4382B2006D9CFC /* Build configuration list for PBXNativeTarget "ecommerceTests" */ = {
			isa = XCConfigurationList;
			buildConfigurations = (
				E219FACA1E4382B2006D9CFC /* Debug */,
				E219FACB1E4382B2006D9CFC /* Release */,
			);
			defaultConfigurationIsVisible = 0;
			defaultConfigurationName = Release;
		};
		E219FACC1E4382B2006D9CFC /* Build configuration list for PBXNativeTarget "ecommerceUITests" */ = {
			isa = XCConfigurationList;
			buildConfigurations = (
				E219FACD1E4382B2006D9CFC /* Debug */,
				E219FACE1E4382B2006D9CFC /* Release */,
			);
			defaultConfigurationIsVisible = 0;
			defaultConfigurationName = Release;
		};
/* End XCConfigurationList section */
	};
	rootObject = E219FA961E4382B1006D9CFC /* Project object */;
}
