// !$*UTF8*$!
{
	archiveVersion = 1;
	classes = {
	};
	objectVersion = 48;
	objects = {

/* Begin PBXBuildFile section */
		2443D8F0C451B2DF267BD861 /* Pods_Query_Suggestions.framework in Frameworks */ = {isa = PBXBuildFile; fileRef = 8D9A1723EEC92F7610DFC8B3 /* Pods_Query_Suggestions.framework */; };
		E25F5CF11FD18761002C8A8D /* AppDelegate.swift in Sources */ = {isa = PBXBuildFile; fileRef = E25F5CF01FD18761002C8A8D /* AppDelegate.swift */; };
		E25F5CF31FD18761002C8A8D /* ViewController.swift in Sources */ = {isa = PBXBuildFile; fileRef = E25F5CF21FD18761002C8A8D /* ViewController.swift */; };
		E25F5CF61FD18761002C8A8D /* Main.storyboard in Resources */ = {isa = PBXBuildFile; fileRef = E25F5CF41FD18761002C8A8D /* Main.storyboard */; };
		E25F5CF81FD18761002C8A8D /* Assets.xcassets in Resources */ = {isa = PBXBuildFile; fileRef = E25F5CF71FD18761002C8A8D /* Assets.xcassets */; };
		E25F5CFB1FD18761002C8A8D /* LaunchScreen.storyboard in Resources */ = {isa = PBXBuildFile; fileRef = E25F5CF91FD18761002C8A8D /* LaunchScreen.storyboard */; };
/* End PBXBuildFile section */

/* Begin PBXFileReference section */
		3FC8638126BBDA2131749BDC /* Pods-Query Suggestions.debug.xcconfig */ = {isa = PBXFileReference; includeInIndex = 1; lastKnownFileType = text.xcconfig; name = "Pods-Query Suggestions.debug.xcconfig"; path = "Pods/Target Support Files/Pods-Query Suggestions/Pods-Query Suggestions.debug.xcconfig"; sourceTree = "<group>"; };
		6ABBFA1F7A77378D45603CC9 /* Pods-Query Suggestions.release.xcconfig */ = {isa = PBXFileReference; includeInIndex = 1; lastKnownFileType = text.xcconfig; name = "Pods-Query Suggestions.release.xcconfig"; path = "Pods/Target Support Files/Pods-Query Suggestions/Pods-Query Suggestions.release.xcconfig"; sourceTree = "<group>"; };
		8D9A1723EEC92F7610DFC8B3 /* Pods_Query_Suggestions.framework */ = {isa = PBXFileReference; explicitFileType = wrapper.framework; includeInIndex = 0; path = Pods_Query_Suggestions.framework; sourceTree = BUILT_PRODUCTS_DIR; };
		E25F5CED1FD18761002C8A8D /* Query Suggestions.app */ = {isa = PBXFileReference; explicitFileType = wrapper.application; includeInIndex = 0; path = "Query Suggestions.app"; sourceTree = BUILT_PRODUCTS_DIR; };
		E25F5CF01FD18761002C8A8D /* AppDelegate.swift */ = {isa = PBXFileReference; lastKnownFileType = sourcecode.swift; path = AppDelegate.swift; sourceTree = "<group>"; };
		E25F5CF21FD18761002C8A8D /* ViewController.swift */ = {isa = PBXFileReference; lastKnownFileType = sourcecode.swift; path = ViewController.swift; sourceTree = "<group>"; };
		E25F5CF51FD18761002C8A8D /* Base */ = {isa = PBXFileReference; lastKnownFileType = file.storyboard; name = Base; path = Base.lproj/Main.storyboard; sourceTree = "<group>"; };
		E25F5CF71FD18761002C8A8D /* Assets.xcassets */ = {isa = PBXFileReference; lastKnownFileType = folder.assetcatalog; path = Assets.xcassets; sourceTree = "<group>"; };
		E25F5CFA1FD18761002C8A8D /* Base */ = {isa = PBXFileReference; lastKnownFileType = file.storyboard; name = Base; path = Base.lproj/LaunchScreen.storyboard; sourceTree = "<group>"; };
		E25F5CFC1FD18761002C8A8D /* Info.plist */ = {isa = PBXFileReference; lastKnownFileType = text.plist.xml; path = Info.plist; sourceTree = "<group>"; };
/* End PBXFileReference section */

/* Begin PBXFrameworksBuildPhase section */
		E25F5CEA1FD18761002C8A8D /* Frameworks */ = {
			isa = PBXFrameworksBuildPhase;
			buildActionMask = 2147483647;
			files = (
				2443D8F0C451B2DF267BD861 /* Pods_Query_Suggestions.framework in Frameworks */,
			);
			runOnlyForDeploymentPostprocessing = 0;
		};
/* End PBXFrameworksBuildPhase section */

/* Begin PBXGroup section */
		094057DCCFBD5BC50DB0B192 /* Pods */ = {
			isa = PBXGroup;
			children = (
				3FC8638126BBDA2131749BDC /* Pods-Query Suggestions.debug.xcconfig */,
				6ABBFA1F7A77378D45603CC9 /* Pods-Query Suggestions.release.xcconfig */,
			);
			name = Pods;
			sourceTree = "<group>";
		};
		BA8B72B61094B129A856FAB6 /* Frameworks */ = {
			isa = PBXGroup;
			children = (
				8D9A1723EEC92F7610DFC8B3 /* Pods_Query_Suggestions.framework */,
			);
			name = Frameworks;
			sourceTree = "<group>";
		};
		E25F5CE41FD18760002C8A8D = {
			isa = PBXGroup;
			children = (
				E25F5CEF1FD18761002C8A8D /* Query Suggestions */,
				E25F5CEE1FD18761002C8A8D /* Products */,
				094057DCCFBD5BC50DB0B192 /* Pods */,
				BA8B72B61094B129A856FAB6 /* Frameworks */,
			);
			sourceTree = "<group>";
		};
		E25F5CEE1FD18761002C8A8D /* Products */ = {
			isa = PBXGroup;
			children = (
				E25F5CED1FD18761002C8A8D /* Query Suggestions.app */,
			);
			name = Products;
			sourceTree = "<group>";
		};
		E25F5CEF1FD18761002C8A8D /* Query Suggestions */ = {
			isa = PBXGroup;
			children = (
				E25F5CF01FD18761002C8A8D /* AppDelegate.swift */,
				E25F5CF21FD18761002C8A8D /* ViewController.swift */,
				E25F5CF41FD18761002C8A8D /* Main.storyboard */,
				E25F5CF71FD18761002C8A8D /* Assets.xcassets */,
				E25F5CF91FD18761002C8A8D /* LaunchScreen.storyboard */,
				E25F5CFC1FD18761002C8A8D /* Info.plist */,
			);
			path = "Query Suggestions";
			sourceTree = "<group>";
		};
/* End PBXGroup section */

/* Begin PBXNativeTarget section */
		E25F5CEC1FD18761002C8A8D /* Query Suggestions */ = {
			isa = PBXNativeTarget;
			buildConfigurationList = E25F5CFF1FD18761002C8A8D /* Build configuration list for PBXNativeTarget "Query Suggestions" */;
			buildPhases = (
				FA473EABEF52DCE0C5F2C755 /* [CP] Check Pods Manifest.lock */,
				E25F5CE91FD18761002C8A8D /* Sources */,
				E25F5CEA1FD18761002C8A8D /* Frameworks */,
				E25F5CEB1FD18761002C8A8D /* Resources */,
				54E6AA723013ECEC39DE48D5 /* [CP] Embed Pods Frameworks */,
				A20E53C4E2493D8A5F27D82A /* [CP] Copy Pods Resources */,
			);
			buildRules = (
			);
			dependencies = (
			);
			name = "Query Suggestions";
			productName = "Query Suggestions";
			productReference = E25F5CED1FD18761002C8A8D /* Query Suggestions.app */;
			productType = "com.apple.product-type.application";
		};
/* End PBXNativeTarget section */

/* Begin PBXProject section */
		E25F5CE51FD18761002C8A8D /* Project object */ = {
			isa = PBXProject;
			attributes = {
				LastSwiftUpdateCheck = 0910;
				LastUpgradeCheck = 0910;
				ORGANIZATIONNAME = Algolia;
				TargetAttributes = {
					E25F5CEC1FD18761002C8A8D = {
						CreatedOnToolsVersion = 9.1;
						ProvisioningStyle = Automatic;
					};
				};
			};
			buildConfigurationList = E25F5CE81FD18761002C8A8D /* Build configuration list for PBXProject "Query Suggestions" */;
			compatibilityVersion = "Xcode 8.0";
			developmentRegion = en;
			hasScannedForEncodings = 0;
			knownRegions = (
				en,
				Base,
			);
			mainGroup = E25F5CE41FD18760002C8A8D;
			productRefGroup = E25F5CEE1FD18761002C8A8D /* Products */;
			projectDirPath = "";
			projectRoot = "";
			targets = (
				E25F5CEC1FD18761002C8A8D /* Query Suggestions */,
			);
		};
/* End PBXProject section */

/* Begin PBXResourcesBuildPhase section */
		E25F5CEB1FD18761002C8A8D /* Resources */ = {
			isa = PBXResourcesBuildPhase;
			buildActionMask = 2147483647;
			files = (
				E25F5CFB1FD18761002C8A8D /* LaunchScreen.storyboard in Resources */,
				E25F5CF81FD18761002C8A8D /* Assets.xcassets in Resources */,
				E25F5CF61FD18761002C8A8D /* Main.storyboard in Resources */,
			);
			runOnlyForDeploymentPostprocessing = 0;
		};
/* End PBXResourcesBuildPhase section */

/* Begin PBXShellScriptBuildPhase section */
		54E6AA723013ECEC39DE48D5 /* [CP] Embed Pods Frameworks */ = {
			isa = PBXShellScriptBuildPhase;
			buildActionMask = 2147483647;
			files = (
			);
			inputPaths = (
				"${SRCROOT}/Pods/Target Support Files/Pods-Query Suggestions/Pods-Query Suggestions-frameworks.sh",
				"${BUILT_PRODUCTS_DIR}/AFNetworking/AFNetworking.framework",
				"${BUILT_PRODUCTS_DIR}/AlgoliaSearch-Client-Swift/AlgoliaSearch.framework",
				"${BUILT_PRODUCTS_DIR}/InstantSearch-Core-Swift/InstantSearchCore.framework",
				"${BUILT_PRODUCTS_DIR}/InstantSearch-iOS/InstantSearch.framework",
			);
			name = "[CP] Embed Pods Frameworks";
			outputPaths = (
				"${TARGET_BUILD_DIR}/${FRAMEWORKS_FOLDER_PATH}/AFNetworking.framework",
				"${TARGET_BUILD_DIR}/${FRAMEWORKS_FOLDER_PATH}/AlgoliaSearch.framework",
				"${TARGET_BUILD_DIR}/${FRAMEWORKS_FOLDER_PATH}/InstantSearchCore.framework",
				"${TARGET_BUILD_DIR}/${FRAMEWORKS_FOLDER_PATH}/InstantSearch.framework",
			);
			runOnlyForDeploymentPostprocessing = 0;
			shellPath = /bin/sh;
			shellScript = "\"${SRCROOT}/Pods/Target Support Files/Pods-Query Suggestions/Pods-Query Suggestions-frameworks.sh\"\n";
			showEnvVarsInLog = 0;
		};
		A20E53C4E2493D8A5F27D82A /* [CP] Copy Pods Resources */ = {
			isa = PBXShellScriptBuildPhase;
			buildActionMask = 2147483647;
			files = (
			);
			inputPaths = (
			);
			name = "[CP] Copy Pods Resources";
			outputPaths = (
			);
			runOnlyForDeploymentPostprocessing = 0;
			shellPath = /bin/sh;
			shellScript = "\"${SRCROOT}/Pods/Target Support Files/Pods-Query Suggestions/Pods-Query Suggestions-resources.sh\"\n";
			showEnvVarsInLog = 0;
		};
		FA473EABEF52DCE0C5F2C755 /* [CP] Check Pods Manifest.lock */ = {
			isa = PBXShellScriptBuildPhase;
			buildActionMask = 2147483647;
			files = (
			);
			inputPaths = (
				"${PODS_PODFILE_DIR_PATH}/Podfile.lock",
				"${PODS_ROOT}/Manifest.lock",
			);
			name = "[CP] Check Pods Manifest.lock";
			outputPaths = (
				"$(DERIVED_FILE_DIR)/Pods-Query Suggestions-checkManifestLockResult.txt",
			);
			runOnlyForDeploymentPostprocessing = 0;
			shellPath = /bin/sh;
			shellScript = "diff \"${PODS_PODFILE_DIR_PATH}/Podfile.lock\" \"${PODS_ROOT}/Manifest.lock\" > /dev/null\nif [ $? != 0 ] ; then\n    # print error to STDERR\n    echo \"error: The sandbox is not in sync with the Podfile.lock. Run 'pod install' or update your CocoaPods installation.\" >&2\n    exit 1\nfi\n# This output is used by Xcode 'outputs' to avoid re-running this script phase.\necho \"SUCCESS\" > \"${SCRIPT_OUTPUT_FILE_0}\"\n";
			showEnvVarsInLog = 0;
		};
/* End PBXShellScriptBuildPhase section */

/* Begin PBXSourcesBuildPhase section */
		E25F5CE91FD18761002C8A8D /* Sources */ = {
			isa = PBXSourcesBuildPhase;
			buildActionMask = 2147483647;
			files = (
				E25F5CF31FD18761002C8A8D /* ViewController.swift in Sources */,
				E25F5CF11FD18761002C8A8D /* AppDelegate.swift in Sources */,
			);
			runOnlyForDeploymentPostprocessing = 0;
		};
/* End PBXSourcesBuildPhase section */

/* Begin PBXVariantGroup section */
		E25F5CF41FD18761002C8A8D /* Main.storyboard */ = {
			isa = PBXVariantGroup;
			children = (
				E25F5CF51FD18761002C8A8D /* Base */,
			);
			name = Main.storyboard;
			sourceTree = "<group>";
		};
		E25F5CF91FD18761002C8A8D /* LaunchScreen.storyboard */ = {
			isa = PBXVariantGroup;
			children = (
				E25F5CFA1FD18761002C8A8D /* Base */,
			);
			name = LaunchScreen.storyboard;
			sourceTree = "<group>";
		};
/* End PBXVariantGroup section */

/* Begin XCBuildConfiguration section */
		E25F5CFD1FD18761002C8A8D /* Debug */ = {
			isa = XCBuildConfiguration;
			buildSettings = {
				ALWAYS_SEARCH_USER_PATHS = NO;
				CLANG_ANALYZER_NONNULL = YES;
				CLANG_ANALYZER_NUMBER_OBJECT_CONVERSION = YES_AGGRESSIVE;
				CLANG_CXX_LANGUAGE_STANDARD = "gnu++14";
				CLANG_CXX_LIBRARY = "libc++";
				CLANG_ENABLE_MODULES = YES;
				CLANG_ENABLE_OBJC_ARC = YES;
				CLANG_WARN_BLOCK_CAPTURE_AUTORELEASING = YES;
				CLANG_WARN_BOOL_CONVERSION = YES;
				CLANG_WARN_COMMA = YES;
				CLANG_WARN_CONSTANT_CONVERSION = YES;
				CLANG_WARN_DIRECT_OBJC_ISA_USAGE = YES_ERROR;
				CLANG_WARN_DOCUMENTATION_COMMENTS = YES;
				CLANG_WARN_EMPTY_BODY = YES;
				CLANG_WARN_ENUM_CONVERSION = YES;
				CLANG_WARN_INFINITE_RECURSION = YES;
				CLANG_WARN_INT_CONVERSION = YES;
				CLANG_WARN_NON_LITERAL_NULL_CONVERSION = YES;
				CLANG_WARN_OBJC_LITERAL_CONVERSION = YES;
				CLANG_WARN_OBJC_ROOT_CLASS = YES_ERROR;
				CLANG_WARN_RANGE_LOOP_ANALYSIS = YES;
				CLANG_WARN_STRICT_PROTOTYPES = YES;
				CLANG_WARN_SUSPICIOUS_MOVE = YES;
				CLANG_WARN_UNGUARDED_AVAILABILITY = YES_AGGRESSIVE;
				CLANG_WARN_UNREACHABLE_CODE = YES;
				CLANG_WARN__DUPLICATE_METHOD_MATCH = YES;
				CODE_SIGN_IDENTITY = "iPhone Developer";
				COPY_PHASE_STRIP = NO;
				DEBUG_INFORMATION_FORMAT = dwarf;
				ENABLE_STRICT_OBJC_MSGSEND = YES;
				ENABLE_TESTABILITY = YES;
				GCC_C_LANGUAGE_STANDARD = gnu11;
				GCC_DYNAMIC_NO_PIC = NO;
				GCC_NO_COMMON_BLOCKS = YES;
				GCC_OPTIMIZATION_LEVEL = 0;
				GCC_PREPROCESSOR_DEFINITIONS = (
					"DEBUG=1",
					"$(inherited)",
				);
				GCC_WARN_64_TO_32_BIT_CONVERSION = YES;
				GCC_WARN_ABOUT_RETURN_TYPE = YES_ERROR;
				GCC_WARN_UNDECLARED_SELECTOR = YES;
				GCC_WARN_UNINITIALIZED_AUTOS = YES_AGGRESSIVE;
				GCC_WARN_UNUSED_FUNCTION = YES;
				GCC_WARN_UNUSED_VARIABLE = YES;
				IPHONEOS_DEPLOYMENT_TARGET = 11.1;
				MTL_ENABLE_DEBUG_INFO = YES;
				ONLY_ACTIVE_ARCH = YES;
				SDKROOT = iphoneos;
				SWIFT_ACTIVE_COMPILATION_CONDITIONS = DEBUG;
				SWIFT_OPTIMIZATION_LEVEL = "-Onone";
			};
			name = Debug;
		};
		E25F5CFE1FD18761002C8A8D /* Release */ = {
			isa = XCBuildConfiguration;
			buildSettings = {
				ALWAYS_SEARCH_USER_PATHS = NO;
				CLANG_ANALYZER_NONNULL = YES;
				CLANG_ANALYZER_NUMBER_OBJECT_CONVERSION = YES_AGGRESSIVE;
				CLANG_CXX_LANGUAGE_STANDARD = "gnu++14";
				CLANG_CXX_LIBRARY = "libc++";
				CLANG_ENABLE_MODULES = YES;
				CLANG_ENABLE_OBJC_ARC = YES;
				CLANG_WARN_BLOCK_CAPTURE_AUTORELEASING = YES;
				CLANG_WARN_BOOL_CONVERSION = YES;
				CLANG_WARN_COMMA = YES;
				CLANG_WARN_CONSTANT_CONVERSION = YES;
				CLANG_WARN_DIRECT_OBJC_ISA_USAGE = YES_ERROR;
				CLANG_WARN_DOCUMENTATION_COMMENTS = YES;
				CLANG_WARN_EMPTY_BODY = YES;
				CLANG_WARN_ENUM_CONVERSION = YES;
				CLANG_WARN_INFINITE_RECURSION = YES;
				CLANG_WARN_INT_CONVERSION = YES;
				CLANG_WARN_NON_LITERAL_NULL_CONVERSION = YES;
				CLANG_WARN_OBJC_LITERAL_CONVERSION = YES;
				CLANG_WARN_OBJC_ROOT_CLASS = YES_ERROR;
				CLANG_WARN_RANGE_LOOP_ANALYSIS = YES;
				CLANG_WARN_STRICT_PROTOTYPES = YES;
				CLANG_WARN_SUSPICIOUS_MOVE = YES;
				CLANG_WARN_UNGUARDED_AVAILABILITY = YES_AGGRESSIVE;
				CLANG_WARN_UNREACHABLE_CODE = YES;
				CLANG_WARN__DUPLICATE_METHOD_MATCH = YES;
				CODE_SIGN_IDENTITY = "iPhone Developer";
				COPY_PHASE_STRIP = NO;
				DEBUG_INFORMATION_FORMAT = "dwarf-with-dsym";
				ENABLE_NS_ASSERTIONS = NO;
				ENABLE_STRICT_OBJC_MSGSEND = YES;
				GCC_C_LANGUAGE_STANDARD = gnu11;
				GCC_NO_COMMON_BLOCKS = YES;
				GCC_WARN_64_TO_32_BIT_CONVERSION = YES;
				GCC_WARN_ABOUT_RETURN_TYPE = YES_ERROR;
				GCC_WARN_UNDECLARED_SELECTOR = YES;
				GCC_WARN_UNINITIALIZED_AUTOS = YES_AGGRESSIVE;
				GCC_WARN_UNUSED_FUNCTION = YES;
				GCC_WARN_UNUSED_VARIABLE = YES;
				IPHONEOS_DEPLOYMENT_TARGET = 11.1;
				MTL_ENABLE_DEBUG_INFO = NO;
				SDKROOT = iphoneos;
				SWIFT_OPTIMIZATION_LEVEL = "-Owholemodule";
				VALIDATE_PRODUCT = YES;
			};
			name = Release;
		};
		E25F5D001FD18761002C8A8D /* Debug */ = {
			isa = XCBuildConfiguration;
			baseConfigurationReference = 3FC8638126BBDA2131749BDC /* Pods-Query Suggestions.debug.xcconfig */;
			buildSettings = {
				ASSETCATALOG_COMPILER_APPICON_NAME = AppIcon;
				CODE_SIGN_STYLE = Automatic;
				DEVELOPMENT_TEAM = 5RDFJYUV23;
				INFOPLIST_FILE = "Query Suggestions/Info.plist";
				LD_RUNPATH_SEARCH_PATHS = "$(inherited) @executable_path/Frameworks";
				PRODUCT_BUNDLE_IDENTIFIER = "com.algolia.Query-Suggestions";
				PRODUCT_NAME = "$(TARGET_NAME)";
				SWIFT_VERSION = 4.0;
				TARGETED_DEVICE_FAMILY = "1,2";
			};
			name = Debug;
		};
		E25F5D011FD18761002C8A8D /* Release */ = {
			isa = XCBuildConfiguration;
			baseConfigurationReference = 6ABBFA1F7A77378D45603CC9 /* Pods-Query Suggestions.release.xcconfig */;
			buildSettings = {
				ASSETCATALOG_COMPILER_APPICON_NAME = AppIcon;
				CODE_SIGN_STYLE = Automatic;
				DEVELOPMENT_TEAM = 5RDFJYUV23;
				INFOPLIST_FILE = "Query Suggestions/Info.plist";
				LD_RUNPATH_SEARCH_PATHS = "$(inherited) @executable_path/Frameworks";
				PRODUCT_BUNDLE_IDENTIFIER = "com.algolia.Query-Suggestions";
				PRODUCT_NAME = "$(TARGET_NAME)";
				SWIFT_VERSION = 4.0;
				TARGETED_DEVICE_FAMILY = "1,2";
			};
			name = Release;
		};
/* End XCBuildConfiguration section */

/* Begin XCConfigurationList section */
		E25F5CE81FD18761002C8A8D /* Build configuration list for PBXProject "Query Suggestions" */ = {
			isa = XCConfigurationList;
			buildConfigurations = (
				E25F5CFD1FD18761002C8A8D /* Debug */,
				E25F5CFE1FD18761002C8A8D /* Release */,
			);
			defaultConfigurationIsVisible = 0;
			defaultConfigurationName = Release;
		};
		E25F5CFF1FD18761002C8A8D /* Build configuration list for PBXNativeTarget "Query Suggestions" */ = {
			isa = XCConfigurationList;
			buildConfigurations = (
				E25F5D001FD18761002C8A8D /* Debug */,
				E25F5D011FD18761002C8A8D /* Release */,
			);
			defaultConfigurationIsVisible = 0;
			defaultConfigurationName = Release;
		};
/* End XCConfigurationList section */
	};
	rootObject = E25F5CE51FD18761002C8A8D /* Project object */;
}
